version = 1
revision = 1
requires-python = ">=3.13"

[[package]]
name = "bfd-mgmt-mount-certstores"
version = "1.0.0"
source = { virtual = "." }
dependencies = [
    { name = "boto3" },
    { name = "click" },
]

[package.dev-dependencies]
dev = [
    { name = "boto3-stubs", extra = ["s3", "ssm"] },
    { name = "ruff" },
    { name = "uv" },
]

[package.metadata]
requires-dist = [
    { name = "boto3" },
    { name = "click" },
]

[package.metadata.requires-dev]
dev = [
    { name = "boto3-stubs", extras = ["s3", "ssm"] },
    { name = "ruff" },
    { name = "uv" },
]

[[package]]
name = "boto3"
version = "1.37.12"
source = { registry = "https://pypi.org/simple" }
dependencies = [
    { name = "botocore" },
    { name = "jmespath" },
    { name = "s3transfer" },
]
sdist = { url = "https://files.pythonhosted.org/packages/39/36/03f64be665ae27d149ade9fe1ec5d4c83101fb26865d1246c81b6a399882/boto3-1.37.12.tar.gz", hash = "sha256:9412d404f103ad6d14f033eb29cd5e0cdca2b9b08cbfa9d4dabd1d7be2de2625", size = 111402 }
wheels = [
    { url = "https://files.pythonhosted.org/packages/ce/1c/edfd0b54395849c57fdb21f1db697d05c04d0c4b957111130e03e74d2807/boto3-1.37.12-py3-none-any.whl", hash = "sha256:516feaa0d2afaeda1515216fd09291368a1215754bbccb0f28414c0a91a830a2", size = 139551 },
]

[[package]]
name = "boto3-stubs"
version = "1.37.12"
source = { registry = "https://pypi.org/simple" }
dependencies = [
    { name = "botocore-stubs" },
    { name = "types-s3transfer" },
]
sdist = { url = "https://files.pythonhosted.org/packages/35/3b/d99ca10af6cf7d88052bf75b398847dd50eb1603ad73ccfb5a647a15af6d/boto3_stubs-1.37.12.tar.gz", hash = "sha256:3c7974a3c8ad464334d7e6f5a092b9308cb82f23683d2e259c1d8a7dad271c17", size = 98884 }
wheels = [
    { url = "https://files.pythonhosted.org/packages/f0/4e/f1224295fc79992d8b0294562ee8bada38655381686ec4c1bede69de9bf0/boto3_stubs-1.37.12-py3-none-any.whl", hash = "sha256:ce91fcd2845b15293864f77ae77cdaadd67b2cf0de4dffbba84f75eec8f96150", size = 68405 },
]

[package.optional-dependencies]
s3 = [
    { name = "mypy-boto3-s3" },
]
ssm = [
    { name = "mypy-boto3-ssm" },
]

[[package]]
name = "botocore"
version = "1.37.12"
source = { registry = "https://pypi.org/simple" }
dependencies = [
    { name = "jmespath" },
    { name = "python-dateutil" },
    { name = "urllib3" },
]
sdist = { url = "https://files.pythonhosted.org/packages/f1/12/7e685d2f32f646ddcde297c18c52122a5c8676105cb876b6702e515857ad/botocore-1.37.12.tar.gz", hash = "sha256:ae2d5328ce6ad02eb615270507235a6e90fd3eeed615a6c0732b5a68b12f2017", size = 13648734 }
wheels = [
    { url = "https://files.pythonhosted.org/packages/f4/45/7db93d9b0b2d9060684af08d8fba1245b47fed41d7ed8c3d9f5c7efbe261/botocore-1.37.12-py3-none-any.whl", hash = "sha256:ba1948c883bbabe20d95ff62c3e36954c9269686f7db9361857835677ca3e676", size = 13410913 },
]

[[package]]
name = "botocore-stubs"
version = "1.37.12"
source = { registry = "https://pypi.org/simple" }
dependencies = [
    { name = "types-awscrt" },
]
sdist = { url = "https://files.pythonhosted.org/packages/80/ea/43a35be457d8691ad6cbecb66392ea8602e590a28f1f353534636f4d5ced/botocore_stubs-1.37.12.tar.gz", hash = "sha256:db834e6c5f0043a7dcb39f2c5f12c7434a835c477d91aa20bc2ce7fac588dadb", size = 42107 }
wheels = [
    { url = "https://files.pythonhosted.org/packages/57/67/e4e93a33ab03554e424a97dfe884cde3062825096e7d7929f06594ff3d5e/botocore_stubs-1.37.12-py3-none-any.whl", hash = "sha256:474ed3dd1e07e60da16b5be229d5f61fe3563eb7d815ff29e58a0e855623e195", size = 65384 },
]

[[package]]
name = "click"
version = "8.1.8"
source = { registry = "https://pypi.org/simple" }
dependencies = [
    { name = "colorama", marker = "sys_platform == 'win32'" },
]
sdist = { url = "https://files.pythonhosted.org/packages/b9/2e/0090cbf739cee7d23781ad4b89a9894a41538e4fcf4c31dcdd705b78eb8b/click-8.1.8.tar.gz", hash = "sha256:ed53c9d8990d83c2a27deae68e4ee337473f6330c040a31d4225c9574d16096a", size = 226593 }
wheels = [
    { url = "https://files.pythonhosted.org/packages/7e/d4/7ebdbd03970677812aac39c869717059dbb71a4cfc033ca6e5221787892c/click-8.1.8-py3-none-any.whl", hash = "sha256:63c132bbbed01578a06712a2d1f497bb62d9c1c0d329b7903a866228027263b2", size = 98188 },
]

[[package]]
name = "colorama"
version = "0.4.6"
source = { registry = "https://pypi.org/simple" }
sdist = { url = "https://files.pythonhosted.org/packages/d8/53/6f443c9a4a8358a93a6792e2acffb9d9d5cb0a5cfd8802644b7b1c9a02e4/colorama-0.4.6.tar.gz", hash = "sha256:08695f5cb7ed6e0531a20572697297273c47b8cae5a63ffc6d6ed5c201be6e44", size = 27697 }
wheels = [
    { url = "https://files.pythonhosted.org/packages/d1/d6/3965ed04c63042e047cb6a3e6ed1a63a35087b6a609aa3a15ed8ac56c221/colorama-0.4.6-py2.py3-none-any.whl", hash = "sha256:4f1d9991f5acc0ca119f9d443620b77f9d6b33703e51011c16baf57afb285fc6", size = 25335 },
]

[[package]]
name = "jmespath"
version = "1.0.1"
source = { registry = "https://pypi.org/simple" }
sdist = { url = "https://files.pythonhosted.org/packages/00/2a/e867e8531cf3e36b41201936b7fa7ba7b5702dbef42922193f05c8976cd6/jmespath-1.0.1.tar.gz", hash = "sha256:90261b206d6defd58fdd5e85f478bf633a2901798906be2ad389150c5c60edbe", size = 25843 }
wheels = [
    { url = "https://files.pythonhosted.org/packages/31/b4/b9b800c45527aadd64d5b442f9b932b00648617eb5d63d2c7a6587b7cafc/jmespath-1.0.1-py3-none-any.whl", hash = "sha256:02e2e4cc71b5bcab88332eebf907519190dd9e6e82107fa7f83b1003a6252980", size = 20256 },
]

[[package]]
name = "mypy-boto3-s3"
version = "1.37.0"
source = { registry = "https://pypi.org/simple" }
sdist = { url = "https://files.pythonhosted.org/packages/e9/51/14726c0bef944a8a6833bf1aae1c78f60868ffb4461869b387c0648bc325/mypy_boto3_s3-1.37.0.tar.gz", hash = "sha256:bc6ec4cbbd8e0206143d9b1f24927e086a2467a2c6a641feb978599d75954e82", size = 73697 }
wheels = [
    { url = "https://files.pythonhosted.org/packages/4e/04/98084554f04a4c733cbe737b9c0a5fc06c33be1704c7acbfc620aae2af37/mypy_boto3_s3-1.37.0-py3-none-any.whl", hash = "sha256:d2b702649d7ebb2bd2b8f574fd51b35fc2a2ec4a8efb590db5eb0d0d9f74be6f", size = 80244 },
]

[[package]]
name = "mypy-boto3-ssm"
version = "1.37.4"
source = { registry = "https://pypi.org/simple" }
sdist = { url = "https://files.pythonhosted.org/packages/31/58/db8eea8b9ec7a9cd58dba6fda4406c188caf3e03860919012f889d8f7b6c/mypy_boto3_ssm-1.37.4.tar.gz", hash = "sha256:7e7869788aa4db85171278990a115a76425b2de6db28074a1f166b946ecca522", size = 93428 }
wheels = [
    { url = "https://files.pythonhosted.org/packages/a9/49/a0d6c80a635c2cd2efcb4fa98261dfc44025942eaee5c2e56781a9b512d9/mypy_boto3_ssm-1.37.4-py3-none-any.whl", hash = "sha256:db8097b631ccba425a5bc65c189f2e2933ac908671e4d436195c75f22305cab6", size = 94789 },
]

[[package]]
name = "python-dateutil"
version = "2.9.0.post0"
source = { registry = "https://pypi.org/simple" }
dependencies = [
    { name = "six" },
]
sdist = { url = "https://files.pythonhosted.org/packages/66/c0/0c8b6ad9f17a802ee498c46e004a0eb49bc148f2fd230864601a86dcf6db/python-dateutil-2.9.0.post0.tar.gz", hash = "sha256:37dd54208da7e1cd875388217d5e00ebd4179249f90fb72437e91a35459a0ad3", size = 342432 }
wheels = [
    { url = "https://files.pythonhosted.org/packages/ec/57/56b9bcc3c9c6a792fcbaf139543cee77261f3651ca9da0c93f5c1221264b/python_dateutil-2.9.0.post0-py2.py3-none-any.whl", hash = "sha256:a8b2bc7bffae282281c8140a97d3aa9c14da0b136dfe83f850eea9a5f7470427", size = 229892 },
]

[[package]]
name = "ruff"
version = "0.10.0"
source = { registry = "https://pypi.org/simple" }
sdist = { url = "https://files.pythonhosted.org/packages/4c/ec/9c59d2956566517c98ac8267554f4eaceafb2a19710a429368518b7fab43/ruff-0.10.0.tar.gz", hash = "sha256:fa1554e18deaf8aa097dbcfeafaf38b17a2a1e98fdc18f50e62e8a836abee392", size = 3789921 }
wheels = [
    { url = "https://files.pythonhosted.org/packages/bf/3f/742afe91b43def2a75990b293c676355576c0ff9cdbcf4249f78fa592544/ruff-0.10.0-py3-none-linux_armv6l.whl", hash = "sha256:46a2aa0eaae5048e5f804f0be9489d8a661633e23277b7293089e70d5c1a35c4", size = 10078369 },
    { url = "https://files.pythonhosted.org/packages/8d/a0/8696fb4862e82f7b40bbbc2917137594b22826cc62d77278a91391507514/ruff-0.10.0-py3-none-macosx_10_12_x86_64.whl", hash = "sha256:775a6bc61af9dd0a2e1763406522a137e62aabb743d8b43ed95f019cdd1526c7", size = 10876912 },
    { url = "https://files.pythonhosted.org/packages/40/aa/0d48b7b7d7a1f168bb8fd893ed559d633c7d68c4a8ef9b996f0c2bd07aca/ruff-0.10.0-py3-none-macosx_11_0_arm64.whl", hash = "sha256:8b03e6fcd39d20f0004f9956f0ed5eadc404d3a299f9d9286323884e3b663730", size = 10229962 },
    { url = "https://files.pythonhosted.org/packages/21/de/861ced2f75b045d8cfc038d68961d8ac117344df1f43a11abdd05bf7991b/ruff-0.10.0-py3-none-manylinux_2_17_aarch64.manylinux2014_aarch64.whl", hash = "sha256:621101d1af80248827f2409a78c8177c8319986a57b4663613b9c72f8617bfcd", size = 10404627 },
    { url = "https://files.pythonhosted.org/packages/21/69/666e0b840191c3ce433962c0d05fc0f6800afe259ea5d230cc731655d8e2/ruff-0.10.0-py3-none-manylinux_2_17_armv7l.manylinux2014_armv7l.whl", hash = "sha256:e2dfe85cb6bfbd4259801e7d4982f2a72bdbd5749dc73a09d68a6dbf77f2209a", size = 9939383 },
    { url = "https://files.pythonhosted.org/packages/76/bf/34a2adc58092c99cdfa9f1303acd82d840d56412022e477e2ab20c261d2d/ruff-0.10.0-py3-none-manylinux_2_17_i686.manylinux2014_i686.whl", hash = "sha256:43ac3879a20c22fdc57e559f0bb27f0c71828656841d0b42d3505b1e5b3a83c8", size = 11492269 },
    { url = "https://files.pythonhosted.org/packages/31/3d/f7ccfcf69f15948623b190feea9d411d5029ae39725fcc078f8d43bd07a6/ruff-0.10.0-py3-none-manylinux_2_17_ppc64.manylinux2014_ppc64.whl", hash = "sha256:ef5e3aac421bbc62f8a7aab21edd49a359ed42205f7a5091a74386bca1efa293", size = 12186939 },
    { url = "https://files.pythonhosted.org/packages/6e/3e/c557c0abfdea85c7d238a3cb238c73e7b6d17c30a584234c4fd8fe2cafb6/ruff-0.10.0-py3-none-manylinux_2_17_ppc64le.manylinux2014_ppc64le.whl", hash = "sha256:9f4f62d7fac8b748fce67ad308116b4d4cc1a9f964b4804fc5408fbd06e13ba9", size = 11655896 },
    { url = "https://files.pythonhosted.org/packages/3b/8e/3bfa110f37e5192eb3943f14943d05fbb9a76fea380aa87655e6f6276a54/ruff-0.10.0-py3-none-manylinux_2_17_s390x.manylinux2014_s390x.whl", hash = "sha256:02f9f6205c5b0d626f98da01a0e75b724a64c21c554bba24b12522c9e9ba6a04", size = 13885502 },
    { url = "https://files.pythonhosted.org/packages/51/4a/22cdab59b5563dd7f4c504d0f1e6bb25fc800a5a057395bc24f8ff3a85b2/ruff-0.10.0-py3-none-manylinux_2_17_x86_64.manylinux2014_x86_64.whl", hash = "sha256:46a97f3d55f68464c48d1e929a8582c7e5bb80ac73336bbc7b0da894d8e6cd9e", size = 11344767 },
    { url = "https://files.pythonhosted.org/packages/3d/0f/8f85de2ac565f82f47c6d8fb7ae04383e6300560f2d1b91c1268ff91e507/ruff-0.10.0-py3-none-musllinux_1_2_aarch64.whl", hash = "sha256:a0b811197d0dc96c13d610f8cfdc56030b405bcff5c2f10eab187b329da0ca4a", size = 10300331 },
    { url = "https://files.pythonhosted.org/packages/90/4a/b337df327832cb30bd8607e8d1fdf1b6b5ca228307d5008dd49028fb66ae/ruff-0.10.0-py3-none-musllinux_1_2_armv7l.whl", hash = "sha256:a13a3fda0870c1c964b47ff5d73805ae80d2a9de93ee2d185d453b8fddf85a84", size = 9926551 },
    { url = "https://files.pythonhosted.org/packages/d7/e9/141233730b85675ac806c4b62f70516bd9c0aae8a55823f3a6589ed411be/ruff-0.10.0-py3-none-musllinux_1_2_i686.whl", hash = "sha256:6ceb8d9f062e90ddcbad929f6136edf764bbf6411420a07e8357602ea28cd99f", size = 10925061 },
    { url = "https://files.pythonhosted.org/packages/24/09/02987935b55c2d353a226ac1b4f9718830e2e195834929f46c07eeede746/ruff-0.10.0-py3-none-musllinux_1_2_x86_64.whl", hash = "sha256:c41d07d573617ed2f287ea892af2446fd8a8d877481e8e1ba6928e020665d240", size = 11394949 },
    { url = "https://files.pythonhosted.org/packages/d6/ec/054f9879fb6f4122d43ffe5c9f88c8c323a9cd14220d5c813aea5805e02c/ruff-0.10.0-py3-none-win32.whl", hash = "sha256:76e2de0cbdd587e373cd3b4050d2c45babdd7014c1888a6f121c29525c748a15", size = 10272077 },
    { url = "https://files.pythonhosted.org/packages/6e/49/915d8682f24645b904fe6a1aac36101464fc814923fdf293c1388dc5533c/ruff-0.10.0-py3-none-win_amd64.whl", hash = "sha256:f943acdecdcc6786a8d1dad455dd9f94e6d57ccc115be4993f9b52ef8316027a", size = 11393300 },
    { url = "https://files.pythonhosted.org/packages/82/ed/5c59941634c9026ceeccc7c119f23f4356f09aafd28c15c1bc734ac66b01/ruff-0.10.0-py3-none-win_arm64.whl", hash = "sha256:935a943bdbd9ff0685acd80d484ea91088e27617537b5f7ef8907187d19d28d0", size = 10510133 },
]

[[package]]
name = "s3transfer"
version = "0.11.4"
source = { registry = "https://pypi.org/simple" }
dependencies = [
    { name = "botocore" },
]
sdist = { url = "https://files.pythonhosted.org/packages/0f/ec/aa1a215e5c126fe5decbee2e107468f51d9ce190b9763cb649f76bb45938/s3transfer-0.11.4.tar.gz", hash = "sha256:559f161658e1cf0a911f45940552c696735f5c74e64362e515f333ebed87d679", size = 148419 }
wheels = [
    { url = "https://files.pythonhosted.org/packages/86/62/8d3fc3ec6640161a5649b2cddbbf2b9fa39c92541225b33f117c37c5a2eb/s3transfer-0.11.4-py3-none-any.whl", hash = "sha256:ac265fa68318763a03bf2dc4f39d5cbd6a9e178d81cc9483ad27da33637e320d", size = 84412 },
]

[[package]]
name = "six"
version = "1.17.0"
source = { registry = "https://pypi.org/simple" }
sdist = { url = "https://files.pythonhosted.org/packages/94/e7/b2c673351809dca68a0e064b6af791aa332cf192da575fd474ed7d6f16a2/six-1.17.0.tar.gz", hash = "sha256:ff70335d468e7eb6ec65b95b99d3a2836546063f63acc5171de367e834932a81", size = 34031 }
wheels = [
    { url = "https://files.pythonhosted.org/packages/b7/ce/149a00dd41f10bc29e5921b496af8b574d8413afcd5e30dfa0ed46c2cc5e/six-1.17.0-py2.py3-none-any.whl", hash = "sha256:4721f391ed90541fddacab5acf947aa0d3dc7d27b2e1e8eda2be8970586c3274", size = 11050 },
]

[[package]]
name = "types-awscrt"
version = "0.24.1"
source = { registry = "https://pypi.org/simple" }
sdist = { url = "https://files.pythonhosted.org/packages/88/6e/32779b967eee6ef627eaf10f3414163482b3980fc45ba21765fdd05359d4/types_awscrt-0.24.1.tar.gz", hash = "sha256:fc6eae56f8dc5a3f8cc93cc2c7c332fa82909f8284fbe25e014c575757af397d", size = 15450 }
wheels = [
    { url = "https://files.pythonhosted.org/packages/a6/1a/22e327d29fe231a10ed00e35ed2a100d2462cea253c3d24d41162769711a/types_awscrt-0.24.1-py3-none-any.whl", hash = "sha256:f3f2578ff74a254a79882b95961fb493ba217cebc350b3eb239d1cd948d4d7fa", size = 19414 },
]

[[package]]
name = "types-s3transfer"
version = "0.11.4"
source = { registry = "https://pypi.org/simple" }
sdist = { url = "https://files.pythonhosted.org/packages/93/a9/440d8ba72a81bcf2cc5a56ef63f23b58ce93e7b9b62409697553bdcdd181/types_s3transfer-0.11.4.tar.gz", hash = "sha256:05fde593c84270f19fd053f0b1e08f5a057d7c5f036b9884e68fb8cd3041ac30", size = 14074 }
wheels = [
    { url = "https://files.pythonhosted.org/packages/d0/69/0b5ae42c3c33d31a32f7dcb9f35a3e327365360a6e4a2a7b491904bd38aa/types_s3transfer-0.11.4-py3-none-any.whl", hash = "sha256:2a76d92c07d4a3cb469e5343b2e7560e0b8078b2e03696a65407b8c44c861b61", size = 19516 },
]

[[package]]
name = "urllib3"
version = "2.3.0"
source = { registry = "https://pypi.org/simple" }
sdist = { url = "https://files.pythonhosted.org/packages/aa/63/e53da845320b757bf29ef6a9062f5c669fe997973f966045cb019c3f4b66/urllib3-2.3.0.tar.gz", hash = "sha256:f8c5449b3cf0861679ce7e0503c7b44b5ec981bec0d1d3795a07f1ba96f0204d", size = 307268 }
wheels = [
    { url = "https://files.pythonhosted.org/packages/c8/19/4ec628951a74043532ca2cf5d97b7b14863931476d117c471e8e2b1eb39f/urllib3-2.3.0-py3-none-any.whl", hash = "sha256:1cee9ad369867bfdbbb48b7dd50374c0967a0bb7710050facf0dd6911440e3df", size = 128369 },
]

[[package]]
name = "uv"
version = "0.6.6"
source = { registry = "https://pypi.org/simple" }
sdist = { url = "https://files.pythonhosted.org/packages/71/c5/6d5a98618437255a70106338a5e3aaf154b18e3ef0e0313bbe79791cd792/uv-0.6.6.tar.gz", hash = "sha256:abf8be1e056f9d36ddda9c3c8c07510f6d4fe61915d4cd797374756f58249c81", size = 3071736 }
wheels = [
    { url = "https://files.pythonhosted.org/packages/59/7a/a01226a4c2282afcab0e518082772cc3f5133c325d428f8e298c1aac7c5a/uv-0.6.6-py3-none-linux_armv6l.whl", hash = "sha256:8a6d2aca8794e72e2e68ebfae06b8697bb0ea8a8d016229109125d364f743b7a", size = 15662414 },
    { url = "https://files.pythonhosted.org/packages/41/13/0258d919d97358516a670c5ca354e0fb6af8bdd2caa3c8e141c55547d426/uv-0.6.6-py3-none-macosx_10_12_x86_64.whl", hash = "sha256:c55f1ebc980bd4a2013999e0a22e2796deb08b56c7815942d74ba23abce8d4fc", size = 15604372 },
    { url = "https://files.pythonhosted.org/packages/5b/81/cbc733571f07d1177f95c4b531756db1fd2e348f2105a0ac93527d5e0d10/uv-0.6.6-py3-none-macosx_11_0_arm64.whl", hash = "sha256:d4b41b3024ca55c17e7dfda1e907249e598379a8202d2a76e05018156a1c0501", size = 14536284 },
    { url = "https://files.pythonhosted.org/packages/e8/23/d29f270e0b6bf8a2af9bef4af4e43f47873373dfd7c7f031b75f50d0596b/uv-0.6.6-py3-none-manylinux_2_17_aarch64.manylinux2014_aarch64.musllinux_1_1_aarch64.whl", hash = "sha256:7f0836ba3d9c979e744a0991b212934877b786541fd5c9ee7eff99a3f8c9dd6a", size = 14971148 },
    { url = "https://files.pythonhosted.org/packages/fc/c9/5c218dafe1135bbbf0ab9174686344554645f8ebe908351079f31c4bfc57/uv-0.6.6-py3-none-manylinux_2_17_armv7l.manylinux2014_armv7l.whl", hash = "sha256:8733355d21e325bb896bd2b7bc37bbcb888097d532ce14265efbb53beaf07ca0", size = 15391689 },
    { url = "https://files.pythonhosted.org/packages/be/6a/e8e363458096e00841d205fbfa502a94e986284111bdd0b5130e952bcb90/uv-0.6.6-py3-none-manylinux_2_17_i686.manylinux2014_i686.whl", hash = "sha256:af832fe366bc6174fe822b968bbeb1bb1f8aeb42418941281a696257a5669bb7", size = 15957340 },
    { url = "https://files.pythonhosted.org/packages/66/88/110b95b9bc8652c24176fdca74cc317f9558dddf6737158d3df65bfb64ab/uv-0.6.6-py3-none-manylinux_2_17_ppc64.manylinux2014_ppc64.whl", hash = "sha256:c05f376f56a925d43304ee02d2915df002497fa1c3f51908252b868704131c32", size = 16898780 },
    { url = "https://files.pythonhosted.org/packages/9d/f5/20793e443af05c4755e8e7ead85b6fd70073204682e34eced190786d33bc/uv-0.6.6-py3-none-manylinux_2_17_ppc64le.manylinux2014_ppc64le.whl", hash = "sha256:f8105a72d6502d5a5fbf404afa1124afe6501878ce6a05caeac29e457cea2785", size = 16628180 },
    { url = "https://files.pythonhosted.org/packages/c7/f9/90ad562eec31c5aa20987964450606d8080c1e0eafb5b303be7cdb1dfd57/uv-0.6.6-py3-none-manylinux_2_17_s390x.manylinux2014_s390x.whl", hash = "sha256:f0f4934dbfff8ea30800aeda5e9336fc2dc06710f3a6216fac783bc63f98fc54", size = 20832699 },
    { url = "https://files.pythonhosted.org/packages/14/65/84399efca40f3abf51958f289b65b5ae9e643817e9ed98defbe4da97efca/uv-0.6.6-py3-none-manylinux_2_17_x86_64.manylinux2014_x86_64.whl", hash = "sha256:fe1f84bced6d373a02d8b960efc3a4b65d63ab19e1fdc4f12a56a483d687f4db", size = 16233044 },
    { url = "https://files.pythonhosted.org/packages/26/5f/c7534ae000a31d4eca939668234ec385abab925b28d1514a6c5f01155384/uv-0.6.6-py3-none-manylinux_2_28_aarch64.whl", hash = "sha256:257b44eb43790c1cde59527f53efd1263528bf791959c94be40c3d32c8ac4e6d", size = 15254345 },
    { url = "https://files.pythonhosted.org/packages/8a/70/9df763ee88b054729118ca4caf5479160d741a2e3303a81f5c447c9b76ff/uv-0.6.6-py3-none-musllinux_1_1_armv7l.whl", hash = "sha256:5a6839ff6cdaa2fc7864ae893d725d04dd914e36fb20f64c6603edc4a17dfe78", size = 15396565 },
    { url = "https://files.pythonhosted.org/packages/15/3d/231379ca356cd3468633d712e099e801b597a06f891f3bb7ec3aed2c071a/uv-0.6.6-py3-none-musllinux_1_1_i686.whl", hash = "sha256:1d62a3fb6fdbb05518e5124950d252033908e8e2dd98e17c63fd9b0aa807da6f", size = 15574407 },
    { url = "https://files.pythonhosted.org/packages/d1/4d/e3a00a5cd318ba6d131c1d566f87cc449b54fc84b9010af0b5bfa252bd36/uv-0.6.6-py3-none-musllinux_1_1_x86_64.whl", hash = "sha256:61f13d8af0aad5b1f9332fee2cd7eeeec5cf93634c5071bbbcf5d338a0920098", size = 16375912 },
    { url = "https://files.pythonhosted.org/packages/77/ef/511a9ac6cd732e5ba581426bd9f9983606511c2e676f696dbd1b7a9c72c0/uv-0.6.6-py3-none-win32.whl", hash = "sha256:419e8cd84db545a0880223fd0a042c063a1412179903797a87f5bd0d1613cdbd", size = 15720370 },
    { url = "https://files.pythonhosted.org/packages/7b/d4/8f2df45ef1cfb645f38e48595532c8406658f702a330f5d002033e84ebfd/uv-0.6.6-py3-none-win_amd64.whl", hash = "sha256:c9802cac1fb9cbff97d1adf2c2516f2f368eea60c7d6a8e3a474f2bca7b44c6c", size = 17110840 },
    { url = "https://files.pythonhosted.org/packages/6b/bc/9cf8ffe31607e32bc1de05edea2c11158b3aa7309cffc8e59ec7409a4988/uv-0.6.6-py3-none-win_arm64.whl", hash = "sha256:b804a7f8f37c109e714ce02084735cc39a96b7e3062e58420120fe4798a65ef1", size = 15930063 },
]
