version = 1
revision = 1
requires-python = ">=3.13"

[[package]]
name = "boto3"
version = "1.37.21"
source = { registry = "https://pypi.org/simple" }
dependencies = [
    { name = "botocore" },
    { name = "jmespath" },
    { name = "s3transfer" },
]
sdist = { url = "https://files.pythonhosted.org/packages/26/28/2a05ac0315fd6c7f39c2b619e07a63ad44df901a6dda100c5898b326691e/boto3-1.37.21.tar.gz", hash = "sha256:69227716293facaf80d78c6c5c7291bdcc4e2cb5f8e2d3e7258c1cbd071c9cc3", size = 111358 }
wheels = [
    { url = "https://files.pythonhosted.org/packages/19/6d/a5be3e0ced4cf4f6b48b549d61955f86ad5d9710d1c4189ffed1ec5e5b80/boto3-1.37.21-py3-none-any.whl", hash = "sha256:722eec9da1305fd7d0af839d80f1e76873faf8c030b8bace70c553c0b836e1d3", size = 139561 },
]

[[package]]
name = "boto3-stubs"
version = "1.37.21"
source = { registry = "https://pypi.org/simple" }
dependencies = [
    { name = "botocore-stubs" },
    { name = "types-s3transfer" },
]
sdist = { url = "https://files.pythonhosted.org/packages/a1/c6/8fcedebb768dfe864d8b542f37d7bdfd2ccf1756d54946f818cf2d5714e3/boto3_stubs-1.37.21.tar.gz", hash = "sha256:fde8ba11f812da6c4f41e3b08f009a56db75808710606f9f6d358293aa659dc0", size = 99109 }
wheels = [
    { url = "https://files.pythonhosted.org/packages/78/bd/298c44477c2b054dfd8077f03e586387641fb84e47aeb04e76095aa6f2f9/boto3_stubs-1.37.21-py3-none-any.whl", hash = "sha256:1e9558e81684251693e37bfb527abecee460aacddceb94fc8ae527cb3540807a", size = 68645 },
]

[package.optional-dependencies]
glue = [
    { name = "mypy-boto3-glue" },
]

[[package]]
name = "botocore"
version = "1.37.21"
source = { registry = "https://pypi.org/simple" }
dependencies = [
    { name = "jmespath" },
    { name = "python-dateutil" },
    { name = "urllib3" },
]
sdist = { url = "https://files.pythonhosted.org/packages/db/f5/66237aba1ba70a9c73b58d7e3f60704dfc743ecec79e6c72fe86934656f6/botocore-1.37.21.tar.gz", hash = "sha256:b4b08daa9b4b2c379ef978a75a48907d72ac5b3b9247280488109eb41c19be36", size = 13674884 }
wheels = [
    { url = "https://files.pythonhosted.org/packages/19/34/0216e7bfa7918c315c818229ac0327272da04ffee5d64611a48107c38d6f/botocore-1.37.21-py3-none-any.whl", hash = "sha256:2cd6016bff3877bea32c5257ab34f92210400293745ac95f291d6620fea1662a", size = 13436527 },
]

[[package]]
name = "botocore-stubs"
version = "1.37.21"
source = { registry = "https://pypi.org/simple" }
dependencies = [
    { name = "types-awscrt" },
]
sdist = { url = "https://files.pythonhosted.org/packages/5c/e7/2adad7b85208f4371e17008e8e77cf28b86b1e8d63f37035a66d75a9552c/botocore_stubs-1.37.21.tar.gz", hash = "sha256:bbe702c43312ded6b40b69e0f81d6bbfb80f96e4aa72a77498809c75b614976a", size = 42129 }
wheels = [
    { url = "https://files.pythonhosted.org/packages/3d/4b/f7749b4bacd7d5a21d7136b6ca03e8ade4a12f9fb9ba2e189425e4e55a54/botocore_stubs-1.37.21-py3-none-any.whl", hash = "sha256:b14b98488c258a16ed693f89f789d8fd6bc1542359f55752b394778cb56125ee", size = 65424 },
]

[[package]]
name = "jmespath"
version = "1.0.1"
source = { registry = "https://pypi.org/simple" }
sdist = { url = "https://files.pythonhosted.org/packages/00/2a/e867e8531cf3e36b41201936b7fa7ba7b5702dbef42922193f05c8976cd6/jmespath-1.0.1.tar.gz", hash = "sha256:90261b206d6defd58fdd5e85f478bf633a2901798906be2ad389150c5c60edbe", size = 25843 }
wheels = [
    { url = "https://files.pythonhosted.org/packages/31/b4/b9b800c45527aadd64d5b442f9b932b00648617eb5d63d2c7a6587b7cafc/jmespath-1.0.1-py3-none-any.whl", hash = "sha256:02e2e4cc71b5bcab88332eebf907519190dd9e6e82107fa7f83b1003a6252980", size = 20256 },
]

[[package]]
name = "locust-stats-glue-trigger"
version = "1.0.0"
source = { virtual = "." }
dependencies = [
    { name = "boto3" },
]

[package.dev-dependencies]
dev = [
    { name = "boto3-stubs", extra = ["glue"] },
    { name = "ruff" },
    { name = "uv" },
]

[package.metadata]
requires-dist = [{ name = "boto3" }]

[package.metadata.requires-dev]
dev = [
    { name = "boto3-stubs", extras = ["glue"] },
    { name = "ruff" },
    { name = "uv" },
]

[[package]]
name = "mypy-boto3-glue"
version = "1.37.13"
source = { registry = "https://pypi.org/simple" }
sdist = { url = "https://files.pythonhosted.org/packages/58/ee/136e8a7cb6801346cdef44ac1160cfec32ffcd2412deff00ac964c7dc2bc/mypy_boto3_glue-1.37.13.tar.gz", hash = "sha256:16b25fb94e797d4337a71b787b2fca2e68170f7c13b3a3e592c08e04243589b0", size = 121535 }
wheels = [
    { url = "https://files.pythonhosted.org/packages/40/9e/53a2527c3d939b5600c1f2de4bd571863c74c9a3db034a3b5364d3ac7da0/mypy_boto3_glue-1.37.13-py3-none-any.whl", hash = "sha256:29c544edfba503077cedeb1eb0cecc9fe9a8c11bc2acde4decc32222a31f9b78", size = 128992 },
]

[[package]]
name = "python-dateutil"
version = "2.9.0.post0"
source = { registry = "https://pypi.org/simple" }
dependencies = [
    { name = "six" },
]
sdist = { url = "https://files.pythonhosted.org/packages/66/c0/0c8b6ad9f17a802ee498c46e004a0eb49bc148f2fd230864601a86dcf6db/python-dateutil-2.9.0.post0.tar.gz", hash = "sha256:37dd54208da7e1cd875388217d5e00ebd4179249f90fb72437e91a35459a0ad3", size = 342432 }
wheels = [
    { url = "https://files.pythonhosted.org/packages/ec/57/56b9bcc3c9c6a792fcbaf139543cee77261f3651ca9da0c93f5c1221264b/python_dateutil-2.9.0.post0-py2.py3-none-any.whl", hash = "sha256:a8b2bc7bffae282281c8140a97d3aa9c14da0b136dfe83f850eea9a5f7470427", size = 229892 },
]

[[package]]
name = "ruff"
version = "0.11.2"
source = { registry = "https://pypi.org/simple" }
sdist = { url = "https://files.pythonhosted.org/packages/90/61/fb87430f040e4e577e784e325351186976516faef17d6fcd921fe28edfd7/ruff-0.11.2.tar.gz", hash = "sha256:ec47591497d5a1050175bdf4e1a4e6272cddff7da88a2ad595e1e326041d8d94", size = 3857511 }
wheels = [
    { url = "https://files.pythonhosted.org/packages/62/99/102578506f0f5fa29fd7e0df0a273864f79af044757aef73d1cae0afe6ad/ruff-0.11.2-py3-none-linux_armv6l.whl", hash = "sha256:c69e20ea49e973f3afec2c06376eb56045709f0212615c1adb0eda35e8a4e477", size = 10113146 },
    { url = "https://files.pythonhosted.org/packages/74/ad/5cd4ba58ab602a579997a8494b96f10f316e874d7c435bcc1a92e6da1b12/ruff-0.11.2-py3-none-macosx_10_12_x86_64.whl", hash = "sha256:2c5424cc1c4eb1d8ecabe6d4f1b70470b4f24a0c0171356290b1953ad8f0e272", size = 10867092 },
    { url = "https://files.pythonhosted.org/packages/fc/3e/d3f13619e1d152c7b600a38c1a035e833e794c6625c9a6cea6f63dbf3af4/ruff-0.11.2-py3-none-macosx_11_0_arm64.whl", hash = "sha256:ecf20854cc73f42171eedb66f006a43d0a21bfb98a2523a809931cda569552d9", size = 10224082 },
    { url = "https://files.pythonhosted.org/packages/90/06/f77b3d790d24a93f38e3806216f263974909888fd1e826717c3ec956bbcd/ruff-0.11.2-py3-none-manylinux_2_17_aarch64.manylinux2014_aarch64.whl", hash = "sha256:0c543bf65d5d27240321604cee0633a70c6c25c9a2f2492efa9f6d4b8e4199bb", size = 10394818 },
    { url = "https://files.pythonhosted.org/packages/99/7f/78aa431d3ddebfc2418cd95b786642557ba8b3cb578c075239da9ce97ff9/ruff-0.11.2-py3-none-manylinux_2_17_armv7l.manylinux2014_armv7l.whl", hash = "sha256:20967168cc21195db5830b9224be0e964cc9c8ecf3b5a9e3ce19876e8d3a96e3", size = 9952251 },
    { url = "https://files.pythonhosted.org/packages/30/3e/f11186d1ddfaca438c3bbff73c6a2fdb5b60e6450cc466129c694b0ab7a2/ruff-0.11.2-py3-none-manylinux_2_17_i686.manylinux2014_i686.whl", hash = "sha256:955a9ce63483999d9f0b8f0b4a3ad669e53484232853054cc8b9d51ab4c5de74", size = 11563566 },
    { url = "https://files.pythonhosted.org/packages/22/6c/6ca91befbc0a6539ee133d9a9ce60b1a354db12c3c5d11cfdbf77140f851/ruff-0.11.2-py3-none-manylinux_2_17_ppc64.manylinux2014_ppc64.whl", hash = "sha256:86b3a27c38b8fce73bcd262b0de32e9a6801b76d52cdb3ae4c914515f0cef608", size = 12208721 },
    { url = "https://files.pythonhosted.org/packages/19/b0/24516a3b850d55b17c03fc399b681c6a549d06ce665915721dc5d6458a5c/ruff-0.11.2-py3-none-manylinux_2_17_ppc64le.manylinux2014_ppc64le.whl", hash = "sha256:a3b66a03b248c9fcd9d64d445bafdf1589326bee6fc5c8e92d7562e58883e30f", size = 11662274 },
    { url = "https://files.pythonhosted.org/packages/d7/65/76be06d28ecb7c6070280cef2bcb20c98fbf99ff60b1c57d2fb9b8771348/ruff-0.11.2-py3-none-manylinux_2_17_s390x.manylinux2014_s390x.whl", hash = "sha256:0397c2672db015be5aa3d4dac54c69aa012429097ff219392c018e21f5085147", size = 13792284 },
    { url = "https://files.pythonhosted.org/packages/ce/d2/4ceed7147e05852876f3b5f3fdc23f878ce2b7e0b90dd6e698bda3d20787/ruff-0.11.2-py3-none-manylinux_2_17_x86_64.manylinux2014_x86_64.whl", hash = "sha256:869bcf3f9abf6457fbe39b5a37333aa4eecc52a3b99c98827ccc371a8e5b6f1b", size = 11327861 },
    { url = "https://files.pythonhosted.org/packages/c4/78/4935ecba13706fd60ebe0e3dc50371f2bdc3d9bc80e68adc32ff93914534/ruff-0.11.2-py3-none-musllinux_1_2_aarch64.whl", hash = "sha256:2a2b50ca35457ba785cd8c93ebbe529467594087b527a08d487cf0ee7b3087e9", size = 10276560 },
    { url = "https://files.pythonhosted.org/packages/81/7f/1b2435c3f5245d410bb5dc80f13ec796454c21fbda12b77d7588d5cf4e29/ruff-0.11.2-py3-none-musllinux_1_2_armv7l.whl", hash = "sha256:7c69c74bf53ddcfbc22e6eb2f31211df7f65054bfc1f72288fc71e5f82db3eab", size = 9945091 },
    { url = "https://files.pythonhosted.org/packages/39/c4/692284c07e6bf2b31d82bb8c32f8840f9d0627d92983edaac991a2b66c0a/ruff-0.11.2-py3-none-musllinux_1_2_i686.whl", hash = "sha256:6e8fb75e14560f7cf53b15bbc55baf5ecbe373dd5f3aab96ff7aa7777edd7630", size = 10977133 },
    { url = "https://files.pythonhosted.org/packages/94/cf/8ab81cb7dd7a3b0a3960c2769825038f3adcd75faf46dd6376086df8b128/ruff-0.11.2-py3-none-musllinux_1_2_x86_64.whl", hash = "sha256:842a472d7b4d6f5924e9297aa38149e5dcb1e628773b70e6387ae2c97a63c58f", size = 11378514 },
    { url = "https://files.pythonhosted.org/packages/d9/3a/a647fa4f316482dacf2fd68e8a386327a33d6eabd8eb2f9a0c3d291ec549/ruff-0.11.2-py3-none-win32.whl", hash = "sha256:aca01ccd0eb5eb7156b324cfaa088586f06a86d9e5314b0eb330cb48415097cc", size = 10319835 },
    { url = "https://files.pythonhosted.org/packages/86/54/3c12d3af58012a5e2cd7ebdbe9983f4834af3f8cbea0e8a8c74fa1e23b2b/ruff-0.11.2-py3-none-win_amd64.whl", hash = "sha256:3170150172a8f994136c0c66f494edf199a0bbea7a409f649e4bc8f4d7084080", size = 11373713 },
    { url = "https://files.pythonhosted.org/packages/d6/d4/dd813703af8a1e2ac33bf3feb27e8a5ad514c9f219df80c64d69807e7f71/ruff-0.11.2-py3-none-win_arm64.whl", hash = "sha256:52933095158ff328f4c77af3d74f0379e34fd52f175144cefc1b192e7ccd32b4", size = 10441990 },
]

[[package]]
name = "s3transfer"
version = "0.11.4"
source = { registry = "https://pypi.org/simple" }
dependencies = [
    { name = "botocore" },
]
sdist = { url = "https://files.pythonhosted.org/packages/0f/ec/aa1a215e5c126fe5decbee2e107468f51d9ce190b9763cb649f76bb45938/s3transfer-0.11.4.tar.gz", hash = "sha256:559f161658e1cf0a911f45940552c696735f5c74e64362e515f333ebed87d679", size = 148419 }
wheels = [
    { url = "https://files.pythonhosted.org/packages/86/62/8d3fc3ec6640161a5649b2cddbbf2b9fa39c92541225b33f117c37c5a2eb/s3transfer-0.11.4-py3-none-any.whl", hash = "sha256:ac265fa68318763a03bf2dc4f39d5cbd6a9e178d81cc9483ad27da33637e320d", size = 84412 },
]

[[package]]
name = "six"
version = "1.17.0"
source = { registry = "https://pypi.org/simple" }
sdist = { url = "https://files.pythonhosted.org/packages/94/e7/b2c673351809dca68a0e064b6af791aa332cf192da575fd474ed7d6f16a2/six-1.17.0.tar.gz", hash = "sha256:ff70335d468e7eb6ec65b95b99d3a2836546063f63acc5171de367e834932a81", size = 34031 }
wheels = [
    { url = "https://files.pythonhosted.org/packages/b7/ce/149a00dd41f10bc29e5921b496af8b574d8413afcd5e30dfa0ed46c2cc5e/six-1.17.0-py2.py3-none-any.whl", hash = "sha256:4721f391ed90541fddacab5acf947aa0d3dc7d27b2e1e8eda2be8970586c3274", size = 11050 },
]

[[package]]
name = "types-awscrt"
version = "0.24.2"
source = { registry = "https://pypi.org/simple" }
sdist = { url = "https://files.pythonhosted.org/packages/28/2d/393ac8f215417bc532ef9451ba42f148ecedcd5ff91095d8640042ecae2c/types_awscrt-0.24.2.tar.gz", hash = "sha256:5826baf69ad5d29c76be49fc7df00222281fa31b14f99e9fb4492d71ec98fea5", size = 15441 }
wheels = [
    { url = "https://files.pythonhosted.org/packages/3f/33/e2b7dcb6acc3ba8e8191571c38d2d64fc0822e8fd53fff0f2736859abef6/types_awscrt-0.24.2-py3-none-any.whl", hash = "sha256:345ab84a4f75b26bfb816b249657855824a4f2d1ce5b58268c549f81fce6eccc", size = 19414 },
]

[[package]]
name = "types-s3transfer"
version = "0.11.4"
source = { registry = "https://pypi.org/simple" }
sdist = { url = "https://files.pythonhosted.org/packages/93/a9/440d8ba72a81bcf2cc5a56ef63f23b58ce93e7b9b62409697553bdcdd181/types_s3transfer-0.11.4.tar.gz", hash = "sha256:05fde593c84270f19fd053f0b1e08f5a057d7c5f036b9884e68fb8cd3041ac30", size = 14074 }
wheels = [
    { url = "https://files.pythonhosted.org/packages/d0/69/0b5ae42c3c33d31a32f7dcb9f35a3e327365360a6e4a2a7b491904bd38aa/types_s3transfer-0.11.4-py3-none-any.whl", hash = "sha256:2a76d92c07d4a3cb469e5343b2e7560e0b8078b2e03696a65407b8c44c861b61", size = 19516 },
]

[[package]]
name = "urllib3"
version = "2.3.0"
source = { registry = "https://pypi.org/simple" }
sdist = { url = "https://files.pythonhosted.org/packages/aa/63/e53da845320b757bf29ef6a9062f5c669fe997973f966045cb019c3f4b66/urllib3-2.3.0.tar.gz", hash = "sha256:f8c5449b3cf0861679ce7e0503c7b44b5ec981bec0d1d3795a07f1ba96f0204d", size = 307268 }
wheels = [
    { url = "https://files.pythonhosted.org/packages/c8/19/4ec628951a74043532ca2cf5d97b7b14863931476d117c471e8e2b1eb39f/urllib3-2.3.0-py3-none-any.whl", hash = "sha256:1cee9ad369867bfdbbb48b7dd50374c0967a0bb7710050facf0dd6911440e3df", size = 128369 },
]

[[package]]
name = "uv"
version = "0.6.10"
source = { registry = "https://pypi.org/simple" }
sdist = { url = "https://files.pythonhosted.org/packages/46/32/ffa984c2ecbcf48d0ae813adf1aad79b3ecb5ffc743362088755d64ae3be/uv-0.6.10.tar.gz", hash = "sha256:cbbb03deb30af457cd93ad299ee5c3258ade3d900b4dee1af936c8a6d87d5bcb", size = 3109190 }
wheels = [
    { url = "https://files.pythonhosted.org/packages/47/5a/5ef9324c333478608eaca8c97a374a869b861a9a614c1e6695045e06d90c/uv-0.6.10-py3-none-linux_armv6l.whl", hash = "sha256:06932d36f1afaf611522a6a7ec361dac48dc67a1147d24e9eadee9703b15faaf", size = 15825875 },
    { url = "https://files.pythonhosted.org/packages/f7/2f/001f6bb4342ba50cf921bd4a338ea40e5228ea6a817bd3101fbabaf010dd/uv-0.6.10-py3-none-macosx_10_12_x86_64.whl", hash = "sha256:e5c2ba1922c47a245d7393465fcee942df5a8bd8b80489a7b8860ba9d60102f9", size = 15967139 },
    { url = "https://files.pythonhosted.org/packages/36/6b/f66dcd28508bceed7cff48efb9dfe62a50a40a0685c41fb5e6ecd45f33cd/uv-0.6.10-py3-none-macosx_11_0_arm64.whl", hash = "sha256:cd8a4bcfd33a0dcae3fc0936bff8602f74e5719cf839e3df233059a0b8c8330d", size = 14796758 },
    { url = "https://files.pythonhosted.org/packages/5a/a2/13eb03e8691b098f9ee63c4d3fa3a054c48bfa05a0a52aec3df33ab52376/uv-0.6.10-py3-none-manylinux_2_17_aarch64.manylinux2014_aarch64.musllinux_1_1_aarch64.whl", hash = "sha256:4dd20c47898c15ebd4b5f48101062ea248e32513bfc61fc04bc822abfe39ce8a", size = 15252527 },
    { url = "https://files.pythonhosted.org/packages/58/90/053bde333fbf9030dff1354797bd74ce3624235bcf59d7558397749a88c1/uv-0.6.10-py3-none-manylinux_2_17_armv7l.manylinux2014_armv7l.whl", hash = "sha256:950c9cd7b75f67e25760d2f43ad4b0ee3f8c6724fe0a9cf9eff948b3044b6a6d", size = 15560957 },
    { url = "https://files.pythonhosted.org/packages/34/80/feb9ecc8ab8f9e1968d6783dd47e7ebd1dfcd0231c8b7b0efd7204625cec/uv-0.6.10-py3-none-manylinux_2_17_i686.manylinux2014_i686.whl", hash = "sha256:acca1dca7be342b2b8e26e509aa07c3144cb009788140eee045da2aad6a0c6fe", size = 16249302 },
    { url = "https://files.pythonhosted.org/packages/0f/14/9a2e40e25fba7b550cb57cce62a07ddf28350cb53e9e8bd2e70c0fbacdbb/uv-0.6.10-py3-none-manylinux_2_17_ppc64.manylinux2014_ppc64.whl", hash = "sha256:13ac09945976dc0df0edde7e4ba3a46107036a114117c8ff84916e55216c2e32", size = 17196146 },
    { url = "https://files.pythonhosted.org/packages/5e/05/5c9cd846243aca204f96c2da13da0fb38b6143eb3827dedea0e1dc1bcf1c/uv-0.6.10-py3-none-manylinux_2_17_ppc64le.manylinux2014_ppc64le.whl", hash = "sha256:145e75b99d6b7bdce8e454a851cfcd5605ff0491d568244c66fa75ca6b071bd6", size = 16944298 },
    { url = "https://files.pythonhosted.org/packages/d2/14/63233a3143535a6df34ee6dc8246ef09ee79d99b902a6cc1ee179c1898f9/uv-0.6.10-py3-none-manylinux_2_17_s390x.manylinux2014_s390x.whl", hash = "sha256:666d9fe312c810bba77633dbd463dc85f5a6a0d07905726a014dc53d07c774d9", size = 21226376 },
    { url = "https://files.pythonhosted.org/packages/0a/d3/7e881e2a391203a7567cf03c72213701e63923591d2072c4e7fe694c919f/uv-0.6.10-py3-none-manylinux_2_17_x86_64.manylinux2014_x86_64.whl", hash = "sha256:b98e8884093cbfb1a1cc3f855aa22f97ec8da1a87e0e761800e165d4f9224a45", size = 16621313 },
    { url = "https://files.pythonhosted.org/packages/a1/a9/124aa76690a04cf30344386358b772cdede17d84660ae1dce8643bf64939/uv-0.6.10-py3-none-manylinux_2_28_aarch64.whl", hash = "sha256:e8a8a75cf34c0814c1eabdbe651741d44fb125a6dcbe159b2da02871bbfdec7e", size = 15461518 },
    { url = "https://files.pythonhosted.org/packages/ef/97/19813f2ec2faac77da5548c35d6ae039d044b973ecbb0732e3f07662fd36/uv-0.6.10-py3-none-musllinux_1_1_armv7l.whl", hash = "sha256:5260f52386e217615553f2f42740ce2f64ba439ff0fd502dc5b06250eb8ae613", size = 15524130 },
    { url = "https://files.pythonhosted.org/packages/09/3f/5637bbf27ac145a09ea8eba8e0c926f7a3fe8fc4b3b1c91131c4558f4ec2/uv-0.6.10-py3-none-musllinux_1_1_i686.whl", hash = "sha256:603aebbaf6be938120c73fd36e9fd85f5e1b671d3d4638b3086f478e2bb423d9", size = 15901256 },
    { url = "https://files.pythonhosted.org/packages/a2/9b/2c688a897efad60d6e0587027968c1fdb0a63f70a8bef33d0b8154cc0fcd/uv-0.6.10-py3-none-musllinux_1_1_x86_64.whl", hash = "sha256:d1f1bc7d94a4a7fdd75142be71b6bf2d7e01282f322721da185d711f065d7b80", size = 16746279 },
    { url = "https://files.pythonhosted.org/packages/75/d4/df57d3f40c93c21fceed94156da41183daabd15422506e0fe73236c458a1/uv-0.6.10-py3-none-win32.whl", hash = "sha256:df6560256b93441c70ea2c062975bce2307a32de280f103cedb8db4a0f542348", size = 15953827 },
    { url = "https://files.pythonhosted.org/packages/8a/21/a71c95c85624544c56695ae2469745bbda834e77dfc1e29d76711409eda5/uv-0.6.10-py3-none-win_amd64.whl", hash = "sha256:d795721fdd32e0471c952b7cb02a030657b6e67625fe836f4df14a3ae4aa4921", size = 17425178 },
    { url = "https://files.pythonhosted.org/packages/ce/07/e6ffe467e1e365f7dd7863c4d505b1941af8cf69c494d0dbda08ba907043/uv-0.6.10-py3-none-win_arm64.whl", hash = "sha256:5188dc7041f4166bf64182d76c32c873f750259b6e4621a1400c26ebeea8c8dd", size = 16169219 },
]
