version = 1
requires-python = ">=3.12, <4.0"

[[package]]
name = "boto3"
version = "1.36.2"
source = { registry = "https://pypi.org/simple" }
dependencies = [
    { name = "botocore" },
    { name = "jmespath" },
    { name = "s3transfer" },
]
sdist = { url = "https://files.pythonhosted.org/packages/3a/e9/c0b2fa75efc4007ea1af21bc2fcbedf6e545c517fb90904d7f59850e02bf/boto3-1.36.2.tar.gz", hash = "sha256:fde1c29996b77274a60b7bc9f741525afa6267bb1716eb644a764fb7c124a0d2", size = 110998 }
wheels = [
    { url = "https://files.pythonhosted.org/packages/17/c2/72a92794237b43f64141e156bc3a58bc36d18631f1a614e1e97a48b56447/boto3-1.36.2-py3-none-any.whl", hash = "sha256:76cfc9a705be46e8d22607efacc8d688c064f923d785a01c00b28e9a96425d1a", size = 139166 },
]

[[package]]
name = "botocore"
version = "1.36.2"
source = { registry = "https://pypi.org/simple" }
dependencies = [
    { name = "jmespath" },
    { name = "python-dateutil" },
    { name = "urllib3" },
]
sdist = { url = "https://files.pythonhosted.org/packages/c6/93/353b70cea6447e37789fc2d6f761fc12ae36fb4adb6f558055de8cdf655f/botocore-1.36.2.tar.gz", hash = "sha256:a1fe6610983f0214b0c7655fe6990b6a731746baf305b182976fc7b568fc3cb0", size = 13505440 }
wheels = [
    { url = "https://files.pythonhosted.org/packages/0c/fe/c066e8cb069027c12dbcf9066a7a4f3e9d2a31b10c7b174a8455ef1d0f46/botocore-1.36.2-py3-none-any.whl", hash = "sha256:bc3b7e3b573a48af2bd7116b80fe24f9a335b0b67314dcb2697a327d009abf29", size = 13302324 },
]

[[package]]
name = "botocore-stubs"
version = "1.36.2"
source = { registry = "https://pypi.org/simple" }
dependencies = [
    { name = "types-awscrt" },
]
sdist = { url = "https://files.pythonhosted.org/packages/c4/94/d6412ffeed6693cea5eaeb5c26bef86f92bbfc67a7fa359f547e563bf072/botocore_stubs-1.36.2.tar.gz", hash = "sha256:c9609ec184bd445121ab5529642bf773d420cdc7247f2d07a80821afe9a3f670", size = 41183 }
wheels = [
    { url = "https://files.pythonhosted.org/packages/85/16/5579e6d9556538535df85ff6a9b170c74b767b535e9c71f605677a6ca773/botocore_stubs-1.36.2-py3-none-any.whl", hash = "sha256:491c4a6142744be72320d5322e128b966551ddb288b1b3a913ccf26779d652c9", size = 64003 },
]

[[package]]
name = "jmespath"
version = "1.0.1"
source = { registry = "https://pypi.org/simple" }
sdist = { url = "https://files.pythonhosted.org/packages/00/2a/e867e8531cf3e36b41201936b7fa7ba7b5702dbef42922193f05c8976cd6/jmespath-1.0.1.tar.gz", hash = "sha256:90261b206d6defd58fdd5e85f478bf633a2901798906be2ad389150c5c60edbe", size = 25843 }
wheels = [
    { url = "https://files.pythonhosted.org/packages/31/b4/b9b800c45527aadd64d5b442f9b932b00648617eb5d63d2c7a6587b7cafc/jmespath-1.0.1-py3-none-any.whl", hash = "sha256:02e2e4cc71b5bcab88332eebf907519190dd9e6e82107fa7f83b1003a6252980", size = 20256 },
]

[[package]]
name = "python-dateutil"
version = "2.9.0.post0"
source = { registry = "https://pypi.org/simple" }
dependencies = [
    { name = "six" },
]
sdist = { url = "https://files.pythonhosted.org/packages/66/c0/0c8b6ad9f17a802ee498c46e004a0eb49bc148f2fd230864601a86dcf6db/python-dateutil-2.9.0.post0.tar.gz", hash = "sha256:37dd54208da7e1cd875388217d5e00ebd4179249f90fb72437e91a35459a0ad3", size = 342432 }
wheels = [
    { url = "https://files.pythonhosted.org/packages/ec/57/56b9bcc3c9c6a792fcbaf139543cee77261f3651ca9da0c93f5c1221264b/python_dateutil-2.9.0.post0-py2.py3-none-any.whl", hash = "sha256:a8b2bc7bffae282281c8140a97d3aa9c14da0b136dfe83f850eea9a5f7470427", size = 229892 },
]

[[package]]
name = "s3transfer"
version = "0.11.1"
source = { registry = "https://pypi.org/simple" }
dependencies = [
    { name = "botocore" },
]
sdist = { url = "https://files.pythonhosted.org/packages/1a/aa/fdd958c626b00e3f046d4004363e7f1a2aba4354f78d65ceb3b217fa5eb8/s3transfer-0.11.1.tar.gz", hash = "sha256:3f25c900a367c8b7f7d8f9c34edc87e300bde424f779dc9f0a8ae4f9df9264f6", size = 146952 }
wheels = [
    { url = "https://files.pythonhosted.org/packages/5f/ce/22673f4a85ccc640735b4f8d12178a0f41b5d3c6eda7f33756d10ce56901/s3transfer-0.11.1-py3-none-any.whl", hash = "sha256:8fa0aa48177be1f3425176dfe1ab85dcd3d962df603c3dbfc585e6bf857ef0ff", size = 84111 },
]

[[package]]
name = "six"
version = "1.17.0"
source = { registry = "https://pypi.org/simple" }
sdist = { url = "https://files.pythonhosted.org/packages/94/e7/b2c673351809dca68a0e064b6af791aa332cf192da575fd474ed7d6f16a2/six-1.17.0.tar.gz", hash = "sha256:ff70335d468e7eb6ec65b95b99d3a2836546063f63acc5171de367e834932a81", size = 34031 }
wheels = [
    { url = "https://files.pythonhosted.org/packages/b7/ce/149a00dd41f10bc29e5921b496af8b574d8413afcd5e30dfa0ed46c2cc5e/six-1.17.0-py2.py3-none-any.whl", hash = "sha256:4721f391ed90541fddacab5acf947aa0d3dc7d27b2e1e8eda2be8970586c3274", size = 11050 },
]

[[package]]
name = "synthetic-load-converter"
version = "0.1.0"
source = { virtual = "." }
dependencies = [
    { name = "boto3" },
    { name = "types-boto3", extra = ["essential"] },
]

[package.metadata]
requires-dist = [
    { name = "boto3", specifier = ">=1.35.93,<2.0.0" },
    { name = "types-boto3", extras = ["essential"], specifier = ">=1.35.93,<2.0.0" },
]

[[package]]
name = "types-awscrt"
version = "0.23.6"
source = { registry = "https://pypi.org/simple" }
sdist = { url = "https://files.pythonhosted.org/packages/dd/97/c62253e8ed65562c67b2138339444cc77507c8ee01c091e02ead1311e4b8/types_awscrt-0.23.6.tar.gz", hash = "sha256:405bce8c281f9e7c6c92a229225cc0bf10d30729a6a601123213389bd524b8b1", size = 15124 }
wheels = [
    { url = "https://files.pythonhosted.org/packages/21/f1/0f0869d35c1b746df98d60016f898eb49db208747a4ed2de81b58f48ecd8/types_awscrt-0.23.6-py3-none-any.whl", hash = "sha256:fbf9c221af5607b24bf17f8431217ce8b9a27917139edbc984891eb63fd5a593", size = 19025 },
]

[[package]]
name = "types-boto3"
version = "1.36.2"
source = { registry = "https://pypi.org/simple" }
dependencies = [
    { name = "botocore-stubs" },
    { name = "types-s3transfer" },
]
sdist = { url = "https://files.pythonhosted.org/packages/23/fa/617ed1e546e25da73fb72db30d1c9cc68e4e12a63c244e2686d102b52498/types_boto3-1.36.2.tar.gz", hash = "sha256:c7dcd9e20e9fdc5972d4f98ec9512e5505229e7849a5b9d60d5b840b7a96299a", size = 99022 }
wheels = [
    { url = "https://files.pythonhosted.org/packages/97/0c/0e908710114a22810a57e258480ac269bda58d2f43d28a2dff2515216797/types_boto3-1.36.2-py3-none-any.whl", hash = "sha256:47062fb1e796040327e3c660d577b863d4ab2c25acac137e4703354d5e8afe5d", size = 68156 },
]

[package.optional-dependencies]
essential = [
    { name = "types-boto3-cloudformation" },
    { name = "types-boto3-dynamodb" },
    { name = "types-boto3-ec2" },
    { name = "types-boto3-lambda" },
    { name = "types-boto3-rds" },
    { name = "types-boto3-s3" },
    { name = "types-boto3-sqs" },
]

[[package]]
name = "types-boto3-cloudformation"
version = "1.36.0"
source = { registry = "https://pypi.org/simple" }
sdist = { url = "https://files.pythonhosted.org/packages/ee/07/bad4f1641b2dbb192a7f735b0423fc043b1e55f603edc7067a3a1aa26445/types_boto3_cloudformation-1.36.0.tar.gz", hash = "sha256:f7868eadd1026dcb348b32fc7fee8e50ae1702a35a026664c6d4fb03dacc73fd", size = 54239 }
wheels = [
    { url = "https://files.pythonhosted.org/packages/8f/bd/31c0c74e577e48e97084790d6162204630c15e2cc35d71c61b33b7bbc4a0/types_boto3_cloudformation-1.36.0-py3-none-any.whl", hash = "sha256:15871c50ac267cb1ad0ac9b57170627e93052e30dc918c420481ba3f12e88486", size = 65957 },
]

[[package]]
name = "types-boto3-dynamodb"
version = "1.36.0"
source = { registry = "https://pypi.org/simple" }
sdist = { url = "https://files.pythonhosted.org/packages/ff/7c/ba9ec3da8936a40e2a09dce84f3b5d1613d16797de81d84a98bd561d7f91/types_boto3_dynamodb-1.36.0.tar.gz", hash = "sha256:bc47142b5285d252631274cd585c4f678c8099928575b4fd79942a0091939989", size = 46784 }
wheels = [
    { url = "https://files.pythonhosted.org/packages/c3/44/d1a8be9d1ba6af1c0ce1d65051241b8fa49075134093cb1bf68b3fa459a3/types_boto3_dynamodb-1.36.0-py3-none-any.whl", hash = "sha256:863d46f77315e268e30f49eb0a064b9bd75eecb2a98a2004f8f884cae14dbaee", size = 55762 },
]

[[package]]
name = "types-boto3-ec2"
version = "1.36.2"
source = { registry = "https://pypi.org/simple" }
sdist = { url = "https://files.pythonhosted.org/packages/dc/90/1df5292ed456927374a95320e60e90e9a4b65779a7689a2c8e12766c5b00/types_boto3_ec2-1.36.2.tar.gz", hash = "sha256:5394bca8ea61fb82f9f10f592e80962b2e7a6d69c2ce47ff72da0bd750641bcd", size = 388188 }
wheels = [
    { url = "https://files.pythonhosted.org/packages/73/e7/705bb333ace5b6046941008dc92d297e17ce71a1185e3ba762c126bbe414/types_boto3_ec2-1.36.2-py3-none-any.whl", hash = "sha256:d2f7885e65a47698eb13cc8fe15732f259974d34443a49d7630c52b52f38f55a", size = 378024 },
]

[[package]]
name = "types-boto3-lambda"
version = "1.36.0"
source = { registry = "https://pypi.org/simple" }
sdist = { url = "https://files.pythonhosted.org/packages/fa/99/196316516ff12ed246c8f536dac345ded09f62f0d98ff7b9e02b534d968f/types_boto3_lambda-1.36.0.tar.gz", hash = "sha256:a878122ecbf67d2581013f84f76966c2998f07ee8311e735cc8c2852b3fc44cc", size = 41096 }
wheels = [
    { url = "https://files.pythonhosted.org/packages/09/1e/72dbc56419b0db335ef7f56872d80874d936bf45c4211d117206302bb9f1/types_boto3_lambda-1.36.0-py3-none-any.whl", hash = "sha256:e33b0eedcf57aa7197ef80dedacd6e80c6c5f1aa7be8060019ac9c9bfece15e6", size = 47557 },
]

[[package]]
name = "types-boto3-rds"
version = "1.36.0"
source = { registry = "https://pypi.org/simple" }
sdist = { url = "https://files.pythonhosted.org/packages/3e/ac/e1eb122d08d39772e15d1f9711006bf6a129f997b1cfd813b2221c6a8dfd/types_boto3_rds-1.36.0.tar.gz", hash = "sha256:3e73d17c462504756cc9bf36ad25b13d358ddca3b4f710495652c3b2fd7ade0a", size = 83936 }
wheels = [
    { url = "https://files.pythonhosted.org/packages/7f/53/e8bea7742c45b017731e14226af69b9a4d5e429ad0dbc348b9ae31e67192/types_boto3_rds-1.36.0-py3-none-any.whl", hash = "sha256:f14a895eaf313d8988ab0f44e1b5f14ffe192cbce86672eb52939b050bcf73a3", size = 90027 },
]

[[package]]
name = "types-boto3-s3"
version = "1.36.0"
source = { registry = "https://pypi.org/simple" }
sdist = { url = "https://files.pythonhosted.org/packages/a6/eb/1423cfe075e0e03aafed7ff20b98f635510659a8e3eab7ab2d366002abd6/types_boto3_s3-1.36.0.tar.gz", hash = "sha256:43e32675738425e1d02e6c1a268a3e10ee90a3740ce161548ad26b5c5a2db4e1", size = 72744 }
wheels = [
    { url = "https://files.pythonhosted.org/packages/39/50/36c8b68c8e9d3db632af416db3d0af8f3445a1efb0c8dfbbc8d59ceebd13/types_boto3_s3-1.36.0-py3-none-any.whl", hash = "sha256:b3975862da337a3b0edb3d07da4ef0bbc23ce5358a320254befd1add7f6a787b", size = 79512 },
]

[[package]]
name = "types-boto3-sqs"
version = "1.36.0"
source = { registry = "https://pypi.org/simple" }
sdist = { url = "https://files.pythonhosted.org/packages/f5/37/87c6dfdf06762107459d0b4ae046e1dd63c88f7fb0443313ba02d007485c/types_boto3_sqs-1.36.0.tar.gz", hash = "sha256:699bff0f46b4b9b8aa13b59faa1c79b9b68c89cf92c028f714c4055ae91f3ceb", size = 23300 }
wheels = [
    { url = "https://files.pythonhosted.org/packages/fd/d6/c03266582b40049ce8f2cc1e10ba877f81cef22129cd3d0cda9af5b7b514/types_boto3_sqs-1.36.0-py3-none-any.whl", hash = "sha256:9e0f3020518a69545adc79e41956bf750a33a656f12a110ed6a75f169b886411", size = 33326 },
]

[[package]]
name = "types-s3transfer"
version = "0.11.1"
source = { registry = "https://pypi.org/simple" }
sdist = { url = "https://files.pythonhosted.org/packages/f0/01/0169c095070a8cb97baf075246b8804390082ee189d344a6767eb89849cd/types_s3transfer-0.11.1.tar.gz", hash = "sha256:6ab89d4d76bcbf6d494582949963b4672347e8daa397d9790f3684b4fcf873c4", size = 14055 }
wheels = [
    { url = "https://files.pythonhosted.org/packages/0c/87/2452812a3d57a13af13a23239da6c781a079e508bc70a44df576ce76b7c1/types_s3transfer-0.11.1-py3-none-any.whl", hash = "sha256:ddb20d103361c2d7cf95e9e73468cdd12f049f503b1512e6fdfe5a66fa086d2d", size = 19487 },
]

[[package]]
name = "urllib3"
version = "2.3.0"
source = { registry = "https://pypi.org/simple" }
sdist = { url = "https://files.pythonhosted.org/packages/aa/63/e53da845320b757bf29ef6a9062f5c669fe997973f966045cb019c3f4b66/urllib3-2.3.0.tar.gz", hash = "sha256:f8c5449b3cf0861679ce7e0503c7b44b5ec981bec0d1d3795a07f1ba96f0204d", size = 307268 }
wheels = [
    { url = "https://files.pythonhosted.org/packages/c8/19/4ec628951a74043532ca2cf5d97b7b14863931476d117c471e8e2b1eb39f/urllib3-2.3.0-py3-none-any.whl", hash = "sha256:1cee9ad369867bfdbbb48b7dd50374c0967a0bb7710050facf0dd6911440e3df", size = 128369 },
]
