version = 1
revision = 3
requires-python = ">=3.13"

[[package]]
name = "boto3"
version = "1.43.6"
source = { registry = "https://pypi.org/simple" }
dependencies = [
    { name = "botocore" },
    { name = "jmespath" },
    { name = "s3transfer" },
]
sdist = { url = "https://files.pythonhosted.org/packages/0a/37/78c630d1308964aa9abf44951d9c4df776546ff37251ec2434944e205c4e/boto3-1.43.6.tar.gz", hash = "sha256:e6315effaf12b890b99956e6f8e2c3000a3f64e4ee91943cec3895ce9a836afb", size = 113153, upload-time = "2026-05-07T20:49:59.694Z" }
wheels = [
    { url = "https://files.pythonhosted.org/packages/c8/e2/3c2eef44f55eafab256836d1d9479bd6a74f70c26cbfdc0639a0e23e4327/boto3-1.43.6-py3-none-any.whl", hash = "sha256:179601ec2992726a718053bf41e43c223ceba397d31ceab11f64d9c910d9fc3a", size = 140502, upload-time = "2026-05-07T20:49:57.8Z" },
]

[[package]]
name = "botocore"
version = "1.43.6"
source = { registry = "https://pypi.org/simple" }
dependencies = [
    { name = "jmespath" },
    { name = "python-dateutil" },
    { name = "urllib3" },
]
sdist = { url = "https://files.pythonhosted.org/packages/79/a7/23d0f5028011455096a1eeac0ddf3cbe147b3e855e127342f8202552194d/botocore-1.43.6.tar.gz", hash = "sha256:b1e395b347356860398da42e61c808cf1e34b6fa7180cf2b9d87d986e1a06ba0", size = 15336070, upload-time = "2026-05-07T20:49:48.14Z" }
wheels = [
    { url = "https://files.pythonhosted.org/packages/e5/c8/6f47223840e8d8cfa8c9f7c0ec1b77970417f257fc885169ff4f6326ce09/botocore-1.43.6-py3-none-any.whl", hash = "sha256:b6d1fdbc6f65a5fe0b7e947823aa37535d3f39f3ba4d21110fab1f55bbbcc04b", size = 15017094, upload-time = "2026-05-07T20:49:44.964Z" },
]

[[package]]
name = "cw-to-flattened-json"
version = "1.0.0"
source = { virtual = "." }
dependencies = [
    { name = "boto3" },
]

[package.dev-dependencies]
dev = [
    { name = "ruff" },
    { name = "uv" },
]

[package.metadata]
requires-dist = [{ name = "boto3", specifier = ">=1.38.30" }]

[package.metadata.requires-dev]
dev = [
    { name = "ruff" },
    { name = "uv" },
]

[[package]]
name = "jmespath"
version = "1.1.0"
source = { registry = "https://pypi.org/simple" }
sdist = { url = "https://files.pythonhosted.org/packages/d3/59/322338183ecda247fb5d1763a6cbe46eff7222eaeebafd9fa65d4bf5cb11/jmespath-1.1.0.tar.gz", hash = "sha256:472c87d80f36026ae83c6ddd0f1d05d4e510134ed462851fd5f754c8c3cbb88d", size = 27377, upload-time = "2026-01-22T16:35:26.279Z" }
wheels = [
    { url = "https://files.pythonhosted.org/packages/14/2f/967ba146e6d58cf6a652da73885f52fc68001525b4197effc174321d70b4/jmespath-1.1.0-py3-none-any.whl", hash = "sha256:a5663118de4908c91729bea0acadca56526eb2698e83de10cd116ae0f4e97c64", size = 20419, upload-time = "2026-01-22T16:35:24.919Z" },
]

[[package]]
name = "python-dateutil"
version = "2.9.0.post0"
source = { registry = "https://pypi.org/simple" }
dependencies = [
    { name = "six" },
]
sdist = { url = "https://files.pythonhosted.org/packages/66/c0/0c8b6ad9f17a802ee498c46e004a0eb49bc148f2fd230864601a86dcf6db/python-dateutil-2.9.0.post0.tar.gz", hash = "sha256:37dd54208da7e1cd875388217d5e00ebd4179249f90fb72437e91a35459a0ad3", size = 342432, upload-time = "2024-03-01T18:36:20.211Z" }
wheels = [
    { url = "https://files.pythonhosted.org/packages/ec/57/56b9bcc3c9c6a792fcbaf139543cee77261f3651ca9da0c93f5c1221264b/python_dateutil-2.9.0.post0-py2.py3-none-any.whl", hash = "sha256:a8b2bc7bffae282281c8140a97d3aa9c14da0b136dfe83f850eea9a5f7470427", size = 229892, upload-time = "2024-03-01T18:36:18.57Z" },
]

[[package]]
name = "ruff"
version = "0.15.12"
source = { registry = "https://pypi.org/simple" }
sdist = { url = "https://files.pythonhosted.org/packages/99/43/3291f1cc9106f4c63bdce7a8d0df5047fe8422a75b091c16b5e9355e0b11/ruff-0.15.12.tar.gz", hash = "sha256:ecea26adb26b4232c0c2ca19ccbc0083a68344180bba2a600605538ce51a40a6", size = 4643852, upload-time = "2026-04-24T18:17:14.305Z" }
wheels = [
    { url = "https://files.pythonhosted.org/packages/c3/6e/e78ffb61d4686f3d96ba3df2c801161843746dcbcbb17a1e927d4829312b/ruff-0.15.12-py3-none-linux_armv6l.whl", hash = "sha256:f86f176e188e94d6bdbc09f09bfd9dc729059ad93d0e7390b5a73efe19f8861c", size = 10640713, upload-time = "2026-04-24T18:17:22.841Z" },
    { url = "https://files.pythonhosted.org/packages/ae/08/a317bc231fb9e7b93e4ef3089501e51922ff88d6936ce5cf870c4fe55419/ruff-0.15.12-py3-none-macosx_10_12_x86_64.whl", hash = "sha256:e3bcd123364c3770b8e1b7baaf343cc99a35f197c5c6e8af79015c666c423a6c", size = 11069267, upload-time = "2026-04-24T18:17:30.105Z" },
    { url = "https://files.pythonhosted.org/packages/aa/a4/f828e9718d3dce1f5f11c39c4f65afd32783c8b2aebb2e3d259e492c47bd/ruff-0.15.12-py3-none-macosx_11_0_arm64.whl", hash = "sha256:fe87510d000220aa1ed530d4448a7c696a0cae1213e5ec30e5874287b66557b5", size = 10397182, upload-time = "2026-04-24T18:17:07.177Z" },
    { url = "https://files.pythonhosted.org/packages/71/e0/3310fc6d1b5e1fdea22bf3b1b807c7e187b581021b0d7d4514cccdb5fb71/ruff-0.15.12-py3-none-manylinux_2_17_aarch64.manylinux2014_aarch64.whl", hash = "sha256:84a1630093121375a3e2a95b4a6dc7b59e2b4ee76216e32d81aae550a832d002", size = 10758012, upload-time = "2026-04-24T18:16:55.759Z" },
    { url = "https://files.pythonhosted.org/packages/11/c1/a606911aee04c324ddaa883ae418f3569792fd3c4a10c50e0dd0a2311e1e/ruff-0.15.12-py3-none-manylinux_2_17_armv7l.manylinux2014_armv7l.whl", hash = "sha256:fb129f40f114f089ebe0ca56c0d251cf2061b17651d464bb6478dc01e69f11f5", size = 10447479, upload-time = "2026-04-24T18:16:51.677Z" },
    { url = "https://files.pythonhosted.org/packages/9d/68/4201e8444f0894f21ab4aeeaee68aa4f10b51613514a20d80bd628d57e88/ruff-0.15.12-py3-none-manylinux_2_17_i686.manylinux2014_i686.whl", hash = "sha256:b0c862b172d695db7598426b8af465e7e9ac00a3ea2a3630ee67eb82e366aaa6", size = 11234040, upload-time = "2026-04-24T18:17:16.529Z" },
    { url = "https://files.pythonhosted.org/packages/34/ff/8a6d6cf4ccc23fd67060874e832c18919d1557a0611ebef03fdb01fff11e/ruff-0.15.12-py3-none-manylinux_2_17_ppc64le.manylinux2014_ppc64le.whl", hash = "sha256:2849ea9f3484c3aca43a82f484210370319e7170df4dfe4843395ddf6c57bc33", size = 12087377, upload-time = "2026-04-24T18:17:04.944Z" },
    { url = "https://files.pythonhosted.org/packages/85/f6/c669cf73f5152f623d34e69866a46d5e6185816b19fcd5b6dd8a2d299922/ruff-0.15.12-py3-none-manylinux_2_17_s390x.manylinux2014_s390x.whl", hash = "sha256:9e77c7e51c07fe396826d5969a5b846d9cd4c402535835fb6e21ce8b28fef847", size = 11367784, upload-time = "2026-04-24T18:17:25.409Z" },
    { url = "https://files.pythonhosted.org/packages/e8/39/c61d193b8a1daaa8977f7dea9e8d8ba866e02ea7b65d32f6861693aa4c12/ruff-0.15.12-py3-none-manylinux_2_17_x86_64.manylinux2014_x86_64.whl", hash = "sha256:83b2f4f2f3b1026b5fb449b467d9264bf22067b600f7b6f41fc5958909f449d0", size = 11344088, upload-time = "2026-04-24T18:17:12.258Z" },
    { url = "https://files.pythonhosted.org/packages/c2/8d/49afab3645e31e12c590acb6d3b5b69d7aab5b81926dbaf7461f9441f37a/ruff-0.15.12-py3-none-manylinux_2_31_riscv64.whl", hash = "sha256:9ba3b8f1afd7e2e43d8943e55f249e13f9682fde09711644a6e7290eb4f3e339", size = 11271770, upload-time = "2026-04-24T18:17:02.457Z" },
    { url = "https://files.pythonhosted.org/packages/46/06/33f41fe94403e2b755481cdfb9b7ef3e4e0ed031c4581124658d935d52b4/ruff-0.15.12-py3-none-musllinux_1_2_aarch64.whl", hash = "sha256:e852ba9fdc890655e1d78f2df1499efbe0e54126bd405362154a75e2bde159c5", size = 10719355, upload-time = "2026-04-24T18:17:27.648Z" },
    { url = "https://files.pythonhosted.org/packages/0d/59/18aa4e014debbf559670e4048e39260a85c7fcee84acfd761ac01e7b8d35/ruff-0.15.12-py3-none-musllinux_1_2_armv7l.whl", hash = "sha256:dd8aed930da53780d22fc70bdf84452c843cf64f8cb4eb38984319c24c5cd5fd", size = 10462758, upload-time = "2026-04-24T18:17:32.347Z" },
    { url = "https://files.pythonhosted.org/packages/25/e7/cc9f16fd0f3b5fddcbd7ec3d6ae30c8f3fde1047f32a4093a98d633c6570/ruff-0.15.12-py3-none-musllinux_1_2_i686.whl", hash = "sha256:01da3988d225628b709493d7dc67c3b9b12c0210016b08690ef9bd27970b262b", size = 10953498, upload-time = "2026-04-24T18:17:20.674Z" },
    { url = "https://files.pythonhosted.org/packages/72/7a/a9ba7f98c7a575978698f4230c5e8cc54bbc761af34f560818f933dafa0c/ruff-0.15.12-py3-none-musllinux_1_2_x86_64.whl", hash = "sha256:9cae0f92bd5700d1213188b31cd3bdd2b315361296d10b96b8e2337d3d11f53e", size = 11447765, upload-time = "2026-04-24T18:17:09.755Z" },
    { url = "https://files.pythonhosted.org/packages/ea/f9/0ae446942c846b8266059ad8a30702a35afae55f5cdc54c5adf8d7afdc27/ruff-0.15.12-py3-none-win32.whl", hash = "sha256:d0185894e038d7043ba8fd6aee7499ece6462dc0ea9f1e260c7451807c714c20", size = 10657277, upload-time = "2026-04-24T18:17:18.591Z" },
    { url = "https://files.pythonhosted.org/packages/33/f1/9614e03e1cdcbf9437570b5400ced8a720b5db22b28d8e0f1bda429f660d/ruff-0.15.12-py3-none-win_amd64.whl", hash = "sha256:c87a162d61ab3adca47c03f7f717c68672edec7d1b5499e652331780fe74950d", size = 11837758, upload-time = "2026-04-24T18:17:00.113Z" },
    { url = "https://files.pythonhosted.org/packages/c0/98/6beb4b351e472e5f4c4613f7c35a5290b8be2497e183825310c4c3a3984b/ruff-0.15.12-py3-none-win_arm64.whl", hash = "sha256:a538f7a82d061cee7be55542aca1d86d1393d55d81d4fcc314370f4340930d4f", size = 11120821, upload-time = "2026-04-24T18:16:57.979Z" },
]

[[package]]
name = "s3transfer"
version = "0.17.0"
source = { registry = "https://pypi.org/simple" }
dependencies = [
    { name = "botocore" },
]
sdist = { url = "https://files.pythonhosted.org/packages/9b/ec/7c692cde9125b77e84b307354d4fb705f98b8ccad59a036d5957ca75bfc3/s3transfer-0.17.0.tar.gz", hash = "sha256:9edeb6d1c3c2f89d6050348548834ad8289610d886e5bf7b7207728bd43ce33a", size = 155337, upload-time = "2026-04-29T22:07:36.33Z" }
wheels = [
    { url = "https://files.pythonhosted.org/packages/87/72/c6c32d2b657fa3dad1de340254e14390b1e334ce38268b7ad51abda3c8c2/s3transfer-0.17.0-py3-none-any.whl", hash = "sha256:ce3801712acf4ad3e89fb9990df97b4972e93f4b3b0004d214be5bce12814c20", size = 86811, upload-time = "2026-04-29T22:07:34.966Z" },
]

[[package]]
name = "six"
version = "1.17.0"
source = { registry = "https://pypi.org/simple" }
sdist = { url = "https://files.pythonhosted.org/packages/94/e7/b2c673351809dca68a0e064b6af791aa332cf192da575fd474ed7d6f16a2/six-1.17.0.tar.gz", hash = "sha256:ff70335d468e7eb6ec65b95b99d3a2836546063f63acc5171de367e834932a81", size = 34031, upload-time = "2024-12-04T17:35:28.174Z" }
wheels = [
    { url = "https://files.pythonhosted.org/packages/b7/ce/149a00dd41f10bc29e5921b496af8b574d8413afcd5e30dfa0ed46c2cc5e/six-1.17.0-py2.py3-none-any.whl", hash = "sha256:4721f391ed90541fddacab5acf947aa0d3dc7d27b2e1e8eda2be8970586c3274", size = 11050, upload-time = "2024-12-04T17:35:26.475Z" },
]

[[package]]
name = "urllib3"
version = "2.7.0"
source = { registry = "https://pypi.org/simple" }
sdist = { url = "https://files.pythonhosted.org/packages/53/0c/06f8b233b8fd13b9e5ee11424ef85419ba0d8ba0b3138bf360be2ff56953/urllib3-2.7.0.tar.gz", hash = "sha256:231e0ec3b63ceb14667c67be60f2f2c40a518cb38b03af60abc813da26505f4c", size = 433602, upload-time = "2026-05-07T16:13:18.596Z" }
wheels = [
    { url = "https://files.pythonhosted.org/packages/7f/3e/5db95bcf282c52709639744ca2a8b149baccf648e39c8cc87553df9eae0c/urllib3-2.7.0-py3-none-any.whl", hash = "sha256:9fb4c81ebbb1ce9531cce37674bbc6f1360472bc18ca9a553ede278ef7276897", size = 131087, upload-time = "2026-05-07T16:13:17.151Z" },
]

[[package]]
name = "uv"
version = "0.11.13"
source = { registry = "https://pypi.org/simple" }
sdist = { url = "https://files.pythonhosted.org/packages/4d/3c/463dc85baffc8dda4183b31ba2546204740c0cbac5c01d3671c4eb52819c/uv-0.11.13.tar.gz", hash = "sha256:c30889b6a4417f94a0315371ec5bf8af151f062406ad3fb4b2cbf13d645d825c", size = 4124451, upload-time = "2026-05-11T01:37:54.367Z" }
wheels = [
    { url = "https://files.pythonhosted.org/packages/82/e6/78a0092e303dd8edf5a3ea74442b17b2ed8c1e9f82e97c7359045cefccdc/uv-0.11.13-py3-none-linux_armv6l.whl", hash = "sha256:4e56623a9ff6d7372290963cd21777bcb52aacbff6619d58a2659ee8240f8fed", size = 23545030, upload-time = "2026-05-11T01:38:23.367Z" },
    { url = "https://files.pythonhosted.org/packages/60/7e/e48c24814e5a2cbf2bb9ccf55d9327813fe3074ada9526851914663dc380/uv-0.11.13-py3-none-macosx_10_12_x86_64.whl", hash = "sha256:72ad50ae5ce446f6887be842adffd1770b8e138caccc972f333915e524b323ac", size = 23076867, upload-time = "2026-05-11T01:38:02.308Z" },
    { url = "https://files.pythonhosted.org/packages/66/f6/0dcbc43f83e90626981a10b179769b25c0a218717a4331f928c26b6e13a2/uv-0.11.13-py3-none-macosx_11_0_arm64.whl", hash = "sha256:e5913805ee60b4e331dd7322ae95e18ceb110f6a5baae608d71a532ed1115e75", size = 21710719, upload-time = "2026-05-11T01:37:47.115Z" },
    { url = "https://files.pythonhosted.org/packages/12/c7/348575ae1ea6f312860915a60c1c7c4cf591339164ee321824ba9143a2c4/uv-0.11.13-py3-none-manylinux_2_17_aarch64.manylinux2014_aarch64.musllinux_1_1_aarch64.whl", hash = "sha256:eb4fe81624bc92894c59aaf88a57cb1fcaf7da95dc3cf2ef1ed86847f0a7e9f6", size = 23300489, upload-time = "2026-05-11T01:37:57.718Z" },
    { url = "https://files.pythonhosted.org/packages/31/3c/78a8afbb98a50db65f4096025bbeff7aac67af8a4d3329f4f9bd8b5acc42/uv-0.11.13-py3-none-manylinux_2_17_armv7l.manylinux2014_armv7l.musllinux_1_1_armv7l.whl", hash = "sha256:64dd1c36893d0da363d4c8e91c5d554d01a30061c83302eb93c75ca91b0f7eb3", size = 23077624, upload-time = "2026-05-11T01:37:43.197Z" },
    { url = "https://files.pythonhosted.org/packages/aa/30/d68cfdcaa88ad5a2bd1b149818ef51d970518ddd39001dd62ff5e4709d11/uv-0.11.13-py3-none-manylinux_2_17_armv7l.manylinux2014_armv7l.whl", hash = "sha256:a3551cb18aaa75f50153877a4988e718ba365ba998563c390a99e207aeeadd0d", size = 23107411, upload-time = "2026-05-11T01:38:06.838Z" },
    { url = "https://files.pythonhosted.org/packages/02/2c/2311a29f32e1d404dc2fbc516e5febdf4567fcc3cfdd94e398bf5566b515/uv-0.11.13-py3-none-manylinux_2_17_i686.manylinux2014_i686.whl", hash = "sha256:fd454d4f40e232355fa96937bae41e91b16279e2526034050576da5a2d8a7f40", size = 24551248, upload-time = "2026-05-11T01:37:23.403Z" },
    { url = "https://files.pythonhosted.org/packages/15/cc/ecb7174b11f64079ab9ec8ec0443aeaf69b86c6e6ad213b094d61ac71205/uv-0.11.13-py3-none-manylinux_2_17_ppc64le.manylinux2014_ppc64le.whl", hash = "sha256:e4356e97a0e3e4d3ab53fd15415af12764a979759e37a3124372e3e6755e9a0c", size = 25455493, upload-time = "2026-05-11T01:38:10.814Z" },
    { url = "https://files.pythonhosted.org/packages/eb/0d/44031030724a5128efb06be62a701fe36a1664f91aee346ffaf6f0432d39/uv-0.11.13-py3-none-manylinux_2_17_s390x.manylinux2014_s390x.whl", hash = "sha256:4a714e866853c72cb2b7a18187cf3db4a1475a2032f3bd00e1c98ccf214c31d0", size = 24562712, upload-time = "2026-05-11T01:38:14.979Z" },
    { url = "https://files.pythonhosted.org/packages/e3/ad/dfb82224e73031c71dc70eb4513a6f4f6af66da35c3c955e28d75fe03d1c/uv-0.11.13-py3-none-manylinux_2_17_x86_64.manylinux2014_x86_64.whl", hash = "sha256:e23ddb47f7a317979cf1945cf9ed89d2639f60f7d06164f9ff1ad292c4cc5b3c", size = 24662925, upload-time = "2026-05-11T01:37:31.646Z" },
    { url = "https://files.pythonhosted.org/packages/41/3d/6cd9b920dcc83f0866e842caad5575cc3d5ca6604facbf5582950bbfc68c/uv-0.11.13-py3-none-manylinux_2_28_aarch64.whl", hash = "sha256:00efc945dd0392d7ac571cde402936e13ffba855121de79f42b3de9ee2f6a69a", size = 23398601, upload-time = "2026-05-11T01:37:18.832Z" },
    { url = "https://files.pythonhosted.org/packages/de/a9/291ff99b1dce9ec14b5a0358ad7d384485471d6ee4ecd7d98e05ef570da5/uv-0.11.13-py3-none-manylinux_2_31_riscv64.musllinux_1_1_riscv64.whl", hash = "sha256:b0807d1e9bc84c902cba9bb0b23627f6c980c54167c999e502571974fcfe2d6e", size = 24138999, upload-time = "2026-05-11T01:38:19.294Z" },
    { url = "https://files.pythonhosted.org/packages/9c/88/8eabfbe745371696d09d08e47e637d567413071eb02c7e2324a919ba4f87/uv-0.11.13-py3-none-manylinux_2_31_riscv64.whl", hash = "sha256:bea50519b30c1bc4e4a331dcc1d55253cd8d886d243d3506ec00f34cdf030eff", size = 24196974, upload-time = "2026-05-11T01:37:35.742Z" },
    { url = "https://files.pythonhosted.org/packages/ea/bf/9ab0db9d7f8d7b52382d70eb26bbd9e84dbe6cfce709ec7bf31895991a0a/uv-0.11.13-py3-none-musllinux_1_1_i686.whl", hash = "sha256:d714e4a09e28198664758576542c7cedb054677ab3cdec60207a75ed74f82235", size = 23822126, upload-time = "2026-05-11T01:38:31.829Z" },
    { url = "https://files.pythonhosted.org/packages/72/d9/dc2d1eb6b4181e5485cd36ecdb1c2f4fbec9b4078bb2b7266ef5481d2433/uv-0.11.13-py3-none-musllinux_1_1_x86_64.whl", hash = "sha256:bf067fc357e1f75783c343e731c3bf4f8ca531917eafd6d9f18cd477ddaee158", size = 24868862, upload-time = "2026-05-11T01:38:27.595Z" },
    { url = "https://files.pythonhosted.org/packages/94/94/de37ee6b07459780de695e6c57e158ce1307de075f40718740a981132d9e/uv-0.11.13-py3-none-win32.whl", hash = "sha256:79c3f501bbf849bc566e108545891abfbc15e4e85c22d8875bfe405c1e2efc42", size = 22581531, upload-time = "2026-05-11T01:37:39.382Z" },
    { url = "https://files.pythonhosted.org/packages/d9/89/01f90839cd1204e7a328cc36da27a09bc8b1a9692d3f9b79cee0a0945e1b/uv-0.11.13-py3-none-win_amd64.whl", hash = "sha256:974ec55646a7e680f91cdf4f77fbc6e2a71157240cd0efa387d458709b63ab04", size = 25194788, upload-time = "2026-05-11T01:37:51.372Z" },
    { url = "https://files.pythonhosted.org/packages/63/99/4d75ad86221363a277c3be4e36e928e84f0dff256413e83e58d8af8c0e2c/uv-0.11.13-py3-none-win_arm64.whl", hash = "sha256:35aaca82115b8dc747f22b8c76b1026e707f4c9a59fe39ab3c21be111a65fa44", size = 23589361, upload-time = "2026-05-11T01:37:27.755Z" },
]
