version = 1
revision = 3
requires-python = "==3.14.*"

[[package]]
name = "annotated-types"
version = "0.7.0"
source = { registry = "https://pypi.org/simple" }
sdist = { url = "https://files.pythonhosted.org/packages/ee/67/531ea369ba64dcff5ec9c3402f9f51bf748cec26dde048a2f973a4eea7f5/annotated_types-0.7.0.tar.gz", hash = "sha256:aff07c09a53a08bc8cfccb9c85b05f1aa9a2a6f23728d790723543408344ce89", size = 16081, upload-time = "2024-05-20T21:33:25.928Z" }
wheels = [
    { url = "https://files.pythonhosted.org/packages/78/b6/6307fbef88d9b5ee7421e68d78a9f162e0da4900bc5f5793f6d3d0e34fb8/annotated_types-0.7.0-py3-none-any.whl", hash = "sha256:1f02e8b43a8fbbc3f3e0d4f0f4bfc8131bcb4eebe8849b8e5c773f3a1c582a53", size = 13643, upload-time = "2024-05-20T21:33:24.1Z" },
]

[[package]]
name = "aws-lambda-powertools"
version = "3.26.0"
source = { registry = "https://pypi.org/simple" }
dependencies = [
    { name = "jmespath" },
    { name = "typing-extensions" },
]
sdist = { url = "https://files.pythonhosted.org/packages/9a/41/0d232b87f069b8974048f247b3108869831e8949b27593de8058ec536370/aws_lambda_powertools-3.26.0.tar.gz", hash = "sha256:b1fc9f52ea2a179eb97e8b74ce1658b3dc67591566ec03402213943012406abf", size = 773737, upload-time = "2026-03-20T17:06:31.138Z" }
wheels = [
    { url = "https://files.pythonhosted.org/packages/2a/d5/a341fadb3026fc84c2267b9bfdefb7b509a6f72b4c598a226d9e4faede03/aws_lambda_powertools-3.26.0-py3-none-any.whl", hash = "sha256:a32d4bfa29aa806cca2eba2c607cf2d10f092506518b7a0bb7d894459998f3a1", size = 922995, upload-time = "2026-03-20T17:06:29.345Z" },
]

[[package]]
name = "boto3"
version = "1.42.74"
source = { registry = "https://pypi.org/simple" }
dependencies = [
    { name = "botocore" },
    { name = "jmespath" },
    { name = "s3transfer" },
]
sdist = { url = "https://files.pythonhosted.org/packages/74/ec/636ab2aa7ad9e6bf6e297240ac2d44dba63cc6611e2d5038db318436d449/boto3-1.42.74.tar.gz", hash = "sha256:dbacd808cf2a3dadbf35f3dbd8de97b94dc9f78b1ebd439f38f552e0f9753577", size = 112739, upload-time = "2026-03-23T19:34:09.815Z" }
wheels = [
    { url = "https://files.pythonhosted.org/packages/ad/16/a264b4da2af99f4a12609b93fea941cce5ec41da14b33ed3fef77a910f0c/boto3-1.42.74-py3-none-any.whl", hash = "sha256:4bf89c044d618fe4435af854ab820f09dd43569c0df15d7beb0398f50b9aa970", size = 140557, upload-time = "2026-03-23T19:34:07.084Z" },
]

[[package]]
name = "botocore"
version = "1.42.74"
source = { registry = "https://pypi.org/simple" }
dependencies = [
    { name = "jmespath" },
    { name = "python-dateutil" },
    { name = "urllib3" },
]
sdist = { url = "https://files.pythonhosted.org/packages/9d/c7/cab8a14f0b69944bd0dd1fd58559163455b347eeda00bf836e93ce2684e4/botocore-1.42.74.tar.gz", hash = "sha256:9cf5cdffc6c90ed87b0fe184676806182588be0d0df9b363e9fe3e2923ac8e80", size = 15014379, upload-time = "2026-03-23T19:33:57.692Z" }
wheels = [
    { url = "https://files.pythonhosted.org/packages/d3/65/75852e04de5423c9b0c5b88241d0bdea33e6c6f454c88b71377d230216f2/botocore-1.42.74-py3-none-any.whl", hash = "sha256:3a76a8af08b5de82e51a0ae132394e226e15dbf21c8146ac3f7c1f881517a7a7", size = 14688218, upload-time = "2026-03-23T19:33:52.677Z" },
]

[[package]]
name = "consume-idr-events"
version = "0.1.0"
source = { virtual = "." }
dependencies = [
    { name = "aws-lambda-powertools" },
    { name = "boto3" },
    { name = "psycopg", extra = ["binary"] },
    { name = "pydantic" },
]

[package.dev-dependencies]
dev = [
    { name = "pyright" },
    { name = "ruff" },
    { name = "uv" },
]

[package.metadata]
requires-dist = [
    { name = "aws-lambda-powertools", specifier = ">=3.25.0" },
    { name = "boto3", specifier = ">=1.42.56" },
    { name = "psycopg", extras = ["binary"], specifier = ">=3.2.10" },
    { name = "pydantic", specifier = ">=2.12.2" },
]

[package.metadata.requires-dev]
dev = [
    { name = "pyright", specifier = ">=1.1.407" },
    { name = "ruff", specifier = ">=0.14.6" },
    { name = "uv", specifier = ">=0.9.11" },
]

[[package]]
name = "jmespath"
version = "1.1.0"
source = { registry = "https://pypi.org/simple" }
sdist = { url = "https://files.pythonhosted.org/packages/d3/59/322338183ecda247fb5d1763a6cbe46eff7222eaeebafd9fa65d4bf5cb11/jmespath-1.1.0.tar.gz", hash = "sha256:472c87d80f36026ae83c6ddd0f1d05d4e510134ed462851fd5f754c8c3cbb88d", size = 27377, upload-time = "2026-01-22T16:35:26.279Z" }
wheels = [
    { url = "https://files.pythonhosted.org/packages/14/2f/967ba146e6d58cf6a652da73885f52fc68001525b4197effc174321d70b4/jmespath-1.1.0-py3-none-any.whl", hash = "sha256:a5663118de4908c91729bea0acadca56526eb2698e83de10cd116ae0f4e97c64", size = 20419, upload-time = "2026-01-22T16:35:24.919Z" },
]

[[package]]
name = "nodeenv"
version = "1.10.0"
source = { registry = "https://pypi.org/simple" }
sdist = { url = "https://files.pythonhosted.org/packages/24/bf/d1bda4f6168e0b2e9e5958945e01910052158313224ada5ce1fb2e1113b8/nodeenv-1.10.0.tar.gz", hash = "sha256:996c191ad80897d076bdfba80a41994c2b47c68e224c542b48feba42ba00f8bb", size = 55611, upload-time = "2025-12-20T14:08:54.006Z" }
wheels = [
    { url = "https://files.pythonhosted.org/packages/88/b2/d0896bdcdc8d28a7fc5717c305f1a861c26e18c05047949fb371034d98bd/nodeenv-1.10.0-py2.py3-none-any.whl", hash = "sha256:5bb13e3eed2923615535339b3c620e76779af4cb4c6a90deccc9e36b274d3827", size = 23438, upload-time = "2025-12-20T14:08:52.782Z" },
]

[[package]]
name = "psycopg"
version = "3.3.3"
source = { registry = "https://pypi.org/simple" }
dependencies = [
    { name = "tzdata", marker = "sys_platform == 'win32'" },
]
sdist = { url = "https://files.pythonhosted.org/packages/d3/b6/379d0a960f8f435ec78720462fd94c4863e7a31237cf81bf76d0af5883bf/psycopg-3.3.3.tar.gz", hash = "sha256:5e9a47458b3c1583326513b2556a2a9473a1001a56c9efe9e587245b43148dd9", size = 165624, upload-time = "2026-02-18T16:52:16.546Z" }
wheels = [
    { url = "https://files.pythonhosted.org/packages/c8/5b/181e2e3becb7672b502f0ed7f16ed7352aca7c109cfb94cf3878a9186db9/psycopg-3.3.3-py3-none-any.whl", hash = "sha256:f96525a72bcfade6584ab17e89de415ff360748c766f0106959144dcbb38c698", size = 212768, upload-time = "2026-02-18T16:46:27.365Z" },
]

[package.optional-dependencies]
binary = [
    { name = "psycopg-binary", marker = "implementation_name != 'pypy'" },
]

[[package]]
name = "psycopg-binary"
version = "3.3.3"
source = { registry = "https://pypi.org/simple" }
wheels = [
    { url = "https://files.pythonhosted.org/packages/a2/71/7a57e5b12275fe7e7d84d54113f0226080423a869118419c9106c083a21c/psycopg_binary-3.3.3-cp314-cp314-macosx_10_15_x86_64.whl", hash = "sha256:497852c5eaf1f0c2d88ab74a64a8097c099deac0c71de1cbcf18659a8a04a4b2", size = 4607368, upload-time = "2026-02-18T16:51:19.295Z" },
    { url = "https://files.pythonhosted.org/packages/c7/04/cb834f120f2b2c10d4003515ef9ca9d688115b9431735e3936ae48549af8/psycopg_binary-3.3.3-cp314-cp314-macosx_11_0_arm64.whl", hash = "sha256:258d1ea53464d29768bf25930f43291949f4c7becc706f6e220c515a63a24edd", size = 4687047, upload-time = "2026-02-18T16:51:23.84Z" },
    { url = "https://files.pythonhosted.org/packages/40/e9/47a69692d3da9704468041aa5ed3ad6fc7f6bb1a5ae788d261a26bbca6c7/psycopg_binary-3.3.3-cp314-cp314-manylinux2014_ppc64le.manylinux_2_17_ppc64le.whl", hash = "sha256:111c59897a452196116db12e7f608da472fbff000693a21040e35fc978b23430", size = 5487096, upload-time = "2026-02-18T16:51:29.645Z" },
    { url = "https://files.pythonhosted.org/packages/0b/b6/0e0dd6a2f802864a4ae3dbadf4ec620f05e3904c7842b326aafc43e5f464/psycopg_binary-3.3.3-cp314-cp314-manylinux2014_x86_64.manylinux_2_17_x86_64.whl", hash = "sha256:17bb6600e2455993946385249a3c3d0af52cd70c1c1cdbf712e9d696d0b0bf1b", size = 5168720, upload-time = "2026-02-18T16:51:36.499Z" },
    { url = "https://files.pythonhosted.org/packages/6f/0d/977af38ac19a6b55d22dff508bd743fd7c1901e1b73657e7937c7cccb0a3/psycopg_binary-3.3.3-cp314-cp314-manylinux_2_27_aarch64.manylinux_2_28_aarch64.whl", hash = "sha256:642050398583d61c9856210568eb09a8e4f2fe8224bf3be21b67a370e677eead", size = 6762076, upload-time = "2026-02-18T16:51:43.167Z" },
    { url = "https://files.pythonhosted.org/packages/34/40/912a39d48322cf86895c0eaf2d5b95cb899402443faefd4b09abbba6b6e1/psycopg_binary-3.3.3-cp314-cp314-manylinux_2_38_riscv64.manylinux_2_39_riscv64.whl", hash = "sha256:533efe6dc3a7cba5e2a84e38970786bb966306863e45f3db152007e9f48638a6", size = 4997623, upload-time = "2026-02-18T16:51:47.707Z" },
    { url = "https://files.pythonhosted.org/packages/98/0c/c14d0e259c65dc7be854d926993f151077887391d5a081118907a9d89603/psycopg_binary-3.3.3-cp314-cp314-musllinux_1_2_aarch64.whl", hash = "sha256:5958dbf28b77ce2033482f6cb9ef04d43f5d8f4b7636e6963d5626f000efb23e", size = 4532096, upload-time = "2026-02-18T16:51:51.421Z" },
    { url = "https://files.pythonhosted.org/packages/39/21/8b7c50a194cfca6ea0fd4d1f276158307785775426e90700ab2eba5cd623/psycopg_binary-3.3.3-cp314-cp314-musllinux_1_2_ppc64le.whl", hash = "sha256:a6af77b6626ce92b5817bf294b4d45ec1a6161dba80fc2d82cdffdd6814fd023", size = 4208884, upload-time = "2026-02-18T16:51:57.336Z" },
    { url = "https://files.pythonhosted.org/packages/c7/2c/a4981bf42cf30ebba0424971d7ce70a222ae9b82594c42fc3f2105d7b525/psycopg_binary-3.3.3-cp314-cp314-musllinux_1_2_riscv64.whl", hash = "sha256:47f06fcbe8542b4d96d7392c476a74ada521c5aebdb41c3c0155f6595fc14c8d", size = 3944542, upload-time = "2026-02-18T16:52:04.266Z" },
    { url = "https://files.pythonhosted.org/packages/60/e9/b7c29b56aa0b85a4e0c4d89db691c1ceef08f46a356369144430c155a2f5/psycopg_binary-3.3.3-cp314-cp314-musllinux_1_2_x86_64.whl", hash = "sha256:e7800e6c6b5dc4b0ca7cc7370f770f53ac83886b76afda0848065a674231e856", size = 4254339, upload-time = "2026-02-18T16:52:10.444Z" },
    { url = "https://files.pythonhosted.org/packages/98/5a/291d89f44d3820fffb7a04ebc8f3ef5dda4f542f44a5daea0c55a84abf45/psycopg_binary-3.3.3-cp314-cp314-win_amd64.whl", hash = "sha256:165f22ab5a9513a3d7425ffb7fcc7955ed8ccaeef6d37e369d6cc1dff1582383", size = 3652796, upload-time = "2026-02-18T16:52:14.02Z" },
]

[[package]]
name = "pydantic"
version = "2.12.5"
source = { registry = "https://pypi.org/simple" }
dependencies = [
    { name = "annotated-types" },
    { name = "pydantic-core" },
    { name = "typing-extensions" },
    { name = "typing-inspection" },
]
sdist = { url = "https://files.pythonhosted.org/packages/69/44/36f1a6e523abc58ae5f928898e4aca2e0ea509b5aa6f6f392a5d882be928/pydantic-2.12.5.tar.gz", hash = "sha256:4d351024c75c0f085a9febbb665ce8c0c6ec5d30e903bdb6394b7ede26aebb49", size = 821591, upload-time = "2025-11-26T15:11:46.471Z" }
wheels = [
    { url = "https://files.pythonhosted.org/packages/5a/87/b70ad306ebb6f9b585f114d0ac2137d792b48be34d732d60e597c2f8465a/pydantic-2.12.5-py3-none-any.whl", hash = "sha256:e561593fccf61e8a20fc46dfc2dfe075b8be7d0188df33f221ad1f0139180f9d", size = 463580, upload-time = "2025-11-26T15:11:44.605Z" },
]

[[package]]
name = "pydantic-core"
version = "2.41.5"
source = { registry = "https://pypi.org/simple" }
dependencies = [
    { name = "typing-extensions" },
]
sdist = { url = "https://files.pythonhosted.org/packages/71/70/23b021c950c2addd24ec408e9ab05d59b035b39d97cdc1130e1bce647bb6/pydantic_core-2.41.5.tar.gz", hash = "sha256:08daa51ea16ad373ffd5e7606252cc32f07bc72b28284b6bc9c6df804816476e", size = 460952, upload-time = "2025-11-04T13:43:49.098Z" }
wheels = [
    { url = "https://files.pythonhosted.org/packages/ea/28/46b7c5c9635ae96ea0fbb779e271a38129df2550f763937659ee6c5dbc65/pydantic_core-2.41.5-cp314-cp314-macosx_10_12_x86_64.whl", hash = "sha256:3f37a19d7ebcdd20b96485056ba9e8b304e27d9904d233d7b1015db320e51f0a", size = 2119622, upload-time = "2025-11-04T13:40:56.68Z" },
    { url = "https://files.pythonhosted.org/packages/74/1a/145646e5687e8d9a1e8d09acb278c8535ebe9e972e1f162ed338a622f193/pydantic_core-2.41.5-cp314-cp314-macosx_11_0_arm64.whl", hash = "sha256:1d1d9764366c73f996edd17abb6d9d7649a7eb690006ab6adbda117717099b14", size = 1891725, upload-time = "2025-11-04T13:40:58.807Z" },
    { url = "https://files.pythonhosted.org/packages/23/04/e89c29e267b8060b40dca97bfc64a19b2a3cf99018167ea1677d96368273/pydantic_core-2.41.5-cp314-cp314-manylinux_2_17_aarch64.manylinux2014_aarch64.whl", hash = "sha256:25e1c2af0fce638d5f1988b686f3b3ea8cd7de5f244ca147c777769e798a9cd1", size = 1915040, upload-time = "2025-11-04T13:41:00.853Z" },
    { url = "https://files.pythonhosted.org/packages/84/a3/15a82ac7bd97992a82257f777b3583d3e84bdb06ba6858f745daa2ec8a85/pydantic_core-2.41.5-cp314-cp314-manylinux_2_17_armv7l.manylinux2014_armv7l.whl", hash = "sha256:506d766a8727beef16b7adaeb8ee6217c64fc813646b424d0804d67c16eddb66", size = 2063691, upload-time = "2025-11-04T13:41:03.504Z" },
    { url = "https://files.pythonhosted.org/packages/74/9b/0046701313c6ef08c0c1cf0e028c67c770a4e1275ca73131563c5f2a310a/pydantic_core-2.41.5-cp314-cp314-manylinux_2_17_ppc64le.manylinux2014_ppc64le.whl", hash = "sha256:4819fa52133c9aa3c387b3328f25c1facc356491e6135b459f1de698ff64d869", size = 2213897, upload-time = "2025-11-04T13:41:05.804Z" },
    { url = "https://files.pythonhosted.org/packages/8a/cd/6bac76ecd1b27e75a95ca3a9a559c643b3afcd2dd62086d4b7a32a18b169/pydantic_core-2.41.5-cp314-cp314-manylinux_2_17_s390x.manylinux2014_s390x.whl", hash = "sha256:2b761d210c9ea91feda40d25b4efe82a1707da2ef62901466a42492c028553a2", size = 2333302, upload-time = "2025-11-04T13:41:07.809Z" },
    { url = "https://files.pythonhosted.org/packages/4c/d2/ef2074dc020dd6e109611a8be4449b98cd25e1b9b8a303c2f0fca2f2bcf7/pydantic_core-2.41.5-cp314-cp314-manylinux_2_17_x86_64.manylinux2014_x86_64.whl", hash = "sha256:22f0fb8c1c583a3b6f24df2470833b40207e907b90c928cc8d3594b76f874375", size = 2064877, upload-time = "2025-11-04T13:41:09.827Z" },
    { url = "https://files.pythonhosted.org/packages/18/66/e9db17a9a763d72f03de903883c057b2592c09509ccfe468187f2a2eef29/pydantic_core-2.41.5-cp314-cp314-manylinux_2_5_i686.manylinux1_i686.whl", hash = "sha256:2782c870e99878c634505236d81e5443092fba820f0373997ff75f90f68cd553", size = 2180680, upload-time = "2025-11-04T13:41:12.379Z" },
    { url = "https://files.pythonhosted.org/packages/d3/9e/3ce66cebb929f3ced22be85d4c2399b8e85b622db77dad36b73c5387f8f8/pydantic_core-2.41.5-cp314-cp314-musllinux_1_1_aarch64.whl", hash = "sha256:0177272f88ab8312479336e1d777f6b124537d47f2123f89cb37e0accea97f90", size = 2138960, upload-time = "2025-11-04T13:41:14.627Z" },
    { url = "https://files.pythonhosted.org/packages/a6/62/205a998f4327d2079326b01abee48e502ea739d174f0a89295c481a2272e/pydantic_core-2.41.5-cp314-cp314-musllinux_1_1_armv7l.whl", hash = "sha256:63510af5e38f8955b8ee5687740d6ebf7c2a0886d15a6d65c32814613681bc07", size = 2339102, upload-time = "2025-11-04T13:41:16.868Z" },
    { url = "https://files.pythonhosted.org/packages/3c/0d/f05e79471e889d74d3d88f5bd20d0ed189ad94c2423d81ff8d0000aab4ff/pydantic_core-2.41.5-cp314-cp314-musllinux_1_1_x86_64.whl", hash = "sha256:e56ba91f47764cc14f1daacd723e3e82d1a89d783f0f5afe9c364b8bb491ccdb", size = 2326039, upload-time = "2025-11-04T13:41:18.934Z" },
    { url = "https://files.pythonhosted.org/packages/ec/e1/e08a6208bb100da7e0c4b288eed624a703f4d129bde2da475721a80cab32/pydantic_core-2.41.5-cp314-cp314-win32.whl", hash = "sha256:aec5cf2fd867b4ff45b9959f8b20ea3993fc93e63c7363fe6851424c8a7e7c23", size = 1995126, upload-time = "2025-11-04T13:41:21.418Z" },
    { url = "https://files.pythonhosted.org/packages/48/5d/56ba7b24e9557f99c9237e29f5c09913c81eeb2f3217e40e922353668092/pydantic_core-2.41.5-cp314-cp314-win_amd64.whl", hash = "sha256:8e7c86f27c585ef37c35e56a96363ab8de4e549a95512445b85c96d3e2f7c1bf", size = 2015489, upload-time = "2025-11-04T13:41:24.076Z" },
    { url = "https://files.pythonhosted.org/packages/4e/bb/f7a190991ec9e3e0ba22e4993d8755bbc4a32925c0b5b42775c03e8148f9/pydantic_core-2.41.5-cp314-cp314-win_arm64.whl", hash = "sha256:e672ba74fbc2dc8eea59fb6d4aed6845e6905fc2a8afe93175d94a83ba2a01a0", size = 1977288, upload-time = "2025-11-04T13:41:26.33Z" },
    { url = "https://files.pythonhosted.org/packages/92/ed/77542d0c51538e32e15afe7899d79efce4b81eee631d99850edc2f5e9349/pydantic_core-2.41.5-cp314-cp314t-macosx_10_12_x86_64.whl", hash = "sha256:8566def80554c3faa0e65ac30ab0932b9e3a5cd7f8323764303d468e5c37595a", size = 2120255, upload-time = "2025-11-04T13:41:28.569Z" },
    { url = "https://files.pythonhosted.org/packages/bb/3d/6913dde84d5be21e284439676168b28d8bbba5600d838b9dca99de0fad71/pydantic_core-2.41.5-cp314-cp314t-macosx_11_0_arm64.whl", hash = "sha256:b80aa5095cd3109962a298ce14110ae16b8c1aece8b72f9dafe81cf597ad80b3", size = 1863760, upload-time = "2025-11-04T13:41:31.055Z" },
    { url = "https://files.pythonhosted.org/packages/5a/f0/e5e6b99d4191da102f2b0eb9687aaa7f5bea5d9964071a84effc3e40f997/pydantic_core-2.41.5-cp314-cp314t-manylinux_2_17_aarch64.manylinux2014_aarch64.whl", hash = "sha256:3006c3dd9ba34b0c094c544c6006cc79e87d8612999f1a5d43b769b89181f23c", size = 1878092, upload-time = "2025-11-04T13:41:33.21Z" },
    { url = "https://files.pythonhosted.org/packages/71/48/36fb760642d568925953bcc8116455513d6e34c4beaa37544118c36aba6d/pydantic_core-2.41.5-cp314-cp314t-manylinux_2_17_armv7l.manylinux2014_armv7l.whl", hash = "sha256:72f6c8b11857a856bcfa48c86f5368439f74453563f951e473514579d44aa612", size = 2053385, upload-time = "2025-11-04T13:41:35.508Z" },
    { url = "https://files.pythonhosted.org/packages/20/25/92dc684dd8eb75a234bc1c764b4210cf2646479d54b47bf46061657292a8/pydantic_core-2.41.5-cp314-cp314t-manylinux_2_17_ppc64le.manylinux2014_ppc64le.whl", hash = "sha256:5cb1b2f9742240e4bb26b652a5aeb840aa4b417c7748b6f8387927bc6e45e40d", size = 2218832, upload-time = "2025-11-04T13:41:37.732Z" },
    { url = "https://files.pythonhosted.org/packages/e2/09/f53e0b05023d3e30357d82eb35835d0f6340ca344720a4599cd663dca599/pydantic_core-2.41.5-cp314-cp314t-manylinux_2_17_s390x.manylinux2014_s390x.whl", hash = "sha256:bd3d54f38609ff308209bd43acea66061494157703364ae40c951f83ba99a1a9", size = 2327585, upload-time = "2025-11-04T13:41:40Z" },
    { url = "https://files.pythonhosted.org/packages/aa/4e/2ae1aa85d6af35a39b236b1b1641de73f5a6ac4d5a7509f77b814885760c/pydantic_core-2.41.5-cp314-cp314t-manylinux_2_17_x86_64.manylinux2014_x86_64.whl", hash = "sha256:2ff4321e56e879ee8d2a879501c8e469414d948f4aba74a2d4593184eb326660", size = 2041078, upload-time = "2025-11-04T13:41:42.323Z" },
    { url = "https://files.pythonhosted.org/packages/cd/13/2e215f17f0ef326fc72afe94776edb77525142c693767fc347ed6288728d/pydantic_core-2.41.5-cp314-cp314t-manylinux_2_5_i686.manylinux1_i686.whl", hash = "sha256:d0d2568a8c11bf8225044aa94409e21da0cb09dcdafe9ecd10250b2baad531a9", size = 2173914, upload-time = "2025-11-04T13:41:45.221Z" },
    { url = "https://files.pythonhosted.org/packages/02/7a/f999a6dcbcd0e5660bc348a3991c8915ce6599f4f2c6ac22f01d7a10816c/pydantic_core-2.41.5-cp314-cp314t-musllinux_1_1_aarch64.whl", hash = "sha256:a39455728aabd58ceabb03c90e12f71fd30fa69615760a075b9fec596456ccc3", size = 2129560, upload-time = "2025-11-04T13:41:47.474Z" },
    { url = "https://files.pythonhosted.org/packages/3a/b1/6c990ac65e3b4c079a4fb9f5b05f5b013afa0f4ed6780a3dd236d2cbdc64/pydantic_core-2.41.5-cp314-cp314t-musllinux_1_1_armv7l.whl", hash = "sha256:239edca560d05757817c13dc17c50766136d21f7cd0fac50295499ae24f90fdf", size = 2329244, upload-time = "2025-11-04T13:41:49.992Z" },
    { url = "https://files.pythonhosted.org/packages/d9/02/3c562f3a51afd4d88fff8dffb1771b30cfdfd79befd9883ee094f5b6c0d8/pydantic_core-2.41.5-cp314-cp314t-musllinux_1_1_x86_64.whl", hash = "sha256:2a5e06546e19f24c6a96a129142a75cee553cc018ffee48a460059b1185f4470", size = 2331955, upload-time = "2025-11-04T13:41:54.079Z" },
    { url = "https://files.pythonhosted.org/packages/5c/96/5fb7d8c3c17bc8c62fdb031c47d77a1af698f1d7a406b0f79aaa1338f9ad/pydantic_core-2.41.5-cp314-cp314t-win32.whl", hash = "sha256:b4ececa40ac28afa90871c2cc2b9ffd2ff0bf749380fbdf57d165fd23da353aa", size = 1988906, upload-time = "2025-11-04T13:41:56.606Z" },
    { url = "https://files.pythonhosted.org/packages/22/ed/182129d83032702912c2e2d8bbe33c036f342cc735737064668585dac28f/pydantic_core-2.41.5-cp314-cp314t-win_amd64.whl", hash = "sha256:80aa89cad80b32a912a65332f64a4450ed00966111b6615ca6816153d3585a8c", size = 1981607, upload-time = "2025-11-04T13:41:58.889Z" },
    { url = "https://files.pythonhosted.org/packages/9f/ed/068e41660b832bb0b1aa5b58011dea2a3fe0ba7861ff38c4d4904c1c1a99/pydantic_core-2.41.5-cp314-cp314t-win_arm64.whl", hash = "sha256:35b44f37a3199f771c3eaa53051bc8a70cd7b54f333531c59e29fd4db5d15008", size = 1974769, upload-time = "2025-11-04T13:42:01.186Z" },
]

[[package]]
name = "pyright"
version = "1.1.408"
source = { registry = "https://pypi.org/simple" }
dependencies = [
    { name = "nodeenv" },
    { name = "typing-extensions" },
]
sdist = { url = "https://files.pythonhosted.org/packages/74/b2/5db700e52554b8f025faa9c3c624c59f1f6c8841ba81ab97641b54322f16/pyright-1.1.408.tar.gz", hash = "sha256:f28f2321f96852fa50b5829ea492f6adb0e6954568d1caa3f3af3a5f555eb684", size = 4400578, upload-time = "2026-01-08T08:07:38.795Z" }
wheels = [
    { url = "https://files.pythonhosted.org/packages/0c/82/a2c93e32800940d9573fb28c346772a14778b84ba7524e691b324620ab89/pyright-1.1.408-py3-none-any.whl", hash = "sha256:090b32865f4fdb1e0e6cd82bf5618480d48eecd2eb2e70f960982a3d9a4c17c1", size = 6399144, upload-time = "2026-01-08T08:07:37.082Z" },
]

[[package]]
name = "python-dateutil"
version = "2.9.0.post0"
source = { registry = "https://pypi.org/simple" }
dependencies = [
    { name = "six" },
]
sdist = { url = "https://files.pythonhosted.org/packages/66/c0/0c8b6ad9f17a802ee498c46e004a0eb49bc148f2fd230864601a86dcf6db/python-dateutil-2.9.0.post0.tar.gz", hash = "sha256:37dd54208da7e1cd875388217d5e00ebd4179249f90fb72437e91a35459a0ad3", size = 342432, upload-time = "2024-03-01T18:36:20.211Z" }
wheels = [
    { url = "https://files.pythonhosted.org/packages/ec/57/56b9bcc3c9c6a792fcbaf139543cee77261f3651ca9da0c93f5c1221264b/python_dateutil-2.9.0.post0-py2.py3-none-any.whl", hash = "sha256:a8b2bc7bffae282281c8140a97d3aa9c14da0b136dfe83f850eea9a5f7470427", size = 229892, upload-time = "2024-03-01T18:36:18.57Z" },
]

[[package]]
name = "ruff"
version = "0.15.7"
source = { registry = "https://pypi.org/simple" }
sdist = { url = "https://files.pythonhosted.org/packages/a1/22/9e4f66ee588588dc6c9af6a994e12d26e19efbe874d1a909d09a6dac7a59/ruff-0.15.7.tar.gz", hash = "sha256:04f1ae61fc20fe0b148617c324d9d009b5f63412c0b16474f3d5f1a1a665f7ac", size = 4601277, upload-time = "2026-03-19T16:26:22.605Z" }
wheels = [
    { url = "https://files.pythonhosted.org/packages/41/2f/0b08ced94412af091807b6119ca03755d651d3d93a242682bf020189db94/ruff-0.15.7-py3-none-linux_armv6l.whl", hash = "sha256:a81cc5b6910fb7dfc7c32d20652e50fa05963f6e13ead3c5915c41ac5d16668e", size = 10489037, upload-time = "2026-03-19T16:26:32.47Z" },
    { url = "https://files.pythonhosted.org/packages/91/4a/82e0fa632e5c8b1eba5ee86ecd929e8ff327bbdbfb3c6ac5d81631bef605/ruff-0.15.7-py3-none-macosx_10_12_x86_64.whl", hash = "sha256:722d165bd52403f3bdabc0ce9e41fc47070ac56d7a91b4e0d097b516a53a3477", size = 10955433, upload-time = "2026-03-19T16:27:00.205Z" },
    { url = "https://files.pythonhosted.org/packages/ab/10/12586735d0ff42526ad78c049bf51d7428618c8b5c467e72508c694119df/ruff-0.15.7-py3-none-macosx_11_0_arm64.whl", hash = "sha256:7fbc2448094262552146cbe1b9643a92f66559d3761f1ad0656d4991491af49e", size = 10269302, upload-time = "2026-03-19T16:26:26.183Z" },
    { url = "https://files.pythonhosted.org/packages/eb/5d/32b5c44ccf149a26623671df49cbfbd0a0ae511ff3df9d9d2426966a8d57/ruff-0.15.7-py3-none-manylinux_2_17_aarch64.manylinux2014_aarch64.whl", hash = "sha256:6b39329b60eba44156d138275323cc726bbfbddcec3063da57caa8a8b1d50adf", size = 10607625, upload-time = "2026-03-19T16:27:03.263Z" },
    { url = "https://files.pythonhosted.org/packages/5d/f1/f0001cabe86173aaacb6eb9bb734aa0605f9a6aa6fa7d43cb49cbc4af9c9/ruff-0.15.7-py3-none-manylinux_2_17_armv7l.manylinux2014_armv7l.whl", hash = "sha256:87768c151808505f2bfc93ae44e5f9e7c8518943e5074f76ac21558ef5627c85", size = 10324743, upload-time = "2026-03-19T16:27:09.791Z" },
    { url = "https://files.pythonhosted.org/packages/7a/87/b8a8f3d56b8d848008559e7c9d8bf367934d5367f6d932ba779456e2f73b/ruff-0.15.7-py3-none-manylinux_2_17_i686.manylinux2014_i686.whl", hash = "sha256:fb0511670002c6c529ec66c0e30641c976c8963de26a113f3a30456b702468b0", size = 11138536, upload-time = "2026-03-19T16:27:06.101Z" },
    { url = "https://files.pythonhosted.org/packages/e4/f2/4fd0d05aab0c5934b2e1464784f85ba2eab9d54bffc53fb5430d1ed8b829/ruff-0.15.7-py3-none-manylinux_2_17_ppc64le.manylinux2014_ppc64le.whl", hash = "sha256:e0d19644f801849229db8345180a71bee5407b429dd217f853ec515e968a6912", size = 11994292, upload-time = "2026-03-19T16:26:48.718Z" },
    { url = "https://files.pythonhosted.org/packages/64/22/fc4483871e767e5e95d1622ad83dad5ebb830f762ed0420fde7dfa9d9b08/ruff-0.15.7-py3-none-manylinux_2_17_s390x.manylinux2014_s390x.whl", hash = "sha256:4806d8e09ef5e84eb19ba833d0442f7e300b23fe3f0981cae159a248a10f0036", size = 11398981, upload-time = "2026-03-19T16:26:54.513Z" },
    { url = "https://files.pythonhosted.org/packages/b0/99/66f0343176d5eab02c3f7fcd2de7a8e0dd7a41f0d982bee56cd1c24db62b/ruff-0.15.7-py3-none-manylinux_2_17_x86_64.manylinux2014_x86_64.whl", hash = "sha256:dce0896488562f09a27b9c91b1f58a097457143931f3c4d519690dea54e624c5", size = 11242422, upload-time = "2026-03-19T16:26:29.277Z" },
    { url = "https://files.pythonhosted.org/packages/5d/3a/a7060f145bfdcce4c987ea27788b30c60e2c81d6e9a65157ca8afe646328/ruff-0.15.7-py3-none-manylinux_2_31_riscv64.whl", hash = "sha256:1852ce241d2bc89e5dc823e03cff4ce73d816b5c6cdadd27dbfe7b03217d2a12", size = 11232158, upload-time = "2026-03-19T16:26:42.321Z" },
    { url = "https://files.pythonhosted.org/packages/a7/53/90fbb9e08b29c048c403558d3cdd0adf2668b02ce9d50602452e187cd4af/ruff-0.15.7-py3-none-musllinux_1_2_aarch64.whl", hash = "sha256:5f3e4b221fb4bd293f79912fc5e93a9063ebd6d0dcbd528f91b89172a9b8436c", size = 10577861, upload-time = "2026-03-19T16:26:57.459Z" },
    { url = "https://files.pythonhosted.org/packages/2f/aa/5f486226538fe4d0f0439e2da1716e1acf895e2a232b26f2459c55f8ddad/ruff-0.15.7-py3-none-musllinux_1_2_armv7l.whl", hash = "sha256:b15e48602c9c1d9bdc504b472e90b90c97dc7d46c7028011ae67f3861ceba7b4", size = 10327310, upload-time = "2026-03-19T16:26:35.909Z" },
    { url = "https://files.pythonhosted.org/packages/99/9e/271afdffb81fe7bfc8c43ba079e9d96238f674380099457a74ccb3863857/ruff-0.15.7-py3-none-musllinux_1_2_i686.whl", hash = "sha256:1b4705e0e85cedc74b0a23cf6a179dbb3df184cb227761979cc76c0440b5ab0d", size = 10840752, upload-time = "2026-03-19T16:26:45.723Z" },
    { url = "https://files.pythonhosted.org/packages/bf/29/a4ae78394f76c7759953c47884eb44de271b03a66634148d9f7d11e721bd/ruff-0.15.7-py3-none-musllinux_1_2_x86_64.whl", hash = "sha256:112c1fa316a558bb34319282c1200a8bf0495f1b735aeb78bfcb2991e6087580", size = 11336961, upload-time = "2026-03-19T16:26:39.076Z" },
    { url = "https://files.pythonhosted.org/packages/26/6b/8786ba5736562220d588a2f6653e6c17e90c59ced34a2d7b512ef8956103/ruff-0.15.7-py3-none-win32.whl", hash = "sha256:6d39e2d3505b082323352f733599f28169d12e891f7dd407f2d4f54b4c2886de", size = 10582538, upload-time = "2026-03-19T16:26:15.992Z" },
    { url = "https://files.pythonhosted.org/packages/2b/e9/346d4d3fffc6871125e877dae8d9a1966b254fbd92a50f8561078b88b099/ruff-0.15.7-py3-none-win_amd64.whl", hash = "sha256:4d53d712ddebcd7dace1bc395367aec12c057aacfe9adbb6d832302575f4d3a1", size = 11755839, upload-time = "2026-03-19T16:26:19.897Z" },
    { url = "https://files.pythonhosted.org/packages/8f/e8/726643a3ea68c727da31570bde48c7a10f1aa60eddd628d94078fec586ff/ruff-0.15.7-py3-none-win_arm64.whl", hash = "sha256:18e8d73f1c3fdf27931497972250340f92e8c861722161a9caeb89a58ead6ed2", size = 11023304, upload-time = "2026-03-19T16:26:51.669Z" },
]

[[package]]
name = "s3transfer"
version = "0.16.0"
source = { registry = "https://pypi.org/simple" }
dependencies = [
    { name = "botocore" },
]
sdist = { url = "https://files.pythonhosted.org/packages/05/04/74127fc843314818edfa81b5540e26dd537353b123a4edc563109d8f17dd/s3transfer-0.16.0.tar.gz", hash = "sha256:8e990f13268025792229cd52fa10cb7163744bf56e719e0b9cb925ab79abf920", size = 153827, upload-time = "2025-12-01T02:30:59.114Z" }
wheels = [
    { url = "https://files.pythonhosted.org/packages/fc/51/727abb13f44c1fcf6d145979e1535a35794db0f6e450a0cb46aa24732fe2/s3transfer-0.16.0-py3-none-any.whl", hash = "sha256:18e25d66fed509e3868dc1572b3f427ff947dd2c56f844a5bf09481ad3f3b2fe", size = 86830, upload-time = "2025-12-01T02:30:57.729Z" },
]

[[package]]
name = "six"
version = "1.17.0"
source = { registry = "https://pypi.org/simple" }
sdist = { url = "https://files.pythonhosted.org/packages/94/e7/b2c673351809dca68a0e064b6af791aa332cf192da575fd474ed7d6f16a2/six-1.17.0.tar.gz", hash = "sha256:ff70335d468e7eb6ec65b95b99d3a2836546063f63acc5171de367e834932a81", size = 34031, upload-time = "2024-12-04T17:35:28.174Z" }
wheels = [
    { url = "https://files.pythonhosted.org/packages/b7/ce/149a00dd41f10bc29e5921b496af8b574d8413afcd5e30dfa0ed46c2cc5e/six-1.17.0-py2.py3-none-any.whl", hash = "sha256:4721f391ed90541fddacab5acf947aa0d3dc7d27b2e1e8eda2be8970586c3274", size = 11050, upload-time = "2024-12-04T17:35:26.475Z" },
]

[[package]]
name = "typing-extensions"
version = "4.15.0"
source = { registry = "https://pypi.org/simple" }
sdist = { url = "https://files.pythonhosted.org/packages/72/94/1a15dd82efb362ac84269196e94cf00f187f7ed21c242792a923cdb1c61f/typing_extensions-4.15.0.tar.gz", hash = "sha256:0cea48d173cc12fa28ecabc3b837ea3cf6f38c6d1136f85cbaaf598984861466", size = 109391, upload-time = "2025-08-25T13:49:26.313Z" }
wheels = [
    { url = "https://files.pythonhosted.org/packages/18/67/36e9267722cc04a6b9f15c7f3441c2363321a3ea07da7ae0c0707beb2a9c/typing_extensions-4.15.0-py3-none-any.whl", hash = "sha256:f0fa19c6845758ab08074a0cfa8b7aecb71c999ca73d62883bc25cc018c4e548", size = 44614, upload-time = "2025-08-25T13:49:24.86Z" },
]

[[package]]
name = "typing-inspection"
version = "0.4.2"
source = { registry = "https://pypi.org/simple" }
dependencies = [
    { name = "typing-extensions" },
]
sdist = { url = "https://files.pythonhosted.org/packages/55/e3/70399cb7dd41c10ac53367ae42139cf4b1ca5f36bb3dc6c9d33acdb43655/typing_inspection-0.4.2.tar.gz", hash = "sha256:ba561c48a67c5958007083d386c3295464928b01faa735ab8547c5692e87f464", size = 75949, upload-time = "2025-10-01T02:14:41.687Z" }
wheels = [
    { url = "https://files.pythonhosted.org/packages/dc/9b/47798a6c91d8bdb567fe2698fe81e0c6b7cb7ef4d13da4114b41d239f65d/typing_inspection-0.4.2-py3-none-any.whl", hash = "sha256:4ed1cacbdc298c220f1bd249ed5287caa16f34d44ef4e9c3d0cbad5b521545e7", size = 14611, upload-time = "2025-10-01T02:14:40.154Z" },
]

[[package]]
name = "tzdata"
version = "2025.3"
source = { registry = "https://pypi.org/simple" }
sdist = { url = "https://files.pythonhosted.org/packages/5e/a7/c202b344c5ca7daf398f3b8a477eeb205cf3b6f32e7ec3a6bac0629ca975/tzdata-2025.3.tar.gz", hash = "sha256:de39c2ca5dc7b0344f2eba86f49d614019d29f060fc4ebc8a417896a620b56a7", size = 196772, upload-time = "2025-12-13T17:45:35.667Z" }
wheels = [
    { url = "https://files.pythonhosted.org/packages/c7/b0/003792df09decd6849a5e39c28b513c06e84436a54440380862b5aeff25d/tzdata-2025.3-py2.py3-none-any.whl", hash = "sha256:06a47e5700f3081aab02b2e513160914ff0694bce9947d6b76ebd6bf57cfc5d1", size = 348521, upload-time = "2025-12-13T17:45:33.889Z" },
]

[[package]]
name = "urllib3"
version = "2.6.3"
source = { registry = "https://pypi.org/simple" }
sdist = { url = "https://files.pythonhosted.org/packages/c7/24/5f1b3bdffd70275f6661c76461e25f024d5a38a46f04aaca912426a2b1d3/urllib3-2.6.3.tar.gz", hash = "sha256:1b62b6884944a57dbe321509ab94fd4d3b307075e0c2eae991ac71ee15ad38ed", size = 435556, upload-time = "2026-01-07T16:24:43.925Z" }
wheels = [
    { url = "https://files.pythonhosted.org/packages/39/08/aaaad47bc4e9dc8c725e68f9d04865dbcb2052843ff09c97b08904852d84/urllib3-2.6.3-py3-none-any.whl", hash = "sha256:bf272323e553dfb2e87d9bfd225ca7b0f467b919d7bbd355436d3fd37cb0acd4", size = 131584, upload-time = "2026-01-07T16:24:42.685Z" },
]

[[package]]
name = "uv"
version = "0.11.0"
source = { registry = "https://pypi.org/simple" }
sdist = { url = "https://files.pythonhosted.org/packages/5a/c3/8fe199f300c8c740a55bc7a0eb628aa21ce6fd81130ab26b1b74597e3566/uv-0.11.0.tar.gz", hash = "sha256:8065cd54c2827588611a1de334901737373602cb64d7b84735a08b7d16c8932b", size = 4007038, upload-time = "2026-03-23T22:04:50.132Z" }
wheels = [
    { url = "https://files.pythonhosted.org/packages/78/29/188d4abb5bbae1d815f4ca816ad5a3df570cb286600b691299424f5e0798/uv-0.11.0-py3-none-linux_armv6l.whl", hash = "sha256:0a66d95ded54f76be0b3c5c8aefd4a35cc453f8d3042563b3a06e2dc4d54dbb6", size = 23338895, upload-time = "2026-03-23T22:04:53.4Z" },
    { url = "https://files.pythonhosted.org/packages/49/d3/e8c91242e5bf2c10e8da8ad4568bc41741f497ba6ae7ebfa3f931ef56171/uv-0.11.0-py3-none-macosx_10_12_x86_64.whl", hash = "sha256:130f5dd799e8f50ab5c1cdc51b044bb990330d99807c406d37f0b09b3fdf85fe", size = 22812837, upload-time = "2026-03-23T22:05:13.426Z" },
    { url = "https://files.pythonhosted.org/packages/d9/1c/6ddd0febcea06cf23e59d9bff90d07025ecfd600238807f41ed2bdafd159/uv-0.11.0-py3-none-macosx_11_0_arm64.whl", hash = "sha256:4b0ebbd7ae019ea9fc4bff6a07d0c1e1d6784d1842bbdcb941982d30e2391972", size = 21363278, upload-time = "2026-03-23T22:05:48.771Z" },
    { url = "https://files.pythonhosted.org/packages/79/25/2bf8fb0ae419a9dd7b7e13ab6d742628146ed9dd0d2205c2f7d5c437f3d5/uv-0.11.0-py3-none-manylinux_2_17_aarch64.manylinux2014_aarch64.musllinux_1_1_aarch64.whl", hash = "sha256:50f3d0c4902558a2a06afb4666e6808510879fb52b0d8cc7be36e509d890fd88", size = 23132924, upload-time = "2026-03-23T22:05:52.759Z" },
    { url = "https://files.pythonhosted.org/packages/ff/af/c83604cf9d2c2a07f50d779c8a51c50bc6e31bcc196d58c76c4af5de363c/uv-0.11.0-py3-none-manylinux_2_17_armv7l.manylinux2014_armv7l.musllinux_1_1_armv7l.whl", hash = "sha256:16b7850ac8311eb04fe74c6ec1b3a7b6d7d84514bb6176877fcf5df9b7d6464a", size = 22935016, upload-time = "2026-03-23T22:05:45.023Z" },
    { url = "https://files.pythonhosted.org/packages/8d/1f/2b4bbab1952a9c28f09e719ca5260fb6ae013d0a8b5025c3813ba86708ed/uv-0.11.0-py3-none-manylinux_2_17_armv7l.manylinux2014_armv7l.whl", hash = "sha256:f2c3ec280a625c77ff6d9d53ebc0af9277ca58086b8ab2f8e66b03569f6aecb9", size = 22929000, upload-time = "2026-03-23T22:05:17.039Z" },
    { url = "https://files.pythonhosted.org/packages/ca/bc/038b3df6e22413415ae1eec748ee5b5f0c32ac2bdd80350a1d1944a4b8aa/uv-0.11.0-py3-none-manylinux_2_17_i686.manylinux2014_i686.whl", hash = "sha256:24fbec6a70cee6e2bf5619ff71e4c984664dbcc03dcf77bcef924febf9292293", size = 24575116, upload-time = "2026-03-23T22:05:01.095Z" },
    { url = "https://files.pythonhosted.org/packages/76/91/6adc039c3b701bd4a65d8fdfada3e7f3ee54eaca1759b3199699bf338d0e/uv-0.11.0-py3-none-manylinux_2_17_ppc64le.manylinux2014_ppc64le.whl", hash = "sha256:15d2380214518375713c8da32e84e3d1834bee324b43a5dff8097b4d8b1694a9", size = 25158577, upload-time = "2026-03-23T22:05:21.049Z" },
    { url = "https://files.pythonhosted.org/packages/ae/1e/fa1a4f5845c4081c0ace983608ae8fbe00fa27eefb4f0f884832c519b289/uv-0.11.0-py3-none-manylinux_2_17_s390x.manylinux2014_s390x.whl", hash = "sha256:74cf7401fe134dde492812e478bc0ece27f01f52be29ebbd103b4bb238ce2a29", size = 24390099, upload-time = "2026-03-23T22:04:43.756Z" },
    { url = "https://files.pythonhosted.org/packages/36/fa/086616d98b0b8a2cc5e7b49c389118a8196027a79a5a501f5e738f718f59/uv-0.11.0-py3-none-manylinux_2_17_x86_64.manylinux2014_x86_64.whl", hash = "sha256:30a08ee4291580784a5e276a1cbec8830994dba2ed5c94d878cce8b2121367cf", size = 24508501, upload-time = "2026-03-23T22:05:05.062Z" },
    { url = "https://files.pythonhosted.org/packages/cc/e5/628d21734684c3413ae484229815c04dc9c5639b71b53c308e4e7faec225/uv-0.11.0-py3-none-manylinux_2_28_aarch64.whl", hash = "sha256:fb45be97641214df78647443e8fa0236deeef4c7995f2e3df55879b0bc42d71d", size = 23213423, upload-time = "2026-03-23T22:05:37.112Z" },
    { url = "https://files.pythonhosted.org/packages/84/53/56df3017a738de6170f8937290f45e3cd33c6d8aa7cf21b7fb688e9eaa07/uv-0.11.0-py3-none-manylinux_2_31_riscv64.musllinux_1_1_riscv64.whl", hash = "sha256:509f6e04ba3a38309a026874d2d99652d16fee79da26c8008886bc9e42bc37df", size = 24014494, upload-time = "2026-03-23T22:05:25.013Z" },
    { url = "https://files.pythonhosted.org/packages/44/a4/1cf99ae80dd3ec08834e55c12ea22a6a36efc16ad39ea256c9ebe4e0682c/uv-0.11.0-py3-none-manylinux_2_31_riscv64.whl", hash = "sha256:30eed93f96a99a97e64543558be79c628d6197059227c0789f9921aa886e83f6", size = 24049669, upload-time = "2026-03-23T22:05:09.865Z" },
    { url = "https://files.pythonhosted.org/packages/bc/ad/621271fa73f268bea996e3e296698097b5c557d48de1d316b319105e45ef/uv-0.11.0-py3-none-musllinux_1_1_i686.whl", hash = "sha256:81b73d7e9d811131636f0010533a98dd9c1893d5b7aa9672cc1ed00452834ba3", size = 23677683, upload-time = "2026-03-23T22:04:57.211Z" },
    { url = "https://files.pythonhosted.org/packages/20/03/daf51de08504529dc3de94d15d81590249e4d0394aa881dc305d7e6d6478/uv-0.11.0-py3-none-musllinux_1_1_x86_64.whl", hash = "sha256:7cbcf306d71d84855972a24a760d33f44898ac5e94b680de62cd28e30d91b69a", size = 24728106, upload-time = "2026-03-23T22:05:29.149Z" },
    { url = "https://files.pythonhosted.org/packages/22/ac/26ed5b0792f940bab892be65de7c9297c6ef1ec879adf7d133300eba31a3/uv-0.11.0-py3-none-win32.whl", hash = "sha256:801604513ec0cc05420b382a0f61064ce1c7800758ed676caba5ff4da0e3a99e", size = 22440703, upload-time = "2026-03-23T22:05:32.806Z" },
    { url = "https://files.pythonhosted.org/packages/8b/86/5449b6cd7530d1f61a77fde6186f438f8a5291cb063a8baa3b4addaa24b9/uv-0.11.0-py3-none-win_amd64.whl", hash = "sha256:7e16194cf933c9803478f83fb140cefe76cd37fc0d9918d922f6f6fbc6ca7297", size = 24860392, upload-time = "2026-03-23T22:05:41.019Z" },
    { url = "https://files.pythonhosted.org/packages/04/5b/b93ef560e7b69854a83610e7285ebc681bb385dd321e6f6d359bef5db4c0/uv-0.11.0-py3-none-win_arm64.whl", hash = "sha256:1960ae9c73d782a73b82e28e5f735b269743d18a467b3f14ec35b614435a2aef", size = 23347957, upload-time = "2026-03-23T22:04:47.727Z" },
]
