version = 1
revision = 1
requires-python = ">=3.13"

[[package]]
name = "bfd-mgmt-mount-certstores"
version = "1.0.0"
source = { virtual = "." }
dependencies = [
    { name = "boto3" },
    { name = "click" },
]

[package.dev-dependencies]
dev = [
    { name = "boto3-stubs", extra = ["s3"] },
    { name = "ruff" },
    { name = "uv" },
]

[package.metadata]
requires-dist = [
    { name = "boto3" },
    { name = "click" },
]

[package.metadata.requires-dev]
dev = [
    { name = "boto3-stubs", extras = ["s3"] },
    { name = "ruff" },
    { name = "uv" },
]

[[package]]
name = "boto3"
version = "1.37.11"
source = { registry = "https://pypi.org/simple" }
dependencies = [
    { name = "botocore" },
    { name = "jmespath" },
    { name = "s3transfer" },
]
sdist = { url = "https://files.pythonhosted.org/packages/21/12/948ab48f2e2d4eda72f907352e67379334ded1a2a6d1ebbaac11e77dfca9/boto3-1.37.11.tar.gz", hash = "sha256:8eec08363ef5db05c2fbf58e89f0c0de6276cda2fdce01e76b3b5f423cd5c0f4", size = 111323 }
wheels = [
    { url = "https://files.pythonhosted.org/packages/29/55/0afe0471e391f4aaa99e5216b5c9ce6493756c0b7a7d8f8ffe85ba83b7a0/boto3-1.37.11-py3-none-any.whl", hash = "sha256:da6c22fc8a7e9bca5d7fc465a877ac3d45b6b086d776bd1a6c55bdde60523741", size = 139553 },
]

[[package]]
name = "boto3-stubs"
version = "1.37.11"
source = { registry = "https://pypi.org/simple" }
dependencies = [
    { name = "botocore-stubs" },
    { name = "types-s3transfer" },
]
sdist = { url = "https://files.pythonhosted.org/packages/33/ff/d364d0362924e8993c447e6e7bdd315d40d1643f6e2a8f85f3b5946d7d5b/boto3_stubs-1.37.11.tar.gz", hash = "sha256:2e62c9613e4961357727c7def0f7cd38dcb6016b8e627e39028e905763f3ea1f", size = 98885 }
wheels = [
    { url = "https://files.pythonhosted.org/packages/77/2b/4c5bf3fc49fc137b5a30ac02c619bfd7c9f30ea7c571ac4f01bfb91d1a96/boto3_stubs-1.37.11-py3-none-any.whl", hash = "sha256:57813c537d248941fb1960a889edccba83ea15734fb89967c9fa9f16db4c4454", size = 68405 },
]

[package.optional-dependencies]
s3 = [
    { name = "mypy-boto3-s3" },
]

[[package]]
name = "botocore"
version = "1.37.11"
source = { registry = "https://pypi.org/simple" }
dependencies = [
    { name = "jmespath" },
    { name = "python-dateutil" },
    { name = "urllib3" },
]
sdist = { url = "https://files.pythonhosted.org/packages/24/ce/b11d4405b8be900bfea15d9460376ff6f07dd0e1b1f8a47e2671bf6e5ca8/botocore-1.37.11.tar.gz", hash = "sha256:72eb3a9a58b064be26ba154e5e56373633b58f951941c340ace0d379590d98b5", size = 13640593 }
wheels = [
    { url = "https://files.pythonhosted.org/packages/63/0d/b07e9b6cd8823e520f1782742730f2e68b68ad7444825ed8dd8fcdb98fcb/botocore-1.37.11-py3-none-any.whl", hash = "sha256:02505309b1235f9f15a6da79103ca224b3f3dc5f6a62f8630fbb2c6ed05e2da8", size = 13407367 },
]

[[package]]
name = "botocore-stubs"
version = "1.37.11"
source = { registry = "https://pypi.org/simple" }
dependencies = [
    { name = "types-awscrt" },
]
sdist = { url = "https://files.pythonhosted.org/packages/3d/6f/710664aac77cf91a663dcb291c2bbdcfe796909115aa5bb03382521359b1/botocore_stubs-1.37.11.tar.gz", hash = "sha256:9b89ba9a98eb9f088a5f82c52488013858092777c17b56265574bbf2d21da422", size = 42119 }
wheels = [
    { url = "https://files.pythonhosted.org/packages/45/89/c8a6497055f9ecd0af5c16434c277635a4b365793d54f2d8f2b28aeeb58e/botocore_stubs-1.37.11-py3-none-any.whl", hash = "sha256:bec458a0d054892cdf82466b4d075f30a36fa03ce34f9becbcace5f36ec674bf", size = 65384 },
]

[[package]]
name = "click"
version = "8.1.8"
source = { registry = "https://pypi.org/simple" }
dependencies = [
    { name = "colorama", marker = "sys_platform == 'win32'" },
]
sdist = { url = "https://files.pythonhosted.org/packages/b9/2e/0090cbf739cee7d23781ad4b89a9894a41538e4fcf4c31dcdd705b78eb8b/click-8.1.8.tar.gz", hash = "sha256:ed53c9d8990d83c2a27deae68e4ee337473f6330c040a31d4225c9574d16096a", size = 226593 }
wheels = [
    { url = "https://files.pythonhosted.org/packages/7e/d4/7ebdbd03970677812aac39c869717059dbb71a4cfc033ca6e5221787892c/click-8.1.8-py3-none-any.whl", hash = "sha256:63c132bbbed01578a06712a2d1f497bb62d9c1c0d329b7903a866228027263b2", size = 98188 },
]

[[package]]
name = "colorama"
version = "0.4.6"
source = { registry = "https://pypi.org/simple" }
sdist = { url = "https://files.pythonhosted.org/packages/d8/53/6f443c9a4a8358a93a6792e2acffb9d9d5cb0a5cfd8802644b7b1c9a02e4/colorama-0.4.6.tar.gz", hash = "sha256:08695f5cb7ed6e0531a20572697297273c47b8cae5a63ffc6d6ed5c201be6e44", size = 27697 }
wheels = [
    { url = "https://files.pythonhosted.org/packages/d1/d6/3965ed04c63042e047cb6a3e6ed1a63a35087b6a609aa3a15ed8ac56c221/colorama-0.4.6-py2.py3-none-any.whl", hash = "sha256:4f1d9991f5acc0ca119f9d443620b77f9d6b33703e51011c16baf57afb285fc6", size = 25335 },
]

[[package]]
name = "jmespath"
version = "1.0.1"
source = { registry = "https://pypi.org/simple" }
sdist = { url = "https://files.pythonhosted.org/packages/00/2a/e867e8531cf3e36b41201936b7fa7ba7b5702dbef42922193f05c8976cd6/jmespath-1.0.1.tar.gz", hash = "sha256:90261b206d6defd58fdd5e85f478bf633a2901798906be2ad389150c5c60edbe", size = 25843 }
wheels = [
    { url = "https://files.pythonhosted.org/packages/31/b4/b9b800c45527aadd64d5b442f9b932b00648617eb5d63d2c7a6587b7cafc/jmespath-1.0.1-py3-none-any.whl", hash = "sha256:02e2e4cc71b5bcab88332eebf907519190dd9e6e82107fa7f83b1003a6252980", size = 20256 },
]

[[package]]
name = "mypy-boto3-s3"
version = "1.37.0"
source = { registry = "https://pypi.org/simple" }
sdist = { url = "https://files.pythonhosted.org/packages/e9/51/14726c0bef944a8a6833bf1aae1c78f60868ffb4461869b387c0648bc325/mypy_boto3_s3-1.37.0.tar.gz", hash = "sha256:bc6ec4cbbd8e0206143d9b1f24927e086a2467a2c6a641feb978599d75954e82", size = 73697 }
wheels = [
    { url = "https://files.pythonhosted.org/packages/4e/04/98084554f04a4c733cbe737b9c0a5fc06c33be1704c7acbfc620aae2af37/mypy_boto3_s3-1.37.0-py3-none-any.whl", hash = "sha256:d2b702649d7ebb2bd2b8f574fd51b35fc2a2ec4a8efb590db5eb0d0d9f74be6f", size = 80244 },
]

[[package]]
name = "python-dateutil"
version = "2.9.0.post0"
source = { registry = "https://pypi.org/simple" }
dependencies = [
    { name = "six" },
]
sdist = { url = "https://files.pythonhosted.org/packages/66/c0/0c8b6ad9f17a802ee498c46e004a0eb49bc148f2fd230864601a86dcf6db/python-dateutil-2.9.0.post0.tar.gz", hash = "sha256:37dd54208da7e1cd875388217d5e00ebd4179249f90fb72437e91a35459a0ad3", size = 342432 }
wheels = [
    { url = "https://files.pythonhosted.org/packages/ec/57/56b9bcc3c9c6a792fcbaf139543cee77261f3651ca9da0c93f5c1221264b/python_dateutil-2.9.0.post0-py2.py3-none-any.whl", hash = "sha256:a8b2bc7bffae282281c8140a97d3aa9c14da0b136dfe83f850eea9a5f7470427", size = 229892 },
]

[[package]]
name = "ruff"
version = "0.9.10"
source = { registry = "https://pypi.org/simple" }
sdist = { url = "https://files.pythonhosted.org/packages/20/8e/fafaa6f15c332e73425d9c44ada85360501045d5ab0b81400076aff27cf6/ruff-0.9.10.tar.gz", hash = "sha256:9bacb735d7bada9cfb0f2c227d3658fc443d90a727b47f206fb33f52f3c0eac7", size = 3759776 }
wheels = [
    { url = "https://files.pythonhosted.org/packages/73/b2/af7c2cc9e438cbc19fafeec4f20bfcd72165460fe75b2b6e9a0958c8c62b/ruff-0.9.10-py3-none-linux_armv6l.whl", hash = "sha256:eb4d25532cfd9fe461acc83498361ec2e2252795b4f40b17e80692814329e42d", size = 10049494 },
    { url = "https://files.pythonhosted.org/packages/6d/12/03f6dfa1b95ddd47e6969f0225d60d9d7437c91938a310835feb27927ca0/ruff-0.9.10-py3-none-macosx_10_12_x86_64.whl", hash = "sha256:188a6638dab1aa9bb6228a7302387b2c9954e455fb25d6b4470cb0641d16759d", size = 10853584 },
    { url = "https://files.pythonhosted.org/packages/02/49/1c79e0906b6ff551fb0894168763f705bf980864739572b2815ecd3c9df0/ruff-0.9.10-py3-none-macosx_11_0_arm64.whl", hash = "sha256:5284dcac6b9dbc2fcb71fdfc26a217b2ca4ede6ccd57476f52a587451ebe450d", size = 10155692 },
    { url = "https://files.pythonhosted.org/packages/5b/01/85e8082e41585e0e1ceb11e41c054e9e36fed45f4b210991052d8a75089f/ruff-0.9.10-py3-none-manylinux_2_17_aarch64.manylinux2014_aarch64.whl", hash = "sha256:47678f39fa2a3da62724851107f438c8229a3470f533894b5568a39b40029c0c", size = 10369760 },
    { url = "https://files.pythonhosted.org/packages/a1/90/0bc60bd4e5db051f12445046d0c85cc2c617095c0904f1aa81067dc64aea/ruff-0.9.10-py3-none-manylinux_2_17_armv7l.manylinux2014_armv7l.whl", hash = "sha256:99713a6e2766b7a17147b309e8c915b32b07a25c9efd12ada79f217c9c778b3e", size = 9912196 },
    { url = "https://files.pythonhosted.org/packages/66/ea/0b7e8c42b1ec608033c4d5a02939c82097ddcb0b3e393e4238584b7054ab/ruff-0.9.10-py3-none-manylinux_2_17_i686.manylinux2014_i686.whl", hash = "sha256:524ee184d92f7c7304aa568e2db20f50c32d1d0caa235d8ddf10497566ea1a12", size = 11434985 },
    { url = "https://files.pythonhosted.org/packages/d5/86/3171d1eff893db4f91755175a6e1163c5887be1f1e2f4f6c0c59527c2bfd/ruff-0.9.10-py3-none-manylinux_2_17_ppc64.manylinux2014_ppc64.whl", hash = "sha256:df92aeac30af821f9acf819fc01b4afc3dfb829d2782884f8739fb52a8119a16", size = 12155842 },
    { url = "https://files.pythonhosted.org/packages/89/9e/700ca289f172a38eb0bca752056d0a42637fa17b81649b9331786cb791d7/ruff-0.9.10-py3-none-manylinux_2_17_ppc64le.manylinux2014_ppc64le.whl", hash = "sha256:de42e4edc296f520bb84954eb992a07a0ec5a02fecb834498415908469854a52", size = 11613804 },
    { url = "https://files.pythonhosted.org/packages/f2/92/648020b3b5db180f41a931a68b1c8575cca3e63cec86fd26807422a0dbad/ruff-0.9.10-py3-none-manylinux_2_17_s390x.manylinux2014_s390x.whl", hash = "sha256:d257f95b65806104b6b1ffca0ea53f4ef98454036df65b1eda3693534813ecd1", size = 13823776 },
    { url = "https://files.pythonhosted.org/packages/5e/a6/cc472161cd04d30a09d5c90698696b70c169eeba2c41030344194242db45/ruff-0.9.10-py3-none-manylinux_2_17_x86_64.manylinux2014_x86_64.whl", hash = "sha256:b60dec7201c0b10d6d11be00e8f2dbb6f40ef1828ee75ed739923799513db24c", size = 11302673 },
    { url = "https://files.pythonhosted.org/packages/6c/db/d31c361c4025b1b9102b4d032c70a69adb9ee6fde093f6c3bf29f831c85c/ruff-0.9.10-py3-none-musllinux_1_2_aarch64.whl", hash = "sha256:d838b60007da7a39c046fcdd317293d10b845001f38bcb55ba766c3875b01e43", size = 10235358 },
    { url = "https://files.pythonhosted.org/packages/d1/86/d6374e24a14d4d93ebe120f45edd82ad7dcf3ef999ffc92b197d81cdc2a5/ruff-0.9.10-py3-none-musllinux_1_2_armv7l.whl", hash = "sha256:ccaf903108b899beb8e09a63ffae5869057ab649c1e9231c05ae354ebc62066c", size = 9886177 },
    { url = "https://files.pythonhosted.org/packages/00/62/a61691f6eaaac1e945a1f3f59f1eea9a218513139d5b6c2b8f88b43b5b8f/ruff-0.9.10-py3-none-musllinux_1_2_i686.whl", hash = "sha256:f9567d135265d46e59d62dc60c0bfad10e9a6822e231f5b24032dba5a55be6b5", size = 10864747 },
    { url = "https://files.pythonhosted.org/packages/ee/94/2c7065e1d92a8a8a46d46d9c3cf07b0aa7e0a1e0153d74baa5e6620b4102/ruff-0.9.10-py3-none-musllinux_1_2_x86_64.whl", hash = "sha256:5f202f0d93738c28a89f8ed9eaba01b7be339e5d8d642c994347eaa81c6d75b8", size = 11360441 },
    { url = "https://files.pythonhosted.org/packages/a7/8f/1f545ea6f9fcd7bf4368551fb91d2064d8f0577b3079bb3f0ae5779fb773/ruff-0.9.10-py3-none-win32.whl", hash = "sha256:bfb834e87c916521ce46b1788fbb8484966e5113c02df216680102e9eb960029", size = 10247401 },
    { url = "https://files.pythonhosted.org/packages/4f/18/fb703603ab108e5c165f52f5b86ee2aa9be43bb781703ec87c66a5f5d604/ruff-0.9.10-py3-none-win_amd64.whl", hash = "sha256:f2160eeef3031bf4b17df74e307d4c5fb689a6f3a26a2de3f7ef4044e3c484f1", size = 11366360 },
    { url = "https://files.pythonhosted.org/packages/35/85/338e603dc68e7d9994d5d84f24adbf69bae760ba5efd3e20f5ff2cec18da/ruff-0.9.10-py3-none-win_arm64.whl", hash = "sha256:5fd804c0327a5e5ea26615550e706942f348b197d5475ff34c19733aee4b2e69", size = 10436892 },
]

[[package]]
name = "s3transfer"
version = "0.11.4"
source = { registry = "https://pypi.org/simple" }
dependencies = [
    { name = "botocore" },
]
sdist = { url = "https://files.pythonhosted.org/packages/0f/ec/aa1a215e5c126fe5decbee2e107468f51d9ce190b9763cb649f76bb45938/s3transfer-0.11.4.tar.gz", hash = "sha256:559f161658e1cf0a911f45940552c696735f5c74e64362e515f333ebed87d679", size = 148419 }
wheels = [
    { url = "https://files.pythonhosted.org/packages/86/62/8d3fc3ec6640161a5649b2cddbbf2b9fa39c92541225b33f117c37c5a2eb/s3transfer-0.11.4-py3-none-any.whl", hash = "sha256:ac265fa68318763a03bf2dc4f39d5cbd6a9e178d81cc9483ad27da33637e320d", size = 84412 },
]

[[package]]
name = "six"
version = "1.17.0"
source = { registry = "https://pypi.org/simple" }
sdist = { url = "https://files.pythonhosted.org/packages/94/e7/b2c673351809dca68a0e064b6af791aa332cf192da575fd474ed7d6f16a2/six-1.17.0.tar.gz", hash = "sha256:ff70335d468e7eb6ec65b95b99d3a2836546063f63acc5171de367e834932a81", size = 34031 }
wheels = [
    { url = "https://files.pythonhosted.org/packages/b7/ce/149a00dd41f10bc29e5921b496af8b574d8413afcd5e30dfa0ed46c2cc5e/six-1.17.0-py2.py3-none-any.whl", hash = "sha256:4721f391ed90541fddacab5acf947aa0d3dc7d27b2e1e8eda2be8970586c3274", size = 11050 },
]

[[package]]
name = "types-awscrt"
version = "0.24.1"
source = { registry = "https://pypi.org/simple" }
sdist = { url = "https://files.pythonhosted.org/packages/88/6e/32779b967eee6ef627eaf10f3414163482b3980fc45ba21765fdd05359d4/types_awscrt-0.24.1.tar.gz", hash = "sha256:fc6eae56f8dc5a3f8cc93cc2c7c332fa82909f8284fbe25e014c575757af397d", size = 15450 }
wheels = [
    { url = "https://files.pythonhosted.org/packages/a6/1a/22e327d29fe231a10ed00e35ed2a100d2462cea253c3d24d41162769711a/types_awscrt-0.24.1-py3-none-any.whl", hash = "sha256:f3f2578ff74a254a79882b95961fb493ba217cebc350b3eb239d1cd948d4d7fa", size = 19414 },
]

[[package]]
name = "types-s3transfer"
version = "0.11.4"
source = { registry = "https://pypi.org/simple" }
sdist = { url = "https://files.pythonhosted.org/packages/93/a9/440d8ba72a81bcf2cc5a56ef63f23b58ce93e7b9b62409697553bdcdd181/types_s3transfer-0.11.4.tar.gz", hash = "sha256:05fde593c84270f19fd053f0b1e08f5a057d7c5f036b9884e68fb8cd3041ac30", size = 14074 }
wheels = [
    { url = "https://files.pythonhosted.org/packages/d0/69/0b5ae42c3c33d31a32f7dcb9f35a3e327365360a6e4a2a7b491904bd38aa/types_s3transfer-0.11.4-py3-none-any.whl", hash = "sha256:2a76d92c07d4a3cb469e5343b2e7560e0b8078b2e03696a65407b8c44c861b61", size = 19516 },
]

[[package]]
name = "urllib3"
version = "2.3.0"
source = { registry = "https://pypi.org/simple" }
sdist = { url = "https://files.pythonhosted.org/packages/aa/63/e53da845320b757bf29ef6a9062f5c669fe997973f966045cb019c3f4b66/urllib3-2.3.0.tar.gz", hash = "sha256:f8c5449b3cf0861679ce7e0503c7b44b5ec981bec0d1d3795a07f1ba96f0204d", size = 307268 }
wheels = [
    { url = "https://files.pythonhosted.org/packages/c8/19/4ec628951a74043532ca2cf5d97b7b14863931476d117c471e8e2b1eb39f/urllib3-2.3.0-py3-none-any.whl", hash = "sha256:1cee9ad369867bfdbbb48b7dd50374c0967a0bb7710050facf0dd6911440e3df", size = 128369 },
]

[[package]]
name = "uv"
version = "0.6.5"
source = { registry = "https://pypi.org/simple" }
sdist = { url = "https://files.pythonhosted.org/packages/5f/3b/9a699194b132948b377272f06f2218d6453d440c8bae77275cd7d21e64dc/uv-0.6.5.tar.gz", hash = "sha256:70ad4cc5f2b636edbeeebb3aee0a7daa66b17457038088be870ac7adc5a9842d", size = 3093602 }
wheels = [
    { url = "https://files.pythonhosted.org/packages/cb/40/ac0b8050e145ae7dab029e8590046f9f96af4c6a36a4c4ee328a81e56062/uv-0.6.5-py3-none-linux_armv6l.whl", hash = "sha256:c5676fc7cdd088e2c3342593c1d2dc379bf86a83301af7b0dfe8d45801a50d85", size = 15517362 },
    { url = "https://files.pythonhosted.org/packages/3c/f8/c0c2a2d5021904830d0d9fac4885819d731af2ed8e4ec11d80751420c646/uv-0.6.5-py3-none-macosx_10_12_x86_64.whl", hash = "sha256:6e82de1cb6a116f7736de9542430d78c210d152c80723db8beffc14e5b4e4b40", size = 15606625 },
    { url = "https://files.pythonhosted.org/packages/c6/f7/1c5a44233ba80938b316eb67b6f3087a5cdc032882fbb86abfb7b8d14f3a/uv-0.6.5-py3-none-macosx_11_0_arm64.whl", hash = "sha256:442639a874f6bb6864279f099c97739287d7e244bc25d0f791345cc69f46c940", size = 14483413 },
    { url = "https://files.pythonhosted.org/packages/c9/15/68beb9094e976c9403d8b79de76601f793250d0ecb84cb69d5940ba36729/uv-0.6.5-py3-none-manylinux_2_17_aarch64.manylinux2014_aarch64.musllinux_1_1_aarch64.whl", hash = "sha256:b5445a509f500bbf18faba4e7cf5cc9763617c335d58afaa5f3e5a6e388dd4ee", size = 14914536 },
    { url = "https://files.pythonhosted.org/packages/1c/49/42d917ec3a6d79751d54862ac8d5170b1f509680bcad506d949f5d365aaa/uv-0.6.5-py3-none-manylinux_2_17_armv7l.manylinux2014_armv7l.whl", hash = "sha256:c5683bccfc2b92cdc2f91e2904baa8ee2b5893b33ac8acac25e702ce7d3e5415", size = 15264210 },
    { url = "https://files.pythonhosted.org/packages/ad/4c/446c039726dc6f04cd963f2a0813ec4e35c57d3566a9daf0272e2c5e311d/uv-0.6.5-py3-none-manylinux_2_17_i686.manylinux2014_i686.whl", hash = "sha256:43847ef95d56c239de940339e5cfc2ade58249005e8ab97244fdb69fb9761572", size = 15974263 },
    { url = "https://files.pythonhosted.org/packages/8b/c6/46f5334c73846bb9afd883ca9a1f41262d677a3ee0e3ff0063acef5a8a05/uv-0.6.5-py3-none-manylinux_2_17_ppc64.manylinux2014_ppc64.whl", hash = "sha256:ef0b2f810d87aa9bbad15c3ab113e555871f14c9cd8ad2205338fb0358aaf52d", size = 16842142 },
    { url = "https://files.pythonhosted.org/packages/a3/b4/b01cfa179b6e65aeb58eaf89bd3a6880082ec0fa391f93cc786db65ace03/uv-0.6.5-py3-none-manylinux_2_17_ppc64le.manylinux2014_ppc64le.whl", hash = "sha256:9b56fa88951fab3bc7164255d844de9ad048e6a04a95f1c2774637e06889efe6", size = 16539261 },
    { url = "https://files.pythonhosted.org/packages/cb/cc/1e00721e749ecc4d2cf8d233a9f9585108afcd62e3da4a2784f15d1f3a65/uv-0.6.5-py3-none-manylinux_2_17_s390x.manylinux2014_s390x.whl", hash = "sha256:6f3b3f21b2385545f499f6cc21f44eac3bbb0f6cb98fbf9c6d3e58db186c8a41", size = 20699878 },
    { url = "https://files.pythonhosted.org/packages/66/32/ad9944c9716360c82fb62516aca72bdeaedf7991483383f3a06734cb2cf4/uv-0.6.5-py3-none-manylinux_2_17_x86_64.manylinux2014_x86_64.whl", hash = "sha256:15dae245979add192c4845947da1a9141f95c19403d1c0d75019182e6882e7d4", size = 16249288 },
    { url = "https://files.pythonhosted.org/packages/80/7a/cad1a0382182b923f881ec9b592106abb0df55be42384bfbe3694fb5b243/uv-0.6.5-py3-none-manylinux_2_28_aarch64.whl", hash = "sha256:26a90e69d6438de2ec03ab452cc48d1cb375249c6b6980f4ed177f324a5ad8b3", size = 15156024 },
    { url = "https://files.pythonhosted.org/packages/f5/f1/a9721cf48232ee4d0871c74dbc7ff5e2e90fb79aab4096c76f12eb3ba453/uv-0.6.5-py3-none-musllinux_1_1_armv7l.whl", hash = "sha256:776500595ff7cda1ffa5a76dd3ff9de3819f1e26c493938cbdc20c1ab766b2eb", size = 15213625 },
    { url = "https://files.pythonhosted.org/packages/cc/a4/02a2e4eb1a09b87086c92ebeb9953dca427b54ec113be2e0445abc850b3c/uv-0.6.5-py3-none-musllinux_1_1_i686.whl", hash = "sha256:6210fe6ef6a0ae3dc618611fcc8ada4e620fea5172fb8a9c50d3a59b6915b023", size = 15558969 },
    { url = "https://files.pythonhosted.org/packages/78/c1/5a3a0905a630a5b99b7b3cc1a400bcb65401e1a325bf43ced50e8bd007a2/uv-0.6.5-py3-none-musllinux_1_1_x86_64.whl", hash = "sha256:d47b4adffcdbe30bd678c7670e63c671b8b34a667898501e588f2e7cbce34656", size = 16345448 },
    { url = "https://files.pythonhosted.org/packages/36/80/721c0621f14071462bc8420b16c4cba3c9c066f5775eab7dc56d9b559c30/uv-0.6.5-py3-none-win32.whl", hash = "sha256:23aa8e8ca7795f54f6cf0f0fbd0aaf7b26bf4aae42f8c10643bcba6d42485a3f", size = 15657842 },
    { url = "https://files.pythonhosted.org/packages/09/d1/751610f12b99ab6166887554cd98d376f22ffb6fdc69e57676735e781ccc/uv-0.6.5-py3-none-win_amd64.whl", hash = "sha256:5323e9219a519c6553111820a8c54588d426380404a208b23cf4c3265bc87ec6", size = 16958031 },
    { url = "https://files.pythonhosted.org/packages/0d/63/0080e1618c936297001a3da462dd83f73391bacf7857ed7b327518d57f93/uv-0.6.5-py3-none-win_arm64.whl", hash = "sha256:a481254f63240023239ecec80cd690dec05875e248eb4b9d7f66957b017798b1", size = 15811982 },
]
