version = 1
revision = 2
requires-python = ">=3.13"

[[package]]
name = "boto3"
version = "1.38.30"
source = { registry = "https://pypi.org/simple" }
dependencies = [
    { name = "botocore" },
    { name = "jmespath" },
    { name = "s3transfer" },
]
sdist = { url = "https://files.pythonhosted.org/packages/6f/a0/24b6c44af60a242318353cefe3494711a71e1a61a62083b5b949a0d4049b/boto3-1.38.30.tar.gz", hash = "sha256:17af769544b5743843bcc732709b43226de19f1ebff2c324a3440bbecbddb893", size = 111801, upload-time = "2025-06-04T19:22:52.709Z" }
wheels = [
    { url = "https://files.pythonhosted.org/packages/3b/f3/6f98c044b81b93587db6b920723541ef5e90aa93804ce15ea4ff4776be81/boto3-1.38.30-py3-none-any.whl", hash = "sha256:949df0a0edd360f4ad60f1492622eecf98a359a2f72b1e236193d9b320c5dc8c", size = 139936, upload-time = "2025-06-04T19:22:49.171Z" },
]

[[package]]
name = "botocore"
version = "1.38.30"
source = { registry = "https://pypi.org/simple" }
dependencies = [
    { name = "jmespath" },
    { name = "python-dateutil" },
    { name = "urllib3" },
]
sdist = { url = "https://files.pythonhosted.org/packages/55/e6/2eaaf27202477306a637f521bff7230c9a9cdfb89d938db32c256fd18f54/botocore-1.38.30.tar.gz", hash = "sha256:7836c5041c5f249431dbd5471c61db17d4053f72a1d6e3b2197c07ca0839588b", size = 13942340, upload-time = "2025-06-04T19:22:39.136Z" }
wheels = [
    { url = "https://files.pythonhosted.org/packages/e3/cd/04fc0032a98196c34f46d7ea58c9f3e32eb3ad430a1e37e433a3049fd6ea/botocore-1.38.30-py3-none-any.whl", hash = "sha256:530e40a6e91c8a096cab17fcc590d0c7227c8347f71a867576163a44d027a714", size = 13603795, upload-time = "2025-06-04T19:22:34.984Z" },
]

[[package]]
name = "cw-to-flattened-json"
version = "1.0.0"
source = { virtual = "." }
dependencies = [
    { name = "boto3" },
]

[package.dev-dependencies]
dev = [
    { name = "ruff" },
    { name = "uv" },
]

[package.metadata]
requires-dist = [{ name = "boto3" }]

[package.metadata.requires-dev]
dev = [
    { name = "ruff" },
    { name = "uv" },
]

[[package]]
name = "jmespath"
version = "1.0.1"
source = { registry = "https://pypi.org/simple" }
sdist = { url = "https://files.pythonhosted.org/packages/00/2a/e867e8531cf3e36b41201936b7fa7ba7b5702dbef42922193f05c8976cd6/jmespath-1.0.1.tar.gz", hash = "sha256:90261b206d6defd58fdd5e85f478bf633a2901798906be2ad389150c5c60edbe", size = 25843, upload-time = "2022-06-17T18:00:12.224Z" }
wheels = [
    { url = "https://files.pythonhosted.org/packages/31/b4/b9b800c45527aadd64d5b442f9b932b00648617eb5d63d2c7a6587b7cafc/jmespath-1.0.1-py3-none-any.whl", hash = "sha256:02e2e4cc71b5bcab88332eebf907519190dd9e6e82107fa7f83b1003a6252980", size = 20256, upload-time = "2022-06-17T18:00:10.251Z" },
]

[[package]]
name = "python-dateutil"
version = "2.9.0.post0"
source = { registry = "https://pypi.org/simple" }
dependencies = [
    { name = "six" },
]
sdist = { url = "https://files.pythonhosted.org/packages/66/c0/0c8b6ad9f17a802ee498c46e004a0eb49bc148f2fd230864601a86dcf6db/python-dateutil-2.9.0.post0.tar.gz", hash = "sha256:37dd54208da7e1cd875388217d5e00ebd4179249f90fb72437e91a35459a0ad3", size = 342432, upload-time = "2024-03-01T18:36:20.211Z" }
wheels = [
    { url = "https://files.pythonhosted.org/packages/ec/57/56b9bcc3c9c6a792fcbaf139543cee77261f3651ca9da0c93f5c1221264b/python_dateutil-2.9.0.post0-py2.py3-none-any.whl", hash = "sha256:a8b2bc7bffae282281c8140a97d3aa9c14da0b136dfe83f850eea9a5f7470427", size = 229892, upload-time = "2024-03-01T18:36:18.57Z" },
]

[[package]]
name = "ruff"
version = "0.11.12"
source = { registry = "https://pypi.org/simple" }
sdist = { url = "https://files.pythonhosted.org/packages/15/0a/92416b159ec00cdf11e5882a9d80d29bf84bba3dbebc51c4898bfbca1da6/ruff-0.11.12.tar.gz", hash = "sha256:43cf7f69c7d7c7d7513b9d59c5d8cafd704e05944f978614aa9faff6ac202603", size = 4202289, upload-time = "2025-05-29T13:31:40.037Z" }
wheels = [
    { url = "https://files.pythonhosted.org/packages/60/cc/53eb79f012d15e136d40a8e8fc519ba8f55a057f60b29c2df34efd47c6e3/ruff-0.11.12-py3-none-linux_armv6l.whl", hash = "sha256:c7680aa2f0d4c4f43353d1e72123955c7a2159b8646cd43402de6d4a3a25d7cc", size = 10285597, upload-time = "2025-05-29T13:30:57.539Z" },
    { url = "https://files.pythonhosted.org/packages/e7/d7/73386e9fb0232b015a23f62fea7503f96e29c29e6c45461d4a73bac74df9/ruff-0.11.12-py3-none-macosx_10_12_x86_64.whl", hash = "sha256:2cad64843da9f134565c20bcc430642de897b8ea02e2e79e6e02a76b8dcad7c3", size = 11053154, upload-time = "2025-05-29T13:31:00.865Z" },
    { url = "https://files.pythonhosted.org/packages/4e/eb/3eae144c5114e92deb65a0cb2c72326c8469e14991e9bc3ec0349da1331c/ruff-0.11.12-py3-none-macosx_11_0_arm64.whl", hash = "sha256:9b6886b524a1c659cee1758140138455d3c029783d1b9e643f3624a5ee0cb0aa", size = 10403048, upload-time = "2025-05-29T13:31:03.413Z" },
    { url = "https://files.pythonhosted.org/packages/29/64/20c54b20e58b1058db6689e94731f2a22e9f7abab74e1a758dfba058b6ca/ruff-0.11.12-py3-none-manylinux_2_17_aarch64.manylinux2014_aarch64.whl", hash = "sha256:3cc3a3690aad6e86c1958d3ec3c38c4594b6ecec75c1f531e84160bd827b2012", size = 10597062, upload-time = "2025-05-29T13:31:05.539Z" },
    { url = "https://files.pythonhosted.org/packages/29/3a/79fa6a9a39422a400564ca7233a689a151f1039110f0bbbabcb38106883a/ruff-0.11.12-py3-none-manylinux_2_17_armv7l.manylinux2014_armv7l.whl", hash = "sha256:f97fdbc2549f456c65b3b0048560d44ddd540db1f27c778a938371424b49fe4a", size = 10155152, upload-time = "2025-05-29T13:31:07.986Z" },
    { url = "https://files.pythonhosted.org/packages/e5/a4/22c2c97b2340aa968af3a39bc38045e78d36abd4ed3fa2bde91c31e712e3/ruff-0.11.12-py3-none-manylinux_2_17_i686.manylinux2014_i686.whl", hash = "sha256:74adf84960236961090e2d1348c1a67d940fd12e811a33fb3d107df61eef8fc7", size = 11723067, upload-time = "2025-05-29T13:31:10.57Z" },
    { url = "https://files.pythonhosted.org/packages/bc/cf/3e452fbd9597bcd8058856ecd42b22751749d07935793a1856d988154151/ruff-0.11.12-py3-none-manylinux_2_17_ppc64.manylinux2014_ppc64.whl", hash = "sha256:b56697e5b8bcf1d61293ccfe63873aba08fdbcbbba839fc046ec5926bdb25a3a", size = 12460807, upload-time = "2025-05-29T13:31:12.88Z" },
    { url = "https://files.pythonhosted.org/packages/2f/ec/8f170381a15e1eb7d93cb4feef8d17334d5a1eb33fee273aee5d1f8241a3/ruff-0.11.12-py3-none-manylinux_2_17_ppc64le.manylinux2014_ppc64le.whl", hash = "sha256:4d47afa45e7b0eaf5e5969c6b39cbd108be83910b5c74626247e366fd7a36a13", size = 12063261, upload-time = "2025-05-29T13:31:15.236Z" },
    { url = "https://files.pythonhosted.org/packages/0d/bf/57208f8c0a8153a14652a85f4116c0002148e83770d7a41f2e90b52d2b4e/ruff-0.11.12-py3-none-manylinux_2_17_s390x.manylinux2014_s390x.whl", hash = "sha256:692bf9603fe1bf949de8b09a2da896f05c01ed7a187f4a386cdba6760e7f61be", size = 11329601, upload-time = "2025-05-29T13:31:18.68Z" },
    { url = "https://files.pythonhosted.org/packages/c3/56/edf942f7fdac5888094d9ffa303f12096f1a93eb46570bcf5f14c0c70880/ruff-0.11.12-py3-none-manylinux_2_17_x86_64.manylinux2014_x86_64.whl", hash = "sha256:08033320e979df3b20dba567c62f69c45e01df708b0f9c83912d7abd3e0801cd", size = 11522186, upload-time = "2025-05-29T13:31:21.216Z" },
    { url = "https://files.pythonhosted.org/packages/ed/63/79ffef65246911ed7e2290aeece48739d9603b3a35f9529fec0fc6c26400/ruff-0.11.12-py3-none-musllinux_1_2_aarch64.whl", hash = "sha256:929b7706584f5bfd61d67d5070f399057d07c70585fa8c4491d78ada452d3bef", size = 10449032, upload-time = "2025-05-29T13:31:23.417Z" },
    { url = "https://files.pythonhosted.org/packages/88/19/8c9d4d8a1c2a3f5a1ea45a64b42593d50e28b8e038f1aafd65d6b43647f3/ruff-0.11.12-py3-none-musllinux_1_2_armv7l.whl", hash = "sha256:7de4a73205dc5756b8e09ee3ed67c38312dce1aa28972b93150f5751199981b5", size = 10129370, upload-time = "2025-05-29T13:31:25.777Z" },
    { url = "https://files.pythonhosted.org/packages/bc/0f/2d15533eaa18f460530a857e1778900cd867ded67f16c85723569d54e410/ruff-0.11.12-py3-none-musllinux_1_2_i686.whl", hash = "sha256:2635c2a90ac1b8ca9e93b70af59dfd1dd2026a40e2d6eebaa3efb0465dd9cf02", size = 11123529, upload-time = "2025-05-29T13:31:28.396Z" },
    { url = "https://files.pythonhosted.org/packages/4f/e2/4c2ac669534bdded835356813f48ea33cfb3a947dc47f270038364587088/ruff-0.11.12-py3-none-musllinux_1_2_x86_64.whl", hash = "sha256:d05d6a78a89166f03f03a198ecc9d18779076ad0eec476819467acb401028c0c", size = 11577642, upload-time = "2025-05-29T13:31:30.647Z" },
    { url = "https://files.pythonhosted.org/packages/a7/9b/c9ddf7f924d5617a1c94a93ba595f4b24cb5bc50e98b94433ab3f7ad27e5/ruff-0.11.12-py3-none-win32.whl", hash = "sha256:f5a07f49767c4be4772d161bfc049c1f242db0cfe1bd976e0f0886732a4765d6", size = 10475511, upload-time = "2025-05-29T13:31:32.917Z" },
    { url = "https://files.pythonhosted.org/packages/fd/d6/74fb6d3470c1aada019ffff33c0f9210af746cca0a4de19a1f10ce54968a/ruff-0.11.12-py3-none-win_amd64.whl", hash = "sha256:5a4d9f8030d8c3a45df201d7fb3ed38d0219bccd7955268e863ee4a115fa0832", size = 11523573, upload-time = "2025-05-29T13:31:35.782Z" },
    { url = "https://files.pythonhosted.org/packages/44/42/d58086ec20f52d2b0140752ae54b355ea2be2ed46f914231136dd1effcc7/ruff-0.11.12-py3-none-win_arm64.whl", hash = "sha256:65194e37853158d368e333ba282217941029a28ea90913c67e558c611d04daa5", size = 10697770, upload-time = "2025-05-29T13:31:38.009Z" },
]

[[package]]
name = "s3transfer"
version = "0.13.0"
source = { registry = "https://pypi.org/simple" }
dependencies = [
    { name = "botocore" },
]
sdist = { url = "https://files.pythonhosted.org/packages/ed/5d/9dcc100abc6711e8247af5aa561fc07c4a046f72f659c3adea9a449e191a/s3transfer-0.13.0.tar.gz", hash = "sha256:f5e6db74eb7776a37208001113ea7aa97695368242b364d73e91c981ac522177", size = 150232, upload-time = "2025-05-22T19:24:50.245Z" }
wheels = [
    { url = "https://files.pythonhosted.org/packages/18/17/22bf8155aa0ea2305eefa3a6402e040df7ebe512d1310165eda1e233c3f8/s3transfer-0.13.0-py3-none-any.whl", hash = "sha256:0148ef34d6dd964d0d8cf4311b2b21c474693e57c2e069ec708ce043d2b527be", size = 85152, upload-time = "2025-05-22T19:24:48.703Z" },
]

[[package]]
name = "six"
version = "1.17.0"
source = { registry = "https://pypi.org/simple" }
sdist = { url = "https://files.pythonhosted.org/packages/94/e7/b2c673351809dca68a0e064b6af791aa332cf192da575fd474ed7d6f16a2/six-1.17.0.tar.gz", hash = "sha256:ff70335d468e7eb6ec65b95b99d3a2836546063f63acc5171de367e834932a81", size = 34031, upload-time = "2024-12-04T17:35:28.174Z" }
wheels = [
    { url = "https://files.pythonhosted.org/packages/b7/ce/149a00dd41f10bc29e5921b496af8b574d8413afcd5e30dfa0ed46c2cc5e/six-1.17.0-py2.py3-none-any.whl", hash = "sha256:4721f391ed90541fddacab5acf947aa0d3dc7d27b2e1e8eda2be8970586c3274", size = 11050, upload-time = "2024-12-04T17:35:26.475Z" },
]

[[package]]
name = "urllib3"
version = "2.4.0"
source = { registry = "https://pypi.org/simple" }
sdist = { url = "https://files.pythonhosted.org/packages/8a/78/16493d9c386d8e60e442a35feac5e00f0913c0f4b7c217c11e8ec2ff53e0/urllib3-2.4.0.tar.gz", hash = "sha256:414bc6535b787febd7567804cc015fee39daab8ad86268f1310a9250697de466", size = 390672, upload-time = "2025-04-10T15:23:39.232Z" }
wheels = [
    { url = "https://files.pythonhosted.org/packages/6b/11/cc635220681e93a0183390e26485430ca2c7b5f9d33b15c74c2861cb8091/urllib3-2.4.0-py3-none-any.whl", hash = "sha256:4e16665048960a0900c702d4a66415956a584919c03361cac9f1df5c5dd7e813", size = 128680, upload-time = "2025-04-10T15:23:37.377Z" },
]

[[package]]
name = "uv"
version = "0.7.11"
source = { registry = "https://pypi.org/simple" }
sdist = { url = "https://files.pythonhosted.org/packages/60/1e/c14906fb512f835c0b3876de7c05d2e43b12f7c74b5b632971bb393b67ea/uv-0.7.11.tar.gz", hash = "sha256:33daeb9f1e5f49f1f192815c580beb996fd3be131821af2e887af4ec575c2a4f", size = 3295412, upload-time = "2025-06-04T20:07:09.287Z" }
wheels = [
    { url = "https://files.pythonhosted.org/packages/97/29/215c9d939c24f3948d4140ee864d0441c25ceb222a911b58ed3503c02f1a/uv-0.7.11-py3-none-linux_armv6l.whl", hash = "sha256:1950db80e7b5e1549029514cb006b37df1af7418c788acb57c1d46c0f1e8f310", size = 16993485, upload-time = "2025-06-04T20:06:05.796Z" },
    { url = "https://files.pythonhosted.org/packages/c4/ca/41070b1353897ca7c3e62d6922734ced89a3e17ab6b729556b9da1bfbe1d/uv-0.7.11-py3-none-macosx_10_12_x86_64.whl", hash = "sha256:b2e39c2d93a779739b937402bc1f57fdfb5c9514acdcc71215af07d6de8422f3", size = 17074005, upload-time = "2025-06-04T20:06:10.058Z" },
    { url = "https://files.pythonhosted.org/packages/cc/75/21691f637860f3d013ffc86d76edf2362039df8371f73d379cce7679f324/uv-0.7.11-py3-none-macosx_11_0_arm64.whl", hash = "sha256:fa506c6492f3993756de785c01a7f2d9615b9c7ccfd8ac56c5b8b08b2db74768", size = 15795126, upload-time = "2025-06-04T20:06:13.847Z" },
    { url = "https://files.pythonhosted.org/packages/ba/55/319cec0aa5b938e03c6ea712020884488c1bb29f40c5634a8725bc97aca0/uv-0.7.11-py3-none-manylinux_2_17_aarch64.manylinux2014_aarch64.musllinux_1_1_aarch64.whl", hash = "sha256:b2321cafda2d411287f4fb4ef2e6a997c55101355c79088648ef54743f388874", size = 16312624, upload-time = "2025-06-04T20:06:17.172Z" },
    { url = "https://files.pythonhosted.org/packages/2e/6c/71d3f9beb8202a1ccfa52bf4dcb16d453565a09e8131397197d412952d35/uv-0.7.11-py3-none-manylinux_2_17_armv7l.manylinux2014_armv7l.whl", hash = "sha256:a7ef8dc76a1aa113667543ad79b37ed995f8dd518109e59f4c6952e987a45e43", size = 16732197, upload-time = "2025-06-04T20:06:20.581Z" },
    { url = "https://files.pythonhosted.org/packages/19/e5/8cd5bff004e2ad7a7551ff87e3aecbacc01e2c120acf87417e41bb587f75/uv-0.7.11-py3-none-manylinux_2_17_i686.manylinux2014_i686.whl", hash = "sha256:2d1115f09cf9feb60a25d0f03558393defa8f6c8118d01649e2bf05a783cc529", size = 17547285, upload-time = "2025-06-04T20:06:26.606Z" },
    { url = "https://files.pythonhosted.org/packages/57/a9/e3db9f12148e70a35c0ade2cd6670b8e2475883cac097407beba88cad5a6/uv-0.7.11-py3-none-manylinux_2_17_ppc64.manylinux2014_ppc64.whl", hash = "sha256:f82490ddeb4c0e074f49f5d40c5e2ff863db13e8d3ea894401137f01177f5a65", size = 18380109, upload-time = "2025-06-04T20:06:30.632Z" },
    { url = "https://files.pythonhosted.org/packages/14/70/a94fbbe854daf21c70794675593c9845efd0cd0902c58168cd4bee42daab/uv-0.7.11-py3-none-manylinux_2_17_ppc64le.manylinux2014_ppc64le.whl", hash = "sha256:692ed1bf85b05e03d1ec6bc5e362e879a907ac8c539cb1ed31a34dd520c392ba", size = 18069868, upload-time = "2025-06-04T20:06:33.803Z" },
    { url = "https://files.pythonhosted.org/packages/5f/b9/1ece3e01d0f472dce5381920bb7af3a2ba9bef8f1af0ea33ec57df908d28/uv-0.7.11-py3-none-manylinux_2_17_s390x.manylinux2014_s390x.whl", hash = "sha256:fa3bb9394a96d315d60cd2453a7d17d891693e14f31840bff2cdc96b6552c48f", size = 18183116, upload-time = "2025-06-04T20:06:37.081Z" },
    { url = "https://files.pythonhosted.org/packages/e1/fc/5ef7d73f3944fbf4ce8884757ec05ccb536115b86b2af1c1bcf32d862f61/uv-0.7.11-py3-none-manylinux_2_17_x86_64.manylinux2014_x86_64.whl", hash = "sha256:a4103201781d268e9d46c6e6d93b8d983ee9ec9dbe4c92d3f8181c909bd1deb9", size = 17719403, upload-time = "2025-06-04T20:06:40.806Z" },
    { url = "https://files.pythonhosted.org/packages/1d/36/b440a6f28548b4a4847956e2fd74d031222414a00da2cd783b94080019b4/uv-0.7.11-py3-none-manylinux_2_28_aarch64.whl", hash = "sha256:622e897701cb84657bf86d353afebde5e682a6f9fd4e7454aac65fcd899dfa7a", size = 16598483, upload-time = "2025-06-04T20:06:44.581Z" },
    { url = "https://files.pythonhosted.org/packages/84/af/f3539087761ab77a773f47b2688daac3475c92a9a2e314ce0bae483d2961/uv-0.7.11-py3-none-musllinux_1_1_armv7l.whl", hash = "sha256:363a8aabb3455fd4a15611c8ee4d76ac1a3d587f60250aee7dd4f777a3e02486", size = 16693339, upload-time = "2025-06-04T20:06:47.727Z" },
    { url = "https://files.pythonhosted.org/packages/3b/d5/a97f6a0b09176e13904a53c2f2e42f64e055cfbfded34e721f60021d070c/uv-0.7.11-py3-none-musllinux_1_1_i686.whl", hash = "sha256:839cce114504b466da8ebee42f661845d8566679e90b9707629e7b9f3021dcd0", size = 17072416, upload-time = "2025-06-04T20:06:50.872Z" },
    { url = "https://files.pythonhosted.org/packages/aa/21/077454ce18568e56309fbbf41da5d75ded73b4460bb44724111e07a7332a/uv-0.7.11-py3-none-musllinux_1_1_x86_64.whl", hash = "sha256:a4db2ee6121ad47546d34afefd35d83fdfb41bf03bf03f7c633cb1296411725f", size = 17867858, upload-time = "2025-06-04T20:06:54.646Z" },
    { url = "https://files.pythonhosted.org/packages/32/e8/dc3ba65157833e84efff44b9c31f3a73588e1ded579a3e6dc227e5daecfa/uv-0.7.11-py3-none-win32.whl", hash = "sha256:38adcfd3c3d03c97e98498073df004ac190d21538ecf40752fb3f1b439c6fe5e", size = 17319759, upload-time = "2025-06-04T20:06:58.172Z" },
    { url = "https://files.pythonhosted.org/packages/64/28/891d40646c9244e3e4426f4e1747e2882d8e415cfc76c98887faa19b94e3/uv-0.7.11-py3-none-win_amd64.whl", hash = "sha256:949ae795894e92bc3739e5e52b187457644144791917bafed3d58913d7ac07dc", size = 18839020, upload-time = "2025-06-04T20:07:02.913Z" },
    { url = "https://files.pythonhosted.org/packages/b3/05/3efe83733e8bed16767cc14accbd88439dad05a169c0d19bde2a106bd5e3/uv-0.7.11-py3-none-win_arm64.whl", hash = "sha256:7cce0fd2a9128b5dce6031ebbd15a9f392ed08f6ef53ccce15d47543a5fac5fe", size = 17559089, upload-time = "2025-06-04T20:07:06.455Z" },
]
