version = 1
revision = 1
requires-python = ">=3.13"

[[package]]
name = "boto3"
version = "1.37.19"
source = { registry = "https://pypi.org/simple" }
dependencies = [
    { name = "botocore" },
    { name = "jmespath" },
    { name = "s3transfer" },
]
sdist = { url = "https://files.pythonhosted.org/packages/c2/03/43244d4c6b67f34a979d2805ebb4f63c29b9aef3683ad179470fea52a5f3/boto3-1.37.19.tar.gz", hash = "sha256:c69c90500f18fd72d782d1612170b7d3db9a98ed51a4da3bebe38e693497ebf8", size = 111363 }
wheels = [
    { url = "https://files.pythonhosted.org/packages/e6/bb/7f3d90cc732c8c2f0dc971fa910b601f3c9bbe56df518f037653baf8ade3/boto3-1.37.19-py3-none-any.whl", hash = "sha256:fbfc2c43ad686b63c8aa02aee634c269f856eed68941d8e570cc45950be52130", size = 139560 },
]

[[package]]
name = "boto3-stubs"
version = "1.37.19"
source = { registry = "https://pypi.org/simple" }
dependencies = [
    { name = "botocore-stubs" },
    { name = "types-s3transfer" },
]
sdist = { url = "https://files.pythonhosted.org/packages/53/01/caaa7e98ec9a3a721fafe3727ac6e1c271c659ce3e8d3e5d1426f3b1dab9/boto3_stubs-1.37.19.tar.gz", hash = "sha256:95c665b1375b6578067fdc3a7854b58eca710b288240bd1cd2c9b1954e3f5f5d", size = 99158 }
wheels = [
    { url = "https://files.pythonhosted.org/packages/19/0a/5936682fa635e1f0a19fbebe1a228432e29e0c0a85a288defb9fab8e2644/boto3_stubs-1.37.19-py3-none-any.whl", hash = "sha256:af67bca13956004eaab81a7af179c689392fd8341f761a27d5b49cd17639a472", size = 68645 },
]

[package.optional-dependencies]
logs = [
    { name = "mypy-boto3-logs" },
]

[[package]]
name = "botocore"
version = "1.37.19"
source = { registry = "https://pypi.org/simple" }
dependencies = [
    { name = "jmespath" },
    { name = "python-dateutil" },
    { name = "urllib3" },
]
sdist = { url = "https://files.pythonhosted.org/packages/a5/4a/cf22a677045a02cf769d8126ce25572695508e4bd5d7f6fe984dc5d23c76/botocore-1.37.19.tar.gz", hash = "sha256:eadcdc37de09df25cf1e62e8106660c61f60a68e984acfc1a8d43fb6267e53b8", size = 13667634 }
wheels = [
    { url = "https://files.pythonhosted.org/packages/b4/10/f2482186a83deb8fc45cf46e5455e501e0b2db9565251e66998a80b89aaf/botocore-1.37.19-py3-none-any.whl", hash = "sha256:6e1337e73a6b8146c1ec20a6a72d67e2809bd4c0af076431fe6e1561e0c89415", size = 13429649 },
]

[[package]]
name = "botocore-stubs"
version = "1.37.19"
source = { registry = "https://pypi.org/simple" }
dependencies = [
    { name = "types-awscrt" },
]
sdist = { url = "https://files.pythonhosted.org/packages/81/61/2c6409106fed6cbbcf5669b4bde1650bb24fee453a52f1b4373adda40053/botocore_stubs-1.37.19.tar.gz", hash = "sha256:d8fcf941d10ff9af71cf7a4bda4b2e4f458d780f7c691f93811a130d636963f1", size = 42126 }
wheels = [
    { url = "https://files.pythonhosted.org/packages/e9/ee/7d3c8f53858f744499b2be2cbe7c29976ea0629489781e32ac9471232a09/botocore_stubs-1.37.19-py3-none-any.whl", hash = "sha256:c33db42760989cd3c3bfc57dc676445c0b644bfb60d2c0ef409ab7e051445f63", size = 65423 },
]

[[package]]
name = "error-alerter"
version = "1.0.0"
source = { virtual = "." }
dependencies = [
    { name = "boto3" },
]

[package.dev-dependencies]
dev = [
    { name = "boto3-stubs", extra = ["logs"] },
    { name = "ruff" },
    { name = "uv" },
]

[package.metadata]
requires-dist = [{ name = "boto3" }]

[package.metadata.requires-dev]
dev = [
    { name = "boto3-stubs", extras = ["logs"] },
    { name = "ruff" },
    { name = "uv" },
]

[[package]]
name = "jmespath"
version = "1.0.1"
source = { registry = "https://pypi.org/simple" }
sdist = { url = "https://files.pythonhosted.org/packages/00/2a/e867e8531cf3e36b41201936b7fa7ba7b5702dbef42922193f05c8976cd6/jmespath-1.0.1.tar.gz", hash = "sha256:90261b206d6defd58fdd5e85f478bf633a2901798906be2ad389150c5c60edbe", size = 25843 }
wheels = [
    { url = "https://files.pythonhosted.org/packages/31/b4/b9b800c45527aadd64d5b442f9b932b00648617eb5d63d2c7a6587b7cafc/jmespath-1.0.1-py3-none-any.whl", hash = "sha256:02e2e4cc71b5bcab88332eebf907519190dd9e6e82107fa7f83b1003a6252980", size = 20256 },
]

[[package]]
name = "mypy-boto3-logs"
version = "1.37.12"
source = { registry = "https://pypi.org/simple" }
sdist = { url = "https://files.pythonhosted.org/packages/4c/7c/e2296a0fc1649ccb24b5b235dd2f11649e5d8e280760765223892c8e055d/mypy_boto3_logs-1.37.12.tar.gz", hash = "sha256:184547a47deae4d06d3f36b93d18b9742d55bf09b66dc48ec4a9e70c79a9e2da", size = 45365 }
wheels = [
    { url = "https://files.pythonhosted.org/packages/6c/8b/fb22e12fa6538e13151edf1ac2e04b74470c5f5897bb39c8c21ccf911397/mypy_boto3_logs-1.37.12-py3-none-any.whl", hash = "sha256:7861bdde73fb41efa080deb66980727164d582293f49e2cfbc81da45710b459e", size = 51131 },
]

[[package]]
name = "python-dateutil"
version = "2.9.0.post0"
source = { registry = "https://pypi.org/simple" }
dependencies = [
    { name = "six" },
]
sdist = { url = "https://files.pythonhosted.org/packages/66/c0/0c8b6ad9f17a802ee498c46e004a0eb49bc148f2fd230864601a86dcf6db/python-dateutil-2.9.0.post0.tar.gz", hash = "sha256:37dd54208da7e1cd875388217d5e00ebd4179249f90fb72437e91a35459a0ad3", size = 342432 }
wheels = [
    { url = "https://files.pythonhosted.org/packages/ec/57/56b9bcc3c9c6a792fcbaf139543cee77261f3651ca9da0c93f5c1221264b/python_dateutil-2.9.0.post0-py2.py3-none-any.whl", hash = "sha256:a8b2bc7bffae282281c8140a97d3aa9c14da0b136dfe83f850eea9a5f7470427", size = 229892 },
]

[[package]]
name = "ruff"
version = "0.11.2"
source = { registry = "https://pypi.org/simple" }
sdist = { url = "https://files.pythonhosted.org/packages/90/61/fb87430f040e4e577e784e325351186976516faef17d6fcd921fe28edfd7/ruff-0.11.2.tar.gz", hash = "sha256:ec47591497d5a1050175bdf4e1a4e6272cddff7da88a2ad595e1e326041d8d94", size = 3857511 }
wheels = [
    { url = "https://files.pythonhosted.org/packages/62/99/102578506f0f5fa29fd7e0df0a273864f79af044757aef73d1cae0afe6ad/ruff-0.11.2-py3-none-linux_armv6l.whl", hash = "sha256:c69e20ea49e973f3afec2c06376eb56045709f0212615c1adb0eda35e8a4e477", size = 10113146 },
    { url = "https://files.pythonhosted.org/packages/74/ad/5cd4ba58ab602a579997a8494b96f10f316e874d7c435bcc1a92e6da1b12/ruff-0.11.2-py3-none-macosx_10_12_x86_64.whl", hash = "sha256:2c5424cc1c4eb1d8ecabe6d4f1b70470b4f24a0c0171356290b1953ad8f0e272", size = 10867092 },
    { url = "https://files.pythonhosted.org/packages/fc/3e/d3f13619e1d152c7b600a38c1a035e833e794c6625c9a6cea6f63dbf3af4/ruff-0.11.2-py3-none-macosx_11_0_arm64.whl", hash = "sha256:ecf20854cc73f42171eedb66f006a43d0a21bfb98a2523a809931cda569552d9", size = 10224082 },
    { url = "https://files.pythonhosted.org/packages/90/06/f77b3d790d24a93f38e3806216f263974909888fd1e826717c3ec956bbcd/ruff-0.11.2-py3-none-manylinux_2_17_aarch64.manylinux2014_aarch64.whl", hash = "sha256:0c543bf65d5d27240321604cee0633a70c6c25c9a2f2492efa9f6d4b8e4199bb", size = 10394818 },
    { url = "https://files.pythonhosted.org/packages/99/7f/78aa431d3ddebfc2418cd95b786642557ba8b3cb578c075239da9ce97ff9/ruff-0.11.2-py3-none-manylinux_2_17_armv7l.manylinux2014_armv7l.whl", hash = "sha256:20967168cc21195db5830b9224be0e964cc9c8ecf3b5a9e3ce19876e8d3a96e3", size = 9952251 },
    { url = "https://files.pythonhosted.org/packages/30/3e/f11186d1ddfaca438c3bbff73c6a2fdb5b60e6450cc466129c694b0ab7a2/ruff-0.11.2-py3-none-manylinux_2_17_i686.manylinux2014_i686.whl", hash = "sha256:955a9ce63483999d9f0b8f0b4a3ad669e53484232853054cc8b9d51ab4c5de74", size = 11563566 },
    { url = "https://files.pythonhosted.org/packages/22/6c/6ca91befbc0a6539ee133d9a9ce60b1a354db12c3c5d11cfdbf77140f851/ruff-0.11.2-py3-none-manylinux_2_17_ppc64.manylinux2014_ppc64.whl", hash = "sha256:86b3a27c38b8fce73bcd262b0de32e9a6801b76d52cdb3ae4c914515f0cef608", size = 12208721 },
    { url = "https://files.pythonhosted.org/packages/19/b0/24516a3b850d55b17c03fc399b681c6a549d06ce665915721dc5d6458a5c/ruff-0.11.2-py3-none-manylinux_2_17_ppc64le.manylinux2014_ppc64le.whl", hash = "sha256:a3b66a03b248c9fcd9d64d445bafdf1589326bee6fc5c8e92d7562e58883e30f", size = 11662274 },
    { url = "https://files.pythonhosted.org/packages/d7/65/76be06d28ecb7c6070280cef2bcb20c98fbf99ff60b1c57d2fb9b8771348/ruff-0.11.2-py3-none-manylinux_2_17_s390x.manylinux2014_s390x.whl", hash = "sha256:0397c2672db015be5aa3d4dac54c69aa012429097ff219392c018e21f5085147", size = 13792284 },
    { url = "https://files.pythonhosted.org/packages/ce/d2/4ceed7147e05852876f3b5f3fdc23f878ce2b7e0b90dd6e698bda3d20787/ruff-0.11.2-py3-none-manylinux_2_17_x86_64.manylinux2014_x86_64.whl", hash = "sha256:869bcf3f9abf6457fbe39b5a37333aa4eecc52a3b99c98827ccc371a8e5b6f1b", size = 11327861 },
    { url = "https://files.pythonhosted.org/packages/c4/78/4935ecba13706fd60ebe0e3dc50371f2bdc3d9bc80e68adc32ff93914534/ruff-0.11.2-py3-none-musllinux_1_2_aarch64.whl", hash = "sha256:2a2b50ca35457ba785cd8c93ebbe529467594087b527a08d487cf0ee7b3087e9", size = 10276560 },
    { url = "https://files.pythonhosted.org/packages/81/7f/1b2435c3f5245d410bb5dc80f13ec796454c21fbda12b77d7588d5cf4e29/ruff-0.11.2-py3-none-musllinux_1_2_armv7l.whl", hash = "sha256:7c69c74bf53ddcfbc22e6eb2f31211df7f65054bfc1f72288fc71e5f82db3eab", size = 9945091 },
    { url = "https://files.pythonhosted.org/packages/39/c4/692284c07e6bf2b31d82bb8c32f8840f9d0627d92983edaac991a2b66c0a/ruff-0.11.2-py3-none-musllinux_1_2_i686.whl", hash = "sha256:6e8fb75e14560f7cf53b15bbc55baf5ecbe373dd5f3aab96ff7aa7777edd7630", size = 10977133 },
    { url = "https://files.pythonhosted.org/packages/94/cf/8ab81cb7dd7a3b0a3960c2769825038f3adcd75faf46dd6376086df8b128/ruff-0.11.2-py3-none-musllinux_1_2_x86_64.whl", hash = "sha256:842a472d7b4d6f5924e9297aa38149e5dcb1e628773b70e6387ae2c97a63c58f", size = 11378514 },
    { url = "https://files.pythonhosted.org/packages/d9/3a/a647fa4f316482dacf2fd68e8a386327a33d6eabd8eb2f9a0c3d291ec549/ruff-0.11.2-py3-none-win32.whl", hash = "sha256:aca01ccd0eb5eb7156b324cfaa088586f06a86d9e5314b0eb330cb48415097cc", size = 10319835 },
    { url = "https://files.pythonhosted.org/packages/86/54/3c12d3af58012a5e2cd7ebdbe9983f4834af3f8cbea0e8a8c74fa1e23b2b/ruff-0.11.2-py3-none-win_amd64.whl", hash = "sha256:3170150172a8f994136c0c66f494edf199a0bbea7a409f649e4bc8f4d7084080", size = 11373713 },
    { url = "https://files.pythonhosted.org/packages/d6/d4/dd813703af8a1e2ac33bf3feb27e8a5ad514c9f219df80c64d69807e7f71/ruff-0.11.2-py3-none-win_arm64.whl", hash = "sha256:52933095158ff328f4c77af3d74f0379e34fd52f175144cefc1b192e7ccd32b4", size = 10441990 },
]

[[package]]
name = "s3transfer"
version = "0.11.4"
source = { registry = "https://pypi.org/simple" }
dependencies = [
    { name = "botocore" },
]
sdist = { url = "https://files.pythonhosted.org/packages/0f/ec/aa1a215e5c126fe5decbee2e107468f51d9ce190b9763cb649f76bb45938/s3transfer-0.11.4.tar.gz", hash = "sha256:559f161658e1cf0a911f45940552c696735f5c74e64362e515f333ebed87d679", size = 148419 }
wheels = [
    { url = "https://files.pythonhosted.org/packages/86/62/8d3fc3ec6640161a5649b2cddbbf2b9fa39c92541225b33f117c37c5a2eb/s3transfer-0.11.4-py3-none-any.whl", hash = "sha256:ac265fa68318763a03bf2dc4f39d5cbd6a9e178d81cc9483ad27da33637e320d", size = 84412 },
]

[[package]]
name = "six"
version = "1.17.0"
source = { registry = "https://pypi.org/simple" }
sdist = { url = "https://files.pythonhosted.org/packages/94/e7/b2c673351809dca68a0e064b6af791aa332cf192da575fd474ed7d6f16a2/six-1.17.0.tar.gz", hash = "sha256:ff70335d468e7eb6ec65b95b99d3a2836546063f63acc5171de367e834932a81", size = 34031 }
wheels = [
    { url = "https://files.pythonhosted.org/packages/b7/ce/149a00dd41f10bc29e5921b496af8b574d8413afcd5e30dfa0ed46c2cc5e/six-1.17.0-py2.py3-none-any.whl", hash = "sha256:4721f391ed90541fddacab5acf947aa0d3dc7d27b2e1e8eda2be8970586c3274", size = 11050 },
]

[[package]]
name = "types-awscrt"
version = "0.24.2"
source = { registry = "https://pypi.org/simple" }
sdist = { url = "https://files.pythonhosted.org/packages/28/2d/393ac8f215417bc532ef9451ba42f148ecedcd5ff91095d8640042ecae2c/types_awscrt-0.24.2.tar.gz", hash = "sha256:5826baf69ad5d29c76be49fc7df00222281fa31b14f99e9fb4492d71ec98fea5", size = 15441 }
wheels = [
    { url = "https://files.pythonhosted.org/packages/3f/33/e2b7dcb6acc3ba8e8191571c38d2d64fc0822e8fd53fff0f2736859abef6/types_awscrt-0.24.2-py3-none-any.whl", hash = "sha256:345ab84a4f75b26bfb816b249657855824a4f2d1ce5b58268c549f81fce6eccc", size = 19414 },
]

[[package]]
name = "types-s3transfer"
version = "0.11.4"
source = { registry = "https://pypi.org/simple" }
sdist = { url = "https://files.pythonhosted.org/packages/93/a9/440d8ba72a81bcf2cc5a56ef63f23b58ce93e7b9b62409697553bdcdd181/types_s3transfer-0.11.4.tar.gz", hash = "sha256:05fde593c84270f19fd053f0b1e08f5a057d7c5f036b9884e68fb8cd3041ac30", size = 14074 }
wheels = [
    { url = "https://files.pythonhosted.org/packages/d0/69/0b5ae42c3c33d31a32f7dcb9f35a3e327365360a6e4a2a7b491904bd38aa/types_s3transfer-0.11.4-py3-none-any.whl", hash = "sha256:2a76d92c07d4a3cb469e5343b2e7560e0b8078b2e03696a65407b8c44c861b61", size = 19516 },
]

[[package]]
name = "urllib3"
version = "2.3.0"
source = { registry = "https://pypi.org/simple" }
sdist = { url = "https://files.pythonhosted.org/packages/aa/63/e53da845320b757bf29ef6a9062f5c669fe997973f966045cb019c3f4b66/urllib3-2.3.0.tar.gz", hash = "sha256:f8c5449b3cf0861679ce7e0503c7b44b5ec981bec0d1d3795a07f1ba96f0204d", size = 307268 }
wheels = [
    { url = "https://files.pythonhosted.org/packages/c8/19/4ec628951a74043532ca2cf5d97b7b14863931476d117c471e8e2b1eb39f/urllib3-2.3.0-py3-none-any.whl", hash = "sha256:1cee9ad369867bfdbbb48b7dd50374c0967a0bb7710050facf0dd6911440e3df", size = 128369 },
]

[[package]]
name = "uv"
version = "0.6.9"
source = { registry = "https://pypi.org/simple" }
sdist = { url = "https://files.pythonhosted.org/packages/9f/c1/a60065b94012132ddc4259b1c66f074acdd369b920398e31e12a3d536672/uv-0.6.9.tar.gz", hash = "sha256:ab6b55d14450175e79a8a819fc2728bfb6adf289ce03ab312654091fa7f6101a", size = 3105137 }
wheels = [
    { url = "https://files.pythonhosted.org/packages/cd/2d/ce8bdeb7ef6fa2ed319ba8a0430b1a29abf731a266582df397e7df4dc8c3/uv-0.6.9-py3-none-linux_armv6l.whl", hash = "sha256:7932640314e4b3b7416a07ef553667e1f113d25a67690fa0e00f1be7f1c20385", size = 15821153 },
    { url = "https://files.pythonhosted.org/packages/cc/9e/6691e3a4c3fd759ec84f83d48cc00718cbb106d44e5f990cb986be1a4315/uv-0.6.9-py3-none-macosx_10_12_x86_64.whl", hash = "sha256:c742df7a174ce1e16192108a28658cd7292af63c34cb9a9d4b683d3678737fbb", size = 15909275 },
    { url = "https://files.pythonhosted.org/packages/9b/b5/e12a756e7f3d45011baaf871f54be86a8772319c328a5776127dee83cfaf/uv-0.6.9-py3-none-macosx_11_0_arm64.whl", hash = "sha256:8239c5e77dbce87211588f58f6d91ba30ceea03569baa2d3830860017e9dc13d", size = 14681194 },
    { url = "https://files.pythonhosted.org/packages/12/4d/206f57fcd5e6a48b43e4c7cec74f4aaa07fb01a47427d8b594361423fa2e/uv-0.6.9-py3-none-manylinux_2_17_aarch64.manylinux2014_aarch64.musllinux_1_1_aarch64.whl", hash = "sha256:4e1cf5e02e7b7ca7d3ae8681cdbca79fdb2bb1a005a2ecc0e3f4fcccc664403d", size = 15159160 },
    { url = "https://files.pythonhosted.org/packages/54/1f/7bd7b646e24487388e5fbd1894274c6c94d2a17e478f48960d2fa3663ebc/uv-0.6.9-py3-none-manylinux_2_17_armv7l.manylinux2014_armv7l.whl", hash = "sha256:e2351e8388fbe70c821aaa32da825a4ced91c42f4608a3833af606710e64a725", size = 15545806 },
    { url = "https://files.pythonhosted.org/packages/57/fe/143f66b08e95acfd4bc2b91b42665feeb04c242ae9998e0b328f548e5aec/uv-0.6.9-py3-none-manylinux_2_17_i686.manylinux2014_i686.whl", hash = "sha256:9285b2d6bee0cfd7baa70570478f3c60b33450fd50ccbe03343a7cc5d9880dd4", size = 16223578 },
    { url = "https://files.pythonhosted.org/packages/db/0a/53e8900d7a6dcc56a2f0ea534631c938b8dce8787b0e30094ec37ac1d1fd/uv-0.6.9-py3-none-manylinux_2_17_ppc64.manylinux2014_ppc64.whl", hash = "sha256:bd7534c0b78b3dcaf1ac394b181ee09040e95aeaa93f8c0701e495f98bbb7fe5", size = 17113603 },
    { url = "https://files.pythonhosted.org/packages/a4/5b/c29c244bdaacd52a625af4cdcf864ef3eef613b5b24a45f322888cd2e38f/uv-0.6.9-py3-none-manylinux_2_17_ppc64le.manylinux2014_ppc64le.whl", hash = "sha256:04cd4a9567bcf3b5ed7746aa59077e261eb0a61fe8bc46b05416ee33ea132a77", size = 16841499 },
    { url = "https://files.pythonhosted.org/packages/2b/83/6aad72ba535dfea21df39cdbadfcbc0a8ed18fe9e2eb5f4213dfc78d6d7a/uv-0.6.9-py3-none-manylinux_2_17_s390x.manylinux2014_s390x.whl", hash = "sha256:b40a75f854736d103207aa706569a561c4018eaeebf4474debb2f102d5c9097c", size = 20974369 },
    { url = "https://files.pythonhosted.org/packages/07/14/a32e6228535e6e84dc2dfe4409f19db6155f68e1e439a4e1f9b468c01ea2/uv-0.6.9-py3-none-manylinux_2_17_x86_64.manylinux2014_x86_64.whl", hash = "sha256:8e2db4fd0dc8aff8e7db1861022578f04c0b685d6cd9b81a0b1f7c2bcfa9947b", size = 16547994 },
    { url = "https://files.pythonhosted.org/packages/89/59/8c4dbfdd58e729e24132d9098adb9189cb53802c9f13a9d9f0f51d24c025/uv-0.6.9-py3-none-manylinux_2_28_aarch64.whl", hash = "sha256:e9973a4e86249c10a39c80bd8ca284b103a0408b639e31ef764e5eb670c30382", size = 15436250 },
    { url = "https://files.pythonhosted.org/packages/14/8f/3a63d5b00f132b71439d35f65da4cb11982dfaf40040f5f80a002eb9e842/uv-0.6.9-py3-none-musllinux_1_1_armv7l.whl", hash = "sha256:8112cac95281e3319a5b1320175e0a3c7d1d5be1f147a50e1f40d0bd3563c7f5", size = 15531999 },
    { url = "https://files.pythonhosted.org/packages/03/d7/0aa21108b001e253cd5ae30f4b4bce4a0a864e9624e23ec15b1af77cfb18/uv-0.6.9-py3-none-musllinux_1_1_i686.whl", hash = "sha256:915766098127cd47aa682907b3dbe3c5206de6655d014f05415b061c40270e37", size = 15785353 },
    { url = "https://files.pythonhosted.org/packages/e1/ee/82d02417a52b3a0faebd97fa01adbfe8d366021d6099827bfdbed83dcdea/uv-0.6.9-py3-none-musllinux_1_1_x86_64.whl", hash = "sha256:ccc990a05ca500d98a67fe70b48f342f7e5b2f4cc32433f39f7aa34117e20dc3", size = 16684473 },
    { url = "https://files.pythonhosted.org/packages/6f/2e/7f29d10b036ac383f5a3a6c2cc1508fcf2542113616de59fc2d82105cb20/uv-0.6.9-py3-none-win32.whl", hash = "sha256:c7bcd1312d066e4c8f85b450fc9879971733ef363ae9159bc24e832ad5e4a803", size = 15917694 },
    { url = "https://files.pythonhosted.org/packages/72/18/84ff5e0e940d18d7367fdd57bdba83ea131f1c3771f256faca1099e93690/uv-0.6.9-py3-none-win_amd64.whl", hash = "sha256:5d4e1b62c86c9e0d16973df3db1ce0d448ca69708bbecf0e79b629debb540a07", size = 17361024 },
    { url = "https://files.pythonhosted.org/packages/62/a5/2ceaa73eb299eefbcbf98323a4dba5eebf67510c722726acd6a284c2a4c9/uv-0.6.9-py3-none-win_arm64.whl", hash = "sha256:ffe6f6c8df7814b82cf9f6cc2cca0057e9bb3398b0538ecad3bf97664b1ffa99", size = 16101567 },
]
